
Microsoft Visual Studio Solution File, Format Version 12.00
# Visual Studio 15
VisualStudioVersion = 15.0.26430.16
MinimumVisualStudioVersion = 10.0.40219.1
Project("{00D1A9C2-B5F0-4AF3-8072-F6C62B433612}") = "Mattersphere_Subscriber", "Mattersphere_Subscriber\Mattersphere_Subscriber.sqlproj", "{B8C66519-C560-41D6-AEF4-A87056C6E496}"
EndProject
Global
	GlobalSection(SolutionConfigurationPlatforms) = preSolution
		Debug|Any CPU = Debug|Any CPU
		Release|Any CPU = Release|Any CPU
	EndGlobalSection
	GlobalSection(ProjectConfigurationPlatforms) = postSolution
		{B8C66519-C560-41D6-AEF4-A87056C6E496}.Debug|Any CPU.ActiveCfg = Debug|Any CPU
		{B8C66519-C560-41D6-AEF4-A87056C6E496}.Debug|Any CPU.Build.0 = Debug|Any CPU
		{B8C66519-C560-41D6-AEF4-A87056C6E496}.Debug|Any CPU.Deploy.0 = Debug|Any CPU
		{B8C66519-C560-41D6-AEF4-A87056C6E496}.Release|Any CPU.ActiveCfg = Release|Any CPU
		{B8C66519-C560-41D6-AEF4-A87056C6E496}.Release|Any CPU.Build.0 = Release|Any CPU
		{B8C66519-C560-41D6-AEF4-A87056C6E496}.Release|Any CPU.Deploy.0 = Release|Any CPU
	EndGlobalSection
	GlobalSection(SolutionProperties) = preSolution
		HideSolutionNode = FALSE
	EndGlobalSection
EndGlobal
