
Microsoft Visual Studio Solution File, Format Version 12.00
# Visual Studio Version 17
VisualStudioVersion = 17.9.34728.123
MinimumVisualStudioVersion = 10.0.40219.1
Project("{2150E333-8FDC-42A3-9474-1A3956D46DE8}") = "DatabaseProjects", "DatabaseProjects", "{C9976266-D38D-4FF4-AA2A-29DDC06A8CC5}"
EndProject
Project("{00D1A9C2-B5F0-4AF3-8072-F6C62B433612}") = "IndexMatterSphereDB", "DatabaseProjects\IndexMatterSphereDB\IndexMatterSphereDB.sqlproj", "{C2BB7227-9967-4E35-AF4B-20C848E71404}"
EndProject
Project("{2150E333-8FDC-42A3-9474-1A3956D46DE8}") = "IndexTool", "IndexTool", "{D53A9CB2-AC74-4E01-9E42-01BAA8531979}"
EndProject
Project("{FAE04EC0-301F-11D3-BF4B-00C04F79EFBC}") = "IndexToolService", "WindowsService1\IndexToolService.csproj", "{D30DA6D3-2D94-42A9-828F-3EC1A49D29CC}"
EndProject
Project("{FAE04EC0-301F-11D3-BF4B-00C04F79EFBC}") = "QueueReader", "QueueReader\QueueReader.csproj", "{6FDDC48C-8A63-494E-A0D6-9D2C130D03E5}"
EndProject
Project("{FAE04EC0-301F-11D3-BF4B-00C04F79EFBC}") = "Models", "Models\Models.csproj", "{3A9BCA52-1707-444D-B8DD-6109FD116936}"
EndProject
Project("{FAE04EC0-301F-11D3-BF4B-00C04F79EFBC}") = "XmlConverter", "XmlConverter\XmlConverter.csproj", "{84D4C3F8-6B4E-4E69-A2EE-B06B64943CA2}"
EndProject
Project("{FAE04EC0-301F-11D3-BF4B-00C04F79EFBC}") = "ElasticsearchProvider", "ElasticsearchProvider\ElasticsearchProvider.csproj", "{427CC8DB-681F-4488-9892-8647A4D7264F}"
EndProject
Project("{FAE04EC0-301F-11D3-BF4B-00C04F79EFBC}") = "DbProvider", "DbProvider\DbProvider.csproj", "{4A42D72D-7668-4BB2-9BC0-EAF0D00D6759}"
EndProject
Project("{FAE04EC0-301F-11D3-BF4B-00C04F79EFBC}") = "IndexingController", "IndexingController\IndexingController.csproj", "{FF5AF97F-C132-41AC-940A-E6D4E1EBE85C}"
EndProject
Project("{FAE04EC0-301F-11D3-BF4B-00C04F79EFBC}") = "FileStorageProvider", "FileStorageProvider\FileStorageProvider.csproj", "{C56C138D-9D40-491E-B1D7-264912464D64}"
EndProject
Project("{FAE04EC0-301F-11D3-BF4B-00C04F79EFBC}") = "DocumentReader", "DocumentReader\DocumentReader.csproj", "{C348603A-AFA4-4EDE-9C15-A8D778583A83}"
EndProject
Project("{2150E333-8FDC-42A3-9474-1A3956D46DE8}") = "Horizon", "Horizon", "{13BDD621-93AA-43BE-B799-92416C77F532}"
EndProject
Project("{FAE04EC0-301F-11D3-BF4B-00C04F79EFBC}") = "Horizon", "Horizon\Horizon.csproj", "{B68F0EC0-0556-498A-A064-9C385B73D0BA}"
EndProject
Project("{FAE04EC0-301F-11D3-BF4B-00C04F79EFBC}") = "Horizon.TestiFilter", "Horizon.TestiFilter\Horizon.TestiFilter.csproj", "{4619C086-692C-47A8-A735-8AE8BB323531}"
EndProject
Project("{FAE04EC0-301F-11D3-BF4B-00C04F79EFBC}") = "Horizon.DAL", "Horizon.DAL\Horizon.DAL.csproj", "{926B62DF-C391-4AAA-98F3-B0DED869F39E}"
EndProject
Project("{2150E333-8FDC-42A3-9474-1A3956D46DE8}") = "Common", "Common", "{4B0FD271-4717-451F-A862-534E568694D0}"
EndProject
Project("{FAE04EC0-301F-11D3-BF4B-00C04F79EFBC}") = "Common", "Common\Common.csproj", "{2852D7B1-B67B-48C1-B67C-D1331BC9F201}"
EndProject
Project("{FAE04EC0-301F-11D3-BF4B-00C04F79EFBC}") = "Horizon.Common", "Horizon.Common\Horizon.Common.csproj", "{721C2A4C-785A-4A2F-8974-19E02C59053F}"
EndProject
Project("{FAE04EC0-301F-11D3-BF4B-00C04F79EFBC}") = "ElasticsearchProvider.Tests", "ElasticsearchProvider.Tests\ElasticsearchProvider.Tests.csproj", "{2698227C-7BAD-4670-9C8F-B878560F6B86}"
EndProject
Project("{FAE04EC0-301F-11D3-BF4B-00C04F79EFBC}") = "OcrDocumentReader", "OcrDocumentReader\OcrDocumentReader.csproj", "{A09DEC08-B31B-42D7-ACC3-E05FB8D1BE1C}"
EndProject
Project("{B7DD6F7E-DEF8-4E67-B5B7-07EF123DB6F0}") = "HorizonInstaller", "HorizonInstaller\HorizonInstaller.wixproj", "{CB3A0D32-7261-442A-B4B2-CD9C443CD77E}"
EndProject
Project("{B7DD6F7E-DEF8-4E67-B5B7-07EF123DB6F0}") = "IndexToolInstaller", "IndexToolInstaller\IndexToolInstaller.wixproj", "{15EFEBDB-C702-4019-A0EB-C4B4DDA95D00}"
EndProject
Global
	GlobalSection(SolutionConfigurationPlatforms) = preSolution
		Debug|Any CPU = Debug|Any CPU
		Debug|ARM64 = Debug|ARM64
		Debug|x64 = Debug|x64
		Debug|x86 = Debug|x86
		Release|Any CPU = Release|Any CPU
		Release|ARM64 = Release|ARM64
		Release|x64 = Release|x64
		Release|x86 = Release|x86
	EndGlobalSection
	GlobalSection(ProjectConfigurationPlatforms) = postSolution
		{C2BB7227-9967-4E35-AF4B-20C848E71404}.Debug|Any CPU.ActiveCfg = Debug|Any CPU
		{C2BB7227-9967-4E35-AF4B-20C848E71404}.Debug|Any CPU.Build.0 = Debug|Any CPU
		{C2BB7227-9967-4E35-AF4B-20C848E71404}.Debug|Any CPU.Deploy.0 = Debug|Any CPU
		{C2BB7227-9967-4E35-AF4B-20C848E71404}.Debug|ARM64.ActiveCfg = Debug|Any CPU
		{C2BB7227-9967-4E35-AF4B-20C848E71404}.Debug|ARM64.Build.0 = Debug|Any CPU
		{C2BB7227-9967-4E35-AF4B-20C848E71404}.Debug|ARM64.Deploy.0 = Debug|Any CPU
		{C2BB7227-9967-4E35-AF4B-20C848E71404}.Debug|x64.ActiveCfg = Debug|Any CPU
		{C2BB7227-9967-4E35-AF4B-20C848E71404}.Debug|x64.Build.0 = Debug|Any CPU
		{C2BB7227-9967-4E35-AF4B-20C848E71404}.Debug|x64.Deploy.0 = Debug|Any CPU
		{C2BB7227-9967-4E35-AF4B-20C848E71404}.Debug|x86.ActiveCfg = Debug|Any CPU
		{C2BB7227-9967-4E35-AF4B-20C848E71404}.Debug|x86.Build.0 = Debug|Any CPU
		{C2BB7227-9967-4E35-AF4B-20C848E71404}.Debug|x86.Deploy.0 = Debug|Any CPU
		{C2BB7227-9967-4E35-AF4B-20C848E71404}.Release|Any CPU.ActiveCfg = Release|Any CPU
		{C2BB7227-9967-4E35-AF4B-20C848E71404}.Release|Any CPU.Build.0 = Release|Any CPU
		{C2BB7227-9967-4E35-AF4B-20C848E71404}.Release|Any CPU.Deploy.0 = Release|Any CPU
		{C2BB7227-9967-4E35-AF4B-20C848E71404}.Release|ARM64.ActiveCfg = Release|Any CPU
		{C2BB7227-9967-4E35-AF4B-20C848E71404}.Release|ARM64.Build.0 = Release|Any CPU
		{C2BB7227-9967-4E35-AF4B-20C848E71404}.Release|ARM64.Deploy.0 = Release|Any CPU
		{C2BB7227-9967-4E35-AF4B-20C848E71404}.Release|x64.ActiveCfg = Release|Any CPU
		{C2BB7227-9967-4E35-AF4B-20C848E71404}.Release|x64.Build.0 = Release|Any CPU
		{C2BB7227-9967-4E35-AF4B-20C848E71404}.Release|x64.Deploy.0 = Release|Any CPU
		{C2BB7227-9967-4E35-AF4B-20C848E71404}.Release|x86.ActiveCfg = Release|Any CPU
		{C2BB7227-9967-4E35-AF4B-20C848E71404}.Release|x86.Build.0 = Release|Any CPU
		{C2BB7227-9967-4E35-AF4B-20C848E71404}.Release|x86.Deploy.0 = Release|Any CPU
		{D30DA6D3-2D94-42A9-828F-3EC1A49D29CC}.Debug|Any CPU.ActiveCfg = Debug|Any CPU
		{D30DA6D3-2D94-42A9-828F-3EC1A49D29CC}.Debug|Any CPU.Build.0 = Debug|Any CPU
		{D30DA6D3-2D94-42A9-828F-3EC1A49D29CC}.Debug|ARM64.ActiveCfg = Debug|Any CPU
		{D30DA6D3-2D94-42A9-828F-3EC1A49D29CC}.Debug|ARM64.Build.0 = Debug|Any CPU
		{D30DA6D3-2D94-42A9-828F-3EC1A49D29CC}.Debug|x64.ActiveCfg = Debug|Any CPU
		{D30DA6D3-2D94-42A9-828F-3EC1A49D29CC}.Debug|x64.Build.0 = Debug|Any CPU
		{D30DA6D3-2D94-42A9-828F-3EC1A49D29CC}.Debug|x86.ActiveCfg = Debug|Any CPU
		{D30DA6D3-2D94-42A9-828F-3EC1A49D29CC}.Debug|x86.Build.0 = Debug|Any CPU
		{D30DA6D3-2D94-42A9-828F-3EC1A49D29CC}.Release|Any CPU.ActiveCfg = Release|Any CPU
		{D30DA6D3-2D94-42A9-828F-3EC1A49D29CC}.Release|Any CPU.Build.0 = Release|Any CPU
		{D30DA6D3-2D94-42A9-828F-3EC1A49D29CC}.Release|ARM64.ActiveCfg = Release|Any CPU
		{D30DA6D3-2D94-42A9-828F-3EC1A49D29CC}.Release|ARM64.Build.0 = Release|Any CPU
		{D30DA6D3-2D94-42A9-828F-3EC1A49D29CC}.Release|x64.ActiveCfg = Release|Any CPU
		{D30DA6D3-2D94-42A9-828F-3EC1A49D29CC}.Release|x64.Build.0 = Release|Any CPU
		{D30DA6D3-2D94-42A9-828F-3EC1A49D29CC}.Release|x86.ActiveCfg = Release|Any CPU
		{D30DA6D3-2D94-42A9-828F-3EC1A49D29CC}.Release|x86.Build.0 = Release|Any CPU
		{6FDDC48C-8A63-494E-A0D6-9D2C130D03E5}.Debug|Any CPU.ActiveCfg = Debug|Any CPU
		{6FDDC48C-8A63-494E-A0D6-9D2C130D03E5}.Debug|Any CPU.Build.0 = Debug|Any CPU
		{6FDDC48C-8A63-494E-A0D6-9D2C130D03E5}.Debug|ARM64.ActiveCfg = Debug|Any CPU
		{6FDDC48C-8A63-494E-A0D6-9D2C130D03E5}.Debug|ARM64.Build.0 = Debug|Any CPU
		{6FDDC48C-8A63-494E-A0D6-9D2C130D03E5}.Debug|x64.ActiveCfg = Debug|Any CPU
		{6FDDC48C-8A63-494E-A0D6-9D2C130D03E5}.Debug|x64.Build.0 = Debug|Any CPU
		{6FDDC48C-8A63-494E-A0D6-9D2C130D03E5}.Debug|x86.ActiveCfg = Debug|Any CPU
		{6FDDC48C-8A63-494E-A0D6-9D2C130D03E5}.Debug|x86.Build.0 = Debug|Any CPU
		{6FDDC48C-8A63-494E-A0D6-9D2C130D03E5}.Release|Any CPU.ActiveCfg = Release|Any CPU
		{6FDDC48C-8A63-494E-A0D6-9D2C130D03E5}.Release|Any CPU.Build.0 = Release|Any CPU
		{6FDDC48C-8A63-494E-A0D6-9D2C130D03E5}.Release|ARM64.ActiveCfg = Release|Any CPU
		{6FDDC48C-8A63-494E-A0D6-9D2C130D03E5}.Release|ARM64.Build.0 = Release|Any CPU
		{6FDDC48C-8A63-494E-A0D6-9D2C130D03E5}.Release|x64.ActiveCfg = Release|Any CPU
		{6FDDC48C-8A63-494E-A0D6-9D2C130D03E5}.Release|x64.Build.0 = Release|Any CPU
		{6FDDC48C-8A63-494E-A0D6-9D2C130D03E5}.Release|x86.ActiveCfg = Release|Any CPU
		{6FDDC48C-8A63-494E-A0D6-9D2C130D03E5}.Release|x86.Build.0 = Release|Any CPU
		{3A9BCA52-1707-444D-B8DD-6109FD116936}.Debug|Any CPU.ActiveCfg = Debug|Any CPU
		{3A9BCA52-1707-444D-B8DD-6109FD116936}.Debug|Any CPU.Build.0 = Debug|Any CPU
		{3A9BCA52-1707-444D-B8DD-6109FD116936}.Debug|ARM64.ActiveCfg = Debug|Any CPU
		{3A9BCA52-1707-444D-B8DD-6109FD116936}.Debug|ARM64.Build.0 = Debug|Any CPU
		{3A9BCA52-1707-444D-B8DD-6109FD116936}.Debug|x64.ActiveCfg = Debug|Any CPU
		{3A9BCA52-1707-444D-B8DD-6109FD116936}.Debug|x64.Build.0 = Debug|Any CPU
		{3A9BCA52-1707-444D-B8DD-6109FD116936}.Debug|x86.ActiveCfg = Debug|Any CPU
		{3A9BCA52-1707-444D-B8DD-6109FD116936}.Debug|x86.Build.0 = Debug|Any CPU
		{3A9BCA52-1707-444D-B8DD-6109FD116936}.Release|Any CPU.ActiveCfg = Release|Any CPU
		{3A9BCA52-1707-444D-B8DD-6109FD116936}.Release|Any CPU.Build.0 = Release|Any CPU
		{3A9BCA52-1707-444D-B8DD-6109FD116936}.Release|ARM64.ActiveCfg = Release|Any CPU
		{3A9BCA52-1707-444D-B8DD-6109FD116936}.Release|ARM64.Build.0 = Release|Any CPU
		{3A9BCA52-1707-444D-B8DD-6109FD116936}.Release|x64.ActiveCfg = Release|Any CPU
		{3A9BCA52-1707-444D-B8DD-6109FD116936}.Release|x64.Build.0 = Release|Any CPU
		{3A9BCA52-1707-444D-B8DD-6109FD116936}.Release|x86.ActiveCfg = Release|Any CPU
		{3A9BCA52-1707-444D-B8DD-6109FD116936}.Release|x86.Build.0 = Release|Any CPU
		{84D4C3F8-6B4E-4E69-A2EE-B06B64943CA2}.Debug|Any CPU.ActiveCfg = Debug|Any CPU
		{84D4C3F8-6B4E-4E69-A2EE-B06B64943CA2}.Debug|Any CPU.Build.0 = Debug|Any CPU
		{84D4C3F8-6B4E-4E69-A2EE-B06B64943CA2}.Debug|ARM64.ActiveCfg = Debug|Any CPU
		{84D4C3F8-6B4E-4E69-A2EE-B06B64943CA2}.Debug|ARM64.Build.0 = Debug|Any CPU
		{84D4C3F8-6B4E-4E69-A2EE-B06B64943CA2}.Debug|x64.ActiveCfg = Debug|Any CPU
		{84D4C3F8-6B4E-4E69-A2EE-B06B64943CA2}.Debug|x64.Build.0 = Debug|Any CPU
		{84D4C3F8-6B4E-4E69-A2EE-B06B64943CA2}.Debug|x86.ActiveCfg = Debug|Any CPU
		{84D4C3F8-6B4E-4E69-A2EE-B06B64943CA2}.Debug|x86.Build.0 = Debug|Any CPU
		{84D4C3F8-6B4E-4E69-A2EE-B06B64943CA2}.Release|Any CPU.ActiveCfg = Release|Any CPU
		{84D4C3F8-6B4E-4E69-A2EE-B06B64943CA2}.Release|Any CPU.Build.0 = Release|Any CPU
		{84D4C3F8-6B4E-4E69-A2EE-B06B64943CA2}.Release|ARM64.ActiveCfg = Release|Any CPU
		{84D4C3F8-6B4E-4E69-A2EE-B06B64943CA2}.Release|ARM64.Build.0 = Release|Any CPU
		{84D4C3F8-6B4E-4E69-A2EE-B06B64943CA2}.Release|x64.ActiveCfg = Release|Any CPU
		{84D4C3F8-6B4E-4E69-A2EE-B06B64943CA2}.Release|x64.Build.0 = Release|Any CPU
		{84D4C3F8-6B4E-4E69-A2EE-B06B64943CA2}.Release|x86.ActiveCfg = Release|Any CPU
		{84D4C3F8-6B4E-4E69-A2EE-B06B64943CA2}.Release|x86.Build.0 = Release|Any CPU
		{427CC8DB-681F-4488-9892-8647A4D7264F}.Debug|Any CPU.ActiveCfg = Debug|Any CPU
		{427CC8DB-681F-4488-9892-8647A4D7264F}.Debug|Any CPU.Build.0 = Debug|Any CPU
		{427CC8DB-681F-4488-9892-8647A4D7264F}.Debug|ARM64.ActiveCfg = Debug|Any CPU
		{427CC8DB-681F-4488-9892-8647A4D7264F}.Debug|ARM64.Build.0 = Debug|Any CPU
		{427CC8DB-681F-4488-9892-8647A4D7264F}.Debug|x64.ActiveCfg = Debug|Any CPU
		{427CC8DB-681F-4488-9892-8647A4D7264F}.Debug|x64.Build.0 = Debug|Any CPU
		{427CC8DB-681F-4488-9892-8647A4D7264F}.Debug|x86.ActiveCfg = Debug|Any CPU
		{427CC8DB-681F-4488-9892-8647A4D7264F}.Debug|x86.Build.0 = Debug|Any CPU
		{427CC8DB-681F-4488-9892-8647A4D7264F}.Release|Any CPU.ActiveCfg = Release|Any CPU
		{427CC8DB-681F-4488-9892-8647A4D7264F}.Release|Any CPU.Build.0 = Release|Any CPU
		{427CC8DB-681F-4488-9892-8647A4D7264F}.Release|ARM64.ActiveCfg = Release|Any CPU
		{427CC8DB-681F-4488-9892-8647A4D7264F}.Release|ARM64.Build.0 = Release|Any CPU
		{427CC8DB-681F-4488-9892-8647A4D7264F}.Release|x64.ActiveCfg = Release|Any CPU
		{427CC8DB-681F-4488-9892-8647A4D7264F}.Release|x64.Build.0 = Release|Any CPU
		{427CC8DB-681F-4488-9892-8647A4D7264F}.Release|x86.ActiveCfg = Release|Any CPU
		{427CC8DB-681F-4488-9892-8647A4D7264F}.Release|x86.Build.0 = Release|Any CPU
		{4A42D72D-7668-4BB2-9BC0-EAF0D00D6759}.Debug|Any CPU.ActiveCfg = Debug|Any CPU
		{4A42D72D-7668-4BB2-9BC0-EAF0D00D6759}.Debug|Any CPU.Build.0 = Debug|Any CPU
		{4A42D72D-7668-4BB2-9BC0-EAF0D00D6759}.Debug|ARM64.ActiveCfg = Debug|Any CPU
		{4A42D72D-7668-4BB2-9BC0-EAF0D00D6759}.Debug|ARM64.Build.0 = Debug|Any CPU
		{4A42D72D-7668-4BB2-9BC0-EAF0D00D6759}.Debug|x64.ActiveCfg = Debug|Any CPU
		{4A42D72D-7668-4BB2-9BC0-EAF0D00D6759}.Debug|x64.Build.0 = Debug|Any CPU
		{4A42D72D-7668-4BB2-9BC0-EAF0D00D6759}.Debug|x86.ActiveCfg = Debug|Any CPU
		{4A42D72D-7668-4BB2-9BC0-EAF0D00D6759}.Debug|x86.Build.0 = Debug|Any CPU
		{4A42D72D-7668-4BB2-9BC0-EAF0D00D6759}.Release|Any CPU.ActiveCfg = Release|Any CPU
		{4A42D72D-7668-4BB2-9BC0-EAF0D00D6759}.Release|Any CPU.Build.0 = Release|Any CPU
		{4A42D72D-7668-4BB2-9BC0-EAF0D00D6759}.Release|ARM64.ActiveCfg = Release|Any CPU
		{4A42D72D-7668-4BB2-9BC0-EAF0D00D6759}.Release|ARM64.Build.0 = Release|Any CPU
		{4A42D72D-7668-4BB2-9BC0-EAF0D00D6759}.Release|x64.ActiveCfg = Release|Any CPU
		{4A42D72D-7668-4BB2-9BC0-EAF0D00D6759}.Release|x64.Build.0 = Release|Any CPU
		{4A42D72D-7668-4BB2-9BC0-EAF0D00D6759}.Release|x86.ActiveCfg = Release|Any CPU
		{4A42D72D-7668-4BB2-9BC0-EAF0D00D6759}.Release|x86.Build.0 = Release|Any CPU
		{FF5AF97F-C132-41AC-940A-E6D4E1EBE85C}.Debug|Any CPU.ActiveCfg = Debug|Any CPU
		{FF5AF97F-C132-41AC-940A-E6D4E1EBE85C}.Debug|Any CPU.Build.0 = Debug|Any CPU
		{FF5AF97F-C132-41AC-940A-E6D4E1EBE85C}.Debug|ARM64.ActiveCfg = Debug|Any CPU
		{FF5AF97F-C132-41AC-940A-E6D4E1EBE85C}.Debug|ARM64.Build.0 = Debug|Any CPU
		{FF5AF97F-C132-41AC-940A-E6D4E1EBE85C}.Debug|x64.ActiveCfg = Debug|Any CPU
		{FF5AF97F-C132-41AC-940A-E6D4E1EBE85C}.Debug|x64.Build.0 = Debug|Any CPU
		{FF5AF97F-C132-41AC-940A-E6D4E1EBE85C}.Debug|x86.ActiveCfg = Debug|Any CPU
		{FF5AF97F-C132-41AC-940A-E6D4E1EBE85C}.Debug|x86.Build.0 = Debug|Any CPU
		{FF5AF97F-C132-41AC-940A-E6D4E1EBE85C}.Release|Any CPU.ActiveCfg = Release|Any CPU
		{FF5AF97F-C132-41AC-940A-E6D4E1EBE85C}.Release|Any CPU.Build.0 = Release|Any CPU
		{FF5AF97F-C132-41AC-940A-E6D4E1EBE85C}.Release|ARM64.ActiveCfg = Release|Any CPU
		{FF5AF97F-C132-41AC-940A-E6D4E1EBE85C}.Release|ARM64.Build.0 = Release|Any CPU
		{FF5AF97F-C132-41AC-940A-E6D4E1EBE85C}.Release|x64.ActiveCfg = Release|Any CPU
		{FF5AF97F-C132-41AC-940A-E6D4E1EBE85C}.Release|x64.Build.0 = Release|Any CPU
		{FF5AF97F-C132-41AC-940A-E6D4E1EBE85C}.Release|x86.ActiveCfg = Release|Any CPU
		{FF5AF97F-C132-41AC-940A-E6D4E1EBE85C}.Release|x86.Build.0 = Release|Any CPU
		{C56C138D-9D40-491E-B1D7-264912464D64}.Debug|Any CPU.ActiveCfg = Debug|Any CPU
		{C56C138D-9D40-491E-B1D7-264912464D64}.Debug|Any CPU.Build.0 = Debug|Any CPU
		{C56C138D-9D40-491E-B1D7-264912464D64}.Debug|ARM64.ActiveCfg = Debug|Any CPU
		{C56C138D-9D40-491E-B1D7-264912464D64}.Debug|ARM64.Build.0 = Debug|Any CPU
		{C56C138D-9D40-491E-B1D7-264912464D64}.Debug|x64.ActiveCfg = Debug|Any CPU
		{C56C138D-9D40-491E-B1D7-264912464D64}.Debug|x64.Build.0 = Debug|Any CPU
		{C56C138D-9D40-491E-B1D7-264912464D64}.Debug|x86.ActiveCfg = Debug|Any CPU
		{C56C138D-9D40-491E-B1D7-264912464D64}.Debug|x86.Build.0 = Debug|Any CPU
		{C56C138D-9D40-491E-B1D7-264912464D64}.Release|Any CPU.ActiveCfg = Release|Any CPU
		{C56C138D-9D40-491E-B1D7-264912464D64}.Release|Any CPU.Build.0 = Release|Any CPU
		{C56C138D-9D40-491E-B1D7-264912464D64}.Release|ARM64.ActiveCfg = Release|Any CPU
		{C56C138D-9D40-491E-B1D7-264912464D64}.Release|ARM64.Build.0 = Release|Any CPU
		{C56C138D-9D40-491E-B1D7-264912464D64}.Release|x64.ActiveCfg = Release|Any CPU
		{C56C138D-9D40-491E-B1D7-264912464D64}.Release|x64.Build.0 = Release|Any CPU
		{C56C138D-9D40-491E-B1D7-264912464D64}.Release|x86.ActiveCfg = Release|Any CPU
		{C56C138D-9D40-491E-B1D7-264912464D64}.Release|x86.Build.0 = Release|Any CPU
		{C348603A-AFA4-4EDE-9C15-A8D778583A83}.Debug|Any CPU.ActiveCfg = Debug|Any CPU
		{C348603A-AFA4-4EDE-9C15-A8D778583A83}.Debug|Any CPU.Build.0 = Debug|Any CPU
		{C348603A-AFA4-4EDE-9C15-A8D778583A83}.Debug|ARM64.ActiveCfg = Debug|Any CPU
		{C348603A-AFA4-4EDE-9C15-A8D778583A83}.Debug|ARM64.Build.0 = Debug|Any CPU
		{C348603A-AFA4-4EDE-9C15-A8D778583A83}.Debug|x64.ActiveCfg = Debug|Any CPU
		{C348603A-AFA4-4EDE-9C15-A8D778583A83}.Debug|x64.Build.0 = Debug|Any CPU
		{C348603A-AFA4-4EDE-9C15-A8D778583A83}.Debug|x86.ActiveCfg = Debug|Any CPU
		{C348603A-AFA4-4EDE-9C15-A8D778583A83}.Debug|x86.Build.0 = Debug|Any CPU
		{C348603A-AFA4-4EDE-9C15-A8D778583A83}.Release|Any CPU.ActiveCfg = Release|Any CPU
		{C348603A-AFA4-4EDE-9C15-A8D778583A83}.Release|Any CPU.Build.0 = Release|Any CPU
		{C348603A-AFA4-4EDE-9C15-A8D778583A83}.Release|ARM64.ActiveCfg = Release|Any CPU
		{C348603A-AFA4-4EDE-9C15-A8D778583A83}.Release|ARM64.Build.0 = Release|Any CPU
		{C348603A-AFA4-4EDE-9C15-A8D778583A83}.Release|x64.ActiveCfg = Release|Any CPU
		{C348603A-AFA4-4EDE-9C15-A8D778583A83}.Release|x64.Build.0 = Release|Any CPU
		{C348603A-AFA4-4EDE-9C15-A8D778583A83}.Release|x86.ActiveCfg = Release|Any CPU
		{C348603A-AFA4-4EDE-9C15-A8D778583A83}.Release|x86.Build.0 = Release|Any CPU
		{B68F0EC0-0556-498A-A064-9C385B73D0BA}.Debug|Any CPU.ActiveCfg = Debug|Any CPU
		{B68F0EC0-0556-498A-A064-9C385B73D0BA}.Debug|Any CPU.Build.0 = Debug|Any CPU
		{B68F0EC0-0556-498A-A064-9C385B73D0BA}.Debug|ARM64.ActiveCfg = Debug|Any CPU
		{B68F0EC0-0556-498A-A064-9C385B73D0BA}.Debug|ARM64.Build.0 = Debug|Any CPU
		{B68F0EC0-0556-498A-A064-9C385B73D0BA}.Debug|x64.ActiveCfg = Debug|Any CPU
		{B68F0EC0-0556-498A-A064-9C385B73D0BA}.Debug|x64.Build.0 = Debug|Any CPU
		{B68F0EC0-0556-498A-A064-9C385B73D0BA}.Debug|x86.ActiveCfg = Debug|Any CPU
		{B68F0EC0-0556-498A-A064-9C385B73D0BA}.Debug|x86.Build.0 = Debug|Any CPU
		{B68F0EC0-0556-498A-A064-9C385B73D0BA}.Release|Any CPU.ActiveCfg = Release|Any CPU
		{B68F0EC0-0556-498A-A064-9C385B73D0BA}.Release|Any CPU.Build.0 = Release|Any CPU
		{B68F0EC0-0556-498A-A064-9C385B73D0BA}.Release|ARM64.ActiveCfg = Release|Any CPU
		{B68F0EC0-0556-498A-A064-9C385B73D0BA}.Release|ARM64.Build.0 = Release|Any CPU
		{B68F0EC0-0556-498A-A064-9C385B73D0BA}.Release|x64.ActiveCfg = Release|Any CPU
		{B68F0EC0-0556-498A-A064-9C385B73D0BA}.Release|x64.Build.0 = Release|Any CPU
		{B68F0EC0-0556-498A-A064-9C385B73D0BA}.Release|x86.ActiveCfg = Release|Any CPU
		{B68F0EC0-0556-498A-A064-9C385B73D0BA}.Release|x86.Build.0 = Release|Any CPU
		{4619C086-692C-47A8-A735-8AE8BB323531}.Debug|Any CPU.ActiveCfg = Debug|Any CPU
		{4619C086-692C-47A8-A735-8AE8BB323531}.Debug|Any CPU.Build.0 = Debug|Any CPU
		{4619C086-692C-47A8-A735-8AE8BB323531}.Debug|ARM64.ActiveCfg = Debug|Any CPU
		{4619C086-692C-47A8-A735-8AE8BB323531}.Debug|ARM64.Build.0 = Debug|Any CPU
		{4619C086-692C-47A8-A735-8AE8BB323531}.Debug|x64.ActiveCfg = Debug|Any CPU
		{4619C086-692C-47A8-A735-8AE8BB323531}.Debug|x64.Build.0 = Debug|Any CPU
		{4619C086-692C-47A8-A735-8AE8BB323531}.Debug|x86.ActiveCfg = Debug|Any CPU
		{4619C086-692C-47A8-A735-8AE8BB323531}.Debug|x86.Build.0 = Debug|Any CPU
		{4619C086-692C-47A8-A735-8AE8BB323531}.Release|Any CPU.ActiveCfg = Release|Any CPU
		{4619C086-692C-47A8-A735-8AE8BB323531}.Release|Any CPU.Build.0 = Release|Any CPU
		{4619C086-692C-47A8-A735-8AE8BB323531}.Release|ARM64.ActiveCfg = Release|Any CPU
		{4619C086-692C-47A8-A735-8AE8BB323531}.Release|ARM64.Build.0 = Release|Any CPU
		{4619C086-692C-47A8-A735-8AE8BB323531}.Release|x64.ActiveCfg = Release|Any CPU
		{4619C086-692C-47A8-A735-8AE8BB323531}.Release|x64.Build.0 = Release|Any CPU
		{4619C086-692C-47A8-A735-8AE8BB323531}.Release|x86.ActiveCfg = Release|Any CPU
		{4619C086-692C-47A8-A735-8AE8BB323531}.Release|x86.Build.0 = Release|Any CPU
		{926B62DF-C391-4AAA-98F3-B0DED869F39E}.Debug|Any CPU.ActiveCfg = Debug|Any CPU
		{926B62DF-C391-4AAA-98F3-B0DED869F39E}.Debug|Any CPU.Build.0 = Debug|Any CPU
		{926B62DF-C391-4AAA-98F3-B0DED869F39E}.Debug|ARM64.ActiveCfg = Debug|Any CPU
		{926B62DF-C391-4AAA-98F3-B0DED869F39E}.Debug|ARM64.Build.0 = Debug|Any CPU
		{926B62DF-C391-4AAA-98F3-B0DED869F39E}.Debug|x64.ActiveCfg = Debug|Any CPU
		{926B62DF-C391-4AAA-98F3-B0DED869F39E}.Debug|x64.Build.0 = Debug|Any CPU
		{926B62DF-C391-4AAA-98F3-B0DED869F39E}.Debug|x86.ActiveCfg = Debug|Any CPU
		{926B62DF-C391-4AAA-98F3-B0DED869F39E}.Debug|x86.Build.0 = Debug|Any CPU
		{926B62DF-C391-4AAA-98F3-B0DED869F39E}.Release|Any CPU.ActiveCfg = Release|Any CPU
		{926B62DF-C391-4AAA-98F3-B0DED869F39E}.Release|Any CPU.Build.0 = Release|Any CPU
		{926B62DF-C391-4AAA-98F3-B0DED869F39E}.Release|ARM64.ActiveCfg = Release|Any CPU
		{926B62DF-C391-4AAA-98F3-B0DED869F39E}.Release|ARM64.Build.0 = Release|Any CPU
		{926B62DF-C391-4AAA-98F3-B0DED869F39E}.Release|x64.ActiveCfg = Release|Any CPU
		{926B62DF-C391-4AAA-98F3-B0DED869F39E}.Release|x64.Build.0 = Release|Any CPU
		{926B62DF-C391-4AAA-98F3-B0DED869F39E}.Release|x86.ActiveCfg = Release|Any CPU
		{926B62DF-C391-4AAA-98F3-B0DED869F39E}.Release|x86.Build.0 = Release|Any CPU
		{2852D7B1-B67B-48C1-B67C-D1331BC9F201}.Debug|Any CPU.ActiveCfg = Debug|Any CPU
		{2852D7B1-B67B-48C1-B67C-D1331BC9F201}.Debug|Any CPU.Build.0 = Debug|Any CPU
		{2852D7B1-B67B-48C1-B67C-D1331BC9F201}.Debug|ARM64.ActiveCfg = Debug|Any CPU
		{2852D7B1-B67B-48C1-B67C-D1331BC9F201}.Debug|ARM64.Build.0 = Debug|Any CPU
		{2852D7B1-B67B-48C1-B67C-D1331BC9F201}.Debug|x64.ActiveCfg = Debug|Any CPU
		{2852D7B1-B67B-48C1-B67C-D1331BC9F201}.Debug|x64.Build.0 = Debug|Any CPU
		{2852D7B1-B67B-48C1-B67C-D1331BC9F201}.Debug|x86.ActiveCfg = Debug|Any CPU
		{2852D7B1-B67B-48C1-B67C-D1331BC9F201}.Debug|x86.Build.0 = Debug|Any CPU
		{2852D7B1-B67B-48C1-B67C-D1331BC9F201}.Release|Any CPU.ActiveCfg = Release|Any CPU
		{2852D7B1-B67B-48C1-B67C-D1331BC9F201}.Release|Any CPU.Build.0 = Release|Any CPU
		{2852D7B1-B67B-48C1-B67C-D1331BC9F201}.Release|ARM64.ActiveCfg = Release|Any CPU
		{2852D7B1-B67B-48C1-B67C-D1331BC9F201}.Release|ARM64.Build.0 = Release|Any CPU
		{2852D7B1-B67B-48C1-B67C-D1331BC9F201}.Release|x64.ActiveCfg = Release|Any CPU
		{2852D7B1-B67B-48C1-B67C-D1331BC9F201}.Release|x64.Build.0 = Release|Any CPU
		{2852D7B1-B67B-48C1-B67C-D1331BC9F201}.Release|x86.ActiveCfg = Release|Any CPU
		{2852D7B1-B67B-48C1-B67C-D1331BC9F201}.Release|x86.Build.0 = Release|Any CPU
		{721C2A4C-785A-4A2F-8974-19E02C59053F}.Debug|Any CPU.ActiveCfg = Debug|Any CPU
		{721C2A4C-785A-4A2F-8974-19E02C59053F}.Debug|Any CPU.Build.0 = Debug|Any CPU
		{721C2A4C-785A-4A2F-8974-19E02C59053F}.Debug|ARM64.ActiveCfg = Debug|Any CPU
		{721C2A4C-785A-4A2F-8974-19E02C59053F}.Debug|ARM64.Build.0 = Debug|Any CPU
		{721C2A4C-785A-4A2F-8974-19E02C59053F}.Debug|x64.ActiveCfg = Debug|Any CPU
		{721C2A4C-785A-4A2F-8974-19E02C59053F}.Debug|x64.Build.0 = Debug|Any CPU
		{721C2A4C-785A-4A2F-8974-19E02C59053F}.Debug|x86.ActiveCfg = Debug|Any CPU
		{721C2A4C-785A-4A2F-8974-19E02C59053F}.Debug|x86.Build.0 = Debug|Any CPU
		{721C2A4C-785A-4A2F-8974-19E02C59053F}.Release|Any CPU.ActiveCfg = Release|Any CPU
		{721C2A4C-785A-4A2F-8974-19E02C59053F}.Release|Any CPU.Build.0 = Release|Any CPU
		{721C2A4C-785A-4A2F-8974-19E02C59053F}.Release|ARM64.ActiveCfg = Release|Any CPU
		{721C2A4C-785A-4A2F-8974-19E02C59053F}.Release|ARM64.Build.0 = Release|Any CPU
		{721C2A4C-785A-4A2F-8974-19E02C59053F}.Release|x64.ActiveCfg = Release|Any CPU
		{721C2A4C-785A-4A2F-8974-19E02C59053F}.Release|x64.Build.0 = Release|Any CPU
		{721C2A4C-785A-4A2F-8974-19E02C59053F}.Release|x86.ActiveCfg = Release|Any CPU
		{721C2A4C-785A-4A2F-8974-19E02C59053F}.Release|x86.Build.0 = Release|Any CPU
		{2698227C-7BAD-4670-9C8F-B878560F6B86}.Debug|Any CPU.ActiveCfg = Debug|Any CPU
		{2698227C-7BAD-4670-9C8F-B878560F6B86}.Debug|Any CPU.Build.0 = Debug|Any CPU
		{2698227C-7BAD-4670-9C8F-B878560F6B86}.Debug|ARM64.ActiveCfg = Debug|Any CPU
		{2698227C-7BAD-4670-9C8F-B878560F6B86}.Debug|ARM64.Build.0 = Debug|Any CPU
		{2698227C-7BAD-4670-9C8F-B878560F6B86}.Debug|x64.ActiveCfg = Debug|Any CPU
		{2698227C-7BAD-4670-9C8F-B878560F6B86}.Debug|x64.Build.0 = Debug|Any CPU
		{2698227C-7BAD-4670-9C8F-B878560F6B86}.Debug|x86.ActiveCfg = Debug|Any CPU
		{2698227C-7BAD-4670-9C8F-B878560F6B86}.Debug|x86.Build.0 = Debug|Any CPU
		{2698227C-7BAD-4670-9C8F-B878560F6B86}.Release|Any CPU.ActiveCfg = Release|Any CPU
		{2698227C-7BAD-4670-9C8F-B878560F6B86}.Release|Any CPU.Build.0 = Release|Any CPU
		{2698227C-7BAD-4670-9C8F-B878560F6B86}.Release|ARM64.ActiveCfg = Release|Any CPU
		{2698227C-7BAD-4670-9C8F-B878560F6B86}.Release|ARM64.Build.0 = Release|Any CPU
		{2698227C-7BAD-4670-9C8F-B878560F6B86}.Release|x64.ActiveCfg = Release|Any CPU
		{2698227C-7BAD-4670-9C8F-B878560F6B86}.Release|x64.Build.0 = Release|Any CPU
		{2698227C-7BAD-4670-9C8F-B878560F6B86}.Release|x86.ActiveCfg = Release|Any CPU
		{2698227C-7BAD-4670-9C8F-B878560F6B86}.Release|x86.Build.0 = Release|Any CPU
		{A09DEC08-B31B-42D7-ACC3-E05FB8D1BE1C}.Debug|Any CPU.ActiveCfg = Debug|x64
		{A09DEC08-B31B-42D7-ACC3-E05FB8D1BE1C}.Debug|Any CPU.Build.0 = Debug|x64
		{A09DEC08-B31B-42D7-ACC3-E05FB8D1BE1C}.Debug|ARM64.ActiveCfg = Debug|Any CPU
		{A09DEC08-B31B-42D7-ACC3-E05FB8D1BE1C}.Debug|ARM64.Build.0 = Debug|Any CPU
		{A09DEC08-B31B-42D7-ACC3-E05FB8D1BE1C}.Debug|x64.ActiveCfg = Debug|x64
		{A09DEC08-B31B-42D7-ACC3-E05FB8D1BE1C}.Debug|x64.Build.0 = Debug|x64
		{A09DEC08-B31B-42D7-ACC3-E05FB8D1BE1C}.Debug|x86.ActiveCfg = Debug|Any CPU
		{A09DEC08-B31B-42D7-ACC3-E05FB8D1BE1C}.Debug|x86.Build.0 = Debug|Any CPU
		{A09DEC08-B31B-42D7-ACC3-E05FB8D1BE1C}.Release|Any CPU.ActiveCfg = Release|x64
		{A09DEC08-B31B-42D7-ACC3-E05FB8D1BE1C}.Release|Any CPU.Build.0 = Release|x64
		{A09DEC08-B31B-42D7-ACC3-E05FB8D1BE1C}.Release|ARM64.ActiveCfg = Release|Any CPU
		{A09DEC08-B31B-42D7-ACC3-E05FB8D1BE1C}.Release|ARM64.Build.0 = Release|Any CPU
		{A09DEC08-B31B-42D7-ACC3-E05FB8D1BE1C}.Release|x64.ActiveCfg = Release|x64
		{A09DEC08-B31B-42D7-ACC3-E05FB8D1BE1C}.Release|x64.Build.0 = Release|x64
		{A09DEC08-B31B-42D7-ACC3-E05FB8D1BE1C}.Release|x86.ActiveCfg = Release|Any CPU
		{A09DEC08-B31B-42D7-ACC3-E05FB8D1BE1C}.Release|x86.Build.0 = Release|Any CPU
		{CB3A0D32-7261-442A-B4B2-CD9C443CD77E}.Debug|Any CPU.ActiveCfg = Debug|x64
		{CB3A0D32-7261-442A-B4B2-CD9C443CD77E}.Debug|ARM64.ActiveCfg = Debug|ARM64
		{CB3A0D32-7261-442A-B4B2-CD9C443CD77E}.Debug|ARM64.Build.0 = Debug|ARM64
		{CB3A0D32-7261-442A-B4B2-CD9C443CD77E}.Debug|x64.ActiveCfg = Debug|x64
		{CB3A0D32-7261-442A-B4B2-CD9C443CD77E}.Debug|x64.Build.0 = Debug|x64
		{CB3A0D32-7261-442A-B4B2-CD9C443CD77E}.Debug|x86.ActiveCfg = Debug|x86
		{CB3A0D32-7261-442A-B4B2-CD9C443CD77E}.Debug|x86.Build.0 = Debug|x86
		{CB3A0D32-7261-442A-B4B2-CD9C443CD77E}.Release|Any CPU.ActiveCfg = Release|x64
		{CB3A0D32-7261-442A-B4B2-CD9C443CD77E}.Release|Any CPU.Build.0 = Release|x64
		{CB3A0D32-7261-442A-B4B2-CD9C443CD77E}.Release|ARM64.ActiveCfg = Release|ARM64
		{CB3A0D32-7261-442A-B4B2-CD9C443CD77E}.Release|ARM64.Build.0 = Release|ARM64
		{CB3A0D32-7261-442A-B4B2-CD9C443CD77E}.Release|x64.ActiveCfg = Release|x64
		{CB3A0D32-7261-442A-B4B2-CD9C443CD77E}.Release|x64.Build.0 = Release|x64
		{CB3A0D32-7261-442A-B4B2-CD9C443CD77E}.Release|x86.ActiveCfg = Release|x86
		{CB3A0D32-7261-442A-B4B2-CD9C443CD77E}.Release|x86.Build.0 = Release|x86
		{15EFEBDB-C702-4019-A0EB-C4B4DDA95D00}.Debug|Any CPU.ActiveCfg = Debug|x64
		{15EFEBDB-C702-4019-A0EB-C4B4DDA95D00}.Debug|Any CPU.Build.0 = Debug|x64
		{15EFEBDB-C702-4019-A0EB-C4B4DDA95D00}.Debug|ARM64.ActiveCfg = Debug|ARM64
		{15EFEBDB-C702-4019-A0EB-C4B4DDA95D00}.Debug|ARM64.Build.0 = Debug|ARM64
		{15EFEBDB-C702-4019-A0EB-C4B4DDA95D00}.Debug|x64.ActiveCfg = Debug|x64
		{15EFEBDB-C702-4019-A0EB-C4B4DDA95D00}.Debug|x64.Build.0 = Debug|x64
		{15EFEBDB-C702-4019-A0EB-C4B4DDA95D00}.Debug|x86.ActiveCfg = Debug|x86
		{15EFEBDB-C702-4019-A0EB-C4B4DDA95D00}.Debug|x86.Build.0 = Debug|x86
		{15EFEBDB-C702-4019-A0EB-C4B4DDA95D00}.Release|Any CPU.ActiveCfg = Release|x64
		{15EFEBDB-C702-4019-A0EB-C4B4DDA95D00}.Release|Any CPU.Build.0 = Release|x64
		{15EFEBDB-C702-4019-A0EB-C4B4DDA95D00}.Release|ARM64.ActiveCfg = Release|ARM64
		{15EFEBDB-C702-4019-A0EB-C4B4DDA95D00}.Release|ARM64.Build.0 = Release|ARM64
		{15EFEBDB-C702-4019-A0EB-C4B4DDA95D00}.Release|x64.ActiveCfg = Release|x64
		{15EFEBDB-C702-4019-A0EB-C4B4DDA95D00}.Release|x64.Build.0 = Release|x64
		{15EFEBDB-C702-4019-A0EB-C4B4DDA95D00}.Release|x86.ActiveCfg = Release|x86
		{15EFEBDB-C702-4019-A0EB-C4B4DDA95D00}.Release|x86.Build.0 = Release|x86
	EndGlobalSection
	GlobalSection(SolutionProperties) = preSolution
		HideSolutionNode = FALSE
	EndGlobalSection
	GlobalSection(NestedProjects) = preSolution
		{C2BB7227-9967-4E35-AF4B-20C848E71404} = {C9976266-D38D-4FF4-AA2A-29DDC06A8CC5}
		{D30DA6D3-2D94-42A9-828F-3EC1A49D29CC} = {D53A9CB2-AC74-4E01-9E42-01BAA8531979}
		{6FDDC48C-8A63-494E-A0D6-9D2C130D03E5} = {D53A9CB2-AC74-4E01-9E42-01BAA8531979}
		{3A9BCA52-1707-444D-B8DD-6109FD116936} = {D53A9CB2-AC74-4E01-9E42-01BAA8531979}
		{84D4C3F8-6B4E-4E69-A2EE-B06B64943CA2} = {D53A9CB2-AC74-4E01-9E42-01BAA8531979}
		{427CC8DB-681F-4488-9892-8647A4D7264F} = {D53A9CB2-AC74-4E01-9E42-01BAA8531979}
		{4A42D72D-7668-4BB2-9BC0-EAF0D00D6759} = {D53A9CB2-AC74-4E01-9E42-01BAA8531979}
		{FF5AF97F-C132-41AC-940A-E6D4E1EBE85C} = {D53A9CB2-AC74-4E01-9E42-01BAA8531979}
		{C56C138D-9D40-491E-B1D7-264912464D64} = {D53A9CB2-AC74-4E01-9E42-01BAA8531979}
		{C348603A-AFA4-4EDE-9C15-A8D778583A83} = {D53A9CB2-AC74-4E01-9E42-01BAA8531979}
		{B68F0EC0-0556-498A-A064-9C385B73D0BA} = {13BDD621-93AA-43BE-B799-92416C77F532}
		{4619C086-692C-47A8-A735-8AE8BB323531} = {13BDD621-93AA-43BE-B799-92416C77F532}
		{926B62DF-C391-4AAA-98F3-B0DED869F39E} = {13BDD621-93AA-43BE-B799-92416C77F532}
		{2852D7B1-B67B-48C1-B67C-D1331BC9F201} = {4B0FD271-4717-451F-A862-534E568694D0}
		{721C2A4C-785A-4A2F-8974-19E02C59053F} = {13BDD621-93AA-43BE-B799-92416C77F532}
		{2698227C-7BAD-4670-9C8F-B878560F6B86} = {D53A9CB2-AC74-4E01-9E42-01BAA8531979}
		{A09DEC08-B31B-42D7-ACC3-E05FB8D1BE1C} = {D53A9CB2-AC74-4E01-9E42-01BAA8531979}
		{CB3A0D32-7261-442A-B4B2-CD9C443CD77E} = {13BDD621-93AA-43BE-B799-92416C77F532}
		{15EFEBDB-C702-4019-A0EB-C4B4DDA95D00} = {D53A9CB2-AC74-4E01-9E42-01BAA8531979}
	EndGlobalSection
	GlobalSection(ExtensibilityGlobals) = postSolution
		SolutionGuid = {344BF440-C6A3-49A1-97B1-3D40FB097B14}
	EndGlobalSection
EndGlobal
