
Microsoft Visual Studio Solution File, Format Version 12.00
# Visual Studio Version 17
VisualStudioVersion = 17.9.34728.123
MinimumVisualStudioVersion = 10.0.40219.1
Project("{FAE04EC0-301F-11D3-BF4B-00C04F79EFBC}") = "MatterSphereIntegration", "Integration\MatterSphereIntegration.csproj", "{5954721B-9E31-4F23-A5C9-23C9EC54AEED}"
	ProjectSection(ProjectDependencies) = postProject
		{249BC08D-5364-40CF-983A-8580DDA5B00B} = {249BC08D-5364-40CF-983A-8580DDA5B00B}
		{4998E285-9BBB-4589-BC2D-56649563C765} = {4998E285-9BBB-4589-BC2D-56649563C765}
		{5260A7CD-2021-466D-B8D5-7994A382421F} = {5260A7CD-2021-466D-B8D5-7994A382421F}
		{78D7F7DC-33C4-4CF6-9976-9B3B227D993D} = {78D7F7DC-33C4-4CF6-9976-9B3B227D993D}
		{A6F114EF-E02E-41F6-B8B5-0FADDB0FE98E} = {A6F114EF-E02E-41F6-B8B5-0FADDB0FE98E}
		{B719E424-AD9C-4F95-A929-FC90EEF825A2} = {B719E424-AD9C-4F95-A929-FC90EEF825A2}
	EndProjectSection
EndProject
Project("{FAE04EC0-301F-11D3-BF4B-00C04F79EFBC}") = "Gateway", "Gateway\Gateway.csproj", "{3907E891-86AD-4884-A0A3-6B8D414B68B6}"
EndProject
Project("{FAE04EC0-301F-11D3-BF4B-00C04F79EFBC}") = "MatterSphereIntegrationTests", "MatterSphereIntegrationTests\MatterSphereIntegrationTests.csproj", "{F7948D04-7C4F-4136-B335-F1512334483A}"
EndProject
Project("{2150E333-8FDC-42A3-9474-1A3956D46DE8}") = "Core", "Core", "{71192FA4-8046-4CB3-8A2C-4ED9FAE441C5}"
EndProject
Project("{FAE04EC0-301F-11D3-BF4B-00C04F79EFBC}") = "Common", "..\..\Core\Fwbs.Common\Common.csproj", "{4998E285-9BBB-4589-BC2D-56649563C765}"
EndProject
Project("{FAE04EC0-301F-11D3-BF4B-00C04F79EFBC}") = "Common.Windows", "..\..\Core\Fwbs.Common.Windows.Controls\Common.Windows.csproj", "{B719E424-AD9C-4F95-A929-FC90EEF825A2}"
EndProject
Project("{FAE04EC0-301F-11D3-BF4B-00C04F79EFBC}") = "Data", "..\..\Core\Fwbs.Oms.Data\Data.csproj", "{A6F114EF-E02E-41F6-B8B5-0FADDB0FE98E}"
EndProject
Project("{FAE04EC0-301F-11D3-BF4B-00C04F79EFBC}") = "Business", "..\..\Core\Fwbs.Oms.Library\Business.csproj", "{249BC08D-5364-40CF-983A-8580DDA5B00B}"
EndProject
Project("{2150E333-8FDC-42A3-9474-1A3956D46DE8}") = "FWBS", "FWBS", "{9F059561-E23C-4BD3-9295-9545FF9DE6F8}"
EndProject
Project("{2150E333-8FDC-42A3-9474-1A3956D46DE8}") = "OMS", "OMS", "{5C88CBE1-B062-4552-8C0D-EEDF60B0A25D}"
EndProject
Project("{FAE04EC0-301F-11D3-BF4B-00C04F79EFBC}") = "Windows", "..\..\Core\Fwbs.Oms.Windows\Windows.csproj", "{78D7F7DC-33C4-4CF6-9976-9B3B227D993D}"
EndProject
Project("{FAE04EC0-301F-11D3-BF4B-00C04F79EFBC}") = "~Infrastructure", "..\..\Core\FWBS.OMS.Infrastructure\~Infrastructure.csproj", "{D7C427FF-A85A-4965-A595-8B9FB3051CBC}"
EndProject
Project("{FAE04EC0-301F-11D3-BF4B-00C04F79EFBC}") = "DocProps", "..\..\Core\Document Properties\Fwbs.Common.DocumentProperties\DocProps.csproj", "{1E179E43-3B81-47A2-974D-A0DE8733E057}"
EndProject
Project("{FAE04EC0-301F-11D3-BF4B-00C04F79EFBC}") = "ExternalAggregatorClient", "..\..\Core\ExternalAggregatorClient\ExternalAggregatorClient.csproj", "{A5DF5EB2-97FD-4531-8571-935A9D1E3F0D}"
EndProject
Project("{FAE04EC0-301F-11D3-BF4B-00C04F79EFBC}") = "Elasticsearch", "..\..\Core\Elasticsearch\Elasticsearch.csproj", "{8C11AFBA-5937-4B2B-A686-C1BFED362C4A}"
EndProject
Project("{FAE04EC0-301F-11D3-BF4B-00C04F79EFBC}") = "ResourceLookup", "..\..\Core\Fwbs.Oms.ResourceLookup\ResourceLookup.csproj", "{8A964108-B109-4578-A47A-046BA430E62E}"
EndProject
Project("{FAE04EC0-301F-11D3-BF4B-00C04F79EFBC}") = "DocumentPreviewer", "..\..\Core\Document Previewer\DocumentPreviewer\DocumentPreviewer.csproj", "{C08BFC43-9B17-4899-8DA5-A21B49F269BE}"
EndProject
Project("{FAE04EC0-301F-11D3-BF4B-00C04F79EFBC}") = "FWBS.DocumentPreviewer.Infrastructure", "..\..\Core\Document Previewer\FWBS.DocumentPreviewer.Infrastrucutre\FWBS.DocumentPreviewer.Infrastructure.csproj", "{A4C73A9D-AC1A-41E3-8508-1BDB5E0BCEAE}"
EndProject
Project("{FAE04EC0-301F-11D3-BF4B-00C04F79EFBC}") = "Fwbs.Oms.Addin.Security", "..\Security\Fwbs.Oms.Addin.Security\Fwbs.Oms.Addin.Security.csproj", "{5260A7CD-2021-466D-B8D5-7994A382421F}"
	ProjectSection(ProjectDependencies) = postProject
		{249BC08D-5364-40CF-983A-8580DDA5B00B} = {249BC08D-5364-40CF-983A-8580DDA5B00B}
		{4998E285-9BBB-4589-BC2D-56649563C765} = {4998E285-9BBB-4589-BC2D-56649563C765}
		{78D7F7DC-33C4-4CF6-9976-9B3B227D993D} = {78D7F7DC-33C4-4CF6-9976-9B3B227D993D}
		{8A964108-B109-4578-A47A-046BA430E62E} = {8A964108-B109-4578-A47A-046BA430E62E}
		{A6F114EF-E02E-41F6-B8B5-0FADDB0FE98E} = {A6F114EF-E02E-41F6-B8B5-0FADDB0FE98E}
		{B719E424-AD9C-4F95-A929-FC90EEF825A2} = {B719E424-AD9C-4F95-A929-FC90EEF825A2}
	EndProjectSection
EndProject
Global
	GlobalSection(SolutionConfigurationPlatforms) = preSolution
		Debug|Any CPU = Debug|Any CPU
		Release|Any CPU = Release|Any CPU
	EndGlobalSection
	GlobalSection(ProjectConfigurationPlatforms) = postSolution
		{5954721B-9E31-4F23-A5C9-23C9EC54AEED}.Debug|Any CPU.ActiveCfg = Debug|Any CPU
		{5954721B-9E31-4F23-A5C9-23C9EC54AEED}.Debug|Any CPU.Build.0 = Debug|Any CPU
		{5954721B-9E31-4F23-A5C9-23C9EC54AEED}.Release|Any CPU.ActiveCfg = Release|Any CPU
		{5954721B-9E31-4F23-A5C9-23C9EC54AEED}.Release|Any CPU.Build.0 = Release|Any CPU
		{3907E891-86AD-4884-A0A3-6B8D414B68B6}.Debug|Any CPU.ActiveCfg = Debug|Any CPU
		{3907E891-86AD-4884-A0A3-6B8D414B68B6}.Debug|Any CPU.Build.0 = Debug|Any CPU
		{3907E891-86AD-4884-A0A3-6B8D414B68B6}.Release|Any CPU.ActiveCfg = Release|Any CPU
		{3907E891-86AD-4884-A0A3-6B8D414B68B6}.Release|Any CPU.Build.0 = Release|Any CPU
		{F7948D04-7C4F-4136-B335-F1512334483A}.Debug|Any CPU.ActiveCfg = Debug|Any CPU
		{F7948D04-7C4F-4136-B335-F1512334483A}.Debug|Any CPU.Build.0 = Debug|Any CPU
		{F7948D04-7C4F-4136-B335-F1512334483A}.Release|Any CPU.ActiveCfg = Release|Any CPU
		{F7948D04-7C4F-4136-B335-F1512334483A}.Release|Any CPU.Build.0 = Release|Any CPU
		{4998E285-9BBB-4589-BC2D-56649563C765}.Debug|Any CPU.ActiveCfg = Debug|Any CPU
		{4998E285-9BBB-4589-BC2D-56649563C765}.Debug|Any CPU.Build.0 = Debug|Any CPU
		{4998E285-9BBB-4589-BC2D-56649563C765}.Release|Any CPU.ActiveCfg = Release|Any CPU
		{4998E285-9BBB-4589-BC2D-56649563C765}.Release|Any CPU.Build.0 = Release|Any CPU
		{B719E424-AD9C-4F95-A929-FC90EEF825A2}.Debug|Any CPU.ActiveCfg = Debug|Any CPU
		{B719E424-AD9C-4F95-A929-FC90EEF825A2}.Debug|Any CPU.Build.0 = Debug|Any CPU
		{B719E424-AD9C-4F95-A929-FC90EEF825A2}.Release|Any CPU.ActiveCfg = Release|Any CPU
		{B719E424-AD9C-4F95-A929-FC90EEF825A2}.Release|Any CPU.Build.0 = Release|Any CPU
		{A6F114EF-E02E-41F6-B8B5-0FADDB0FE98E}.Debug|Any CPU.ActiveCfg = Debug|Any CPU
		{A6F114EF-E02E-41F6-B8B5-0FADDB0FE98E}.Debug|Any CPU.Build.0 = Debug|Any CPU
		{A6F114EF-E02E-41F6-B8B5-0FADDB0FE98E}.Release|Any CPU.ActiveCfg = Release|Any CPU
		{A6F114EF-E02E-41F6-B8B5-0FADDB0FE98E}.Release|Any CPU.Build.0 = Release|Any CPU
		{249BC08D-5364-40CF-983A-8580DDA5B00B}.Debug|Any CPU.ActiveCfg = Debug|Any CPU
		{249BC08D-5364-40CF-983A-8580DDA5B00B}.Debug|Any CPU.Build.0 = Debug|Any CPU
		{249BC08D-5364-40CF-983A-8580DDA5B00B}.Release|Any CPU.ActiveCfg = Release|Any CPU
		{249BC08D-5364-40CF-983A-8580DDA5B00B}.Release|Any CPU.Build.0 = Release|Any CPU
		{78D7F7DC-33C4-4CF6-9976-9B3B227D993D}.Debug|Any CPU.ActiveCfg = Debug|Any CPU
		{78D7F7DC-33C4-4CF6-9976-9B3B227D993D}.Debug|Any CPU.Build.0 = Debug|Any CPU
		{78D7F7DC-33C4-4CF6-9976-9B3B227D993D}.Release|Any CPU.ActiveCfg = Release|Any CPU
		{78D7F7DC-33C4-4CF6-9976-9B3B227D993D}.Release|Any CPU.Build.0 = Release|Any CPU
		{D7C427FF-A85A-4965-A595-8B9FB3051CBC}.Debug|Any CPU.ActiveCfg = Debug|Any CPU
		{D7C427FF-A85A-4965-A595-8B9FB3051CBC}.Debug|Any CPU.Build.0 = Debug|Any CPU
		{D7C427FF-A85A-4965-A595-8B9FB3051CBC}.Release|Any CPU.ActiveCfg = Release|Any CPU
		{D7C427FF-A85A-4965-A595-8B9FB3051CBC}.Release|Any CPU.Build.0 = Release|Any CPU
		{1E179E43-3B81-47A2-974D-A0DE8733E057}.Debug|Any CPU.ActiveCfg = Debug|Any CPU
		{1E179E43-3B81-47A2-974D-A0DE8733E057}.Debug|Any CPU.Build.0 = Debug|Any CPU
		{1E179E43-3B81-47A2-974D-A0DE8733E057}.Release|Any CPU.ActiveCfg = Release|Any CPU
		{1E179E43-3B81-47A2-974D-A0DE8733E057}.Release|Any CPU.Build.0 = Release|Any CPU
		{A5DF5EB2-97FD-4531-8571-935A9D1E3F0D}.Debug|Any CPU.ActiveCfg = Debug|Any CPU
		{A5DF5EB2-97FD-4531-8571-935A9D1E3F0D}.Debug|Any CPU.Build.0 = Debug|Any CPU
		{A5DF5EB2-97FD-4531-8571-935A9D1E3F0D}.Release|Any CPU.ActiveCfg = Release|Any CPU
		{A5DF5EB2-97FD-4531-8571-935A9D1E3F0D}.Release|Any CPU.Build.0 = Release|Any CPU
		{8C11AFBA-5937-4B2B-A686-C1BFED362C4A}.Debug|Any CPU.ActiveCfg = Debug|Any CPU
		{8C11AFBA-5937-4B2B-A686-C1BFED362C4A}.Debug|Any CPU.Build.0 = Debug|Any CPU
		{8C11AFBA-5937-4B2B-A686-C1BFED362C4A}.Release|Any CPU.ActiveCfg = Release|Any CPU
		{8C11AFBA-5937-4B2B-A686-C1BFED362C4A}.Release|Any CPU.Build.0 = Release|Any CPU
		{8A964108-B109-4578-A47A-046BA430E62E}.Debug|Any CPU.ActiveCfg = Debug|Any CPU
		{8A964108-B109-4578-A47A-046BA430E62E}.Debug|Any CPU.Build.0 = Debug|Any CPU
		{8A964108-B109-4578-A47A-046BA430E62E}.Release|Any CPU.ActiveCfg = Release|Any CPU
		{8A964108-B109-4578-A47A-046BA430E62E}.Release|Any CPU.Build.0 = Release|Any CPU
		{C08BFC43-9B17-4899-8DA5-A21B49F269BE}.Debug|Any CPU.ActiveCfg = Debug|Any CPU
		{C08BFC43-9B17-4899-8DA5-A21B49F269BE}.Debug|Any CPU.Build.0 = Debug|Any CPU
		{C08BFC43-9B17-4899-8DA5-A21B49F269BE}.Release|Any CPU.ActiveCfg = Release|Any CPU
		{C08BFC43-9B17-4899-8DA5-A21B49F269BE}.Release|Any CPU.Build.0 = Release|Any CPU
		{A4C73A9D-AC1A-41E3-8508-1BDB5E0BCEAE}.Debug|Any CPU.ActiveCfg = Debug|Any CPU
		{A4C73A9D-AC1A-41E3-8508-1BDB5E0BCEAE}.Debug|Any CPU.Build.0 = Debug|Any CPU
		{A4C73A9D-AC1A-41E3-8508-1BDB5E0BCEAE}.Release|Any CPU.ActiveCfg = Release|Any CPU
		{A4C73A9D-AC1A-41E3-8508-1BDB5E0BCEAE}.Release|Any CPU.Build.0 = Release|Any CPU
		{5260A7CD-2021-466D-B8D5-7994A382421F}.Debug|Any CPU.ActiveCfg = Debug|Any CPU
		{5260A7CD-2021-466D-B8D5-7994A382421F}.Debug|Any CPU.Build.0 = Debug|Any CPU
		{5260A7CD-2021-466D-B8D5-7994A382421F}.Release|Any CPU.ActiveCfg = Release|Any CPU
		{5260A7CD-2021-466D-B8D5-7994A382421F}.Release|Any CPU.Build.0 = Release|Any CPU
	EndGlobalSection
	GlobalSection(SolutionProperties) = preSolution
		HideSolutionNode = FALSE
	EndGlobalSection
	GlobalSection(NestedProjects) = preSolution
		{4998E285-9BBB-4589-BC2D-56649563C765} = {9F059561-E23C-4BD3-9295-9545FF9DE6F8}
		{B719E424-AD9C-4F95-A929-FC90EEF825A2} = {9F059561-E23C-4BD3-9295-9545FF9DE6F8}
		{A6F114EF-E02E-41F6-B8B5-0FADDB0FE98E} = {5C88CBE1-B062-4552-8C0D-EEDF60B0A25D}
		{249BC08D-5364-40CF-983A-8580DDA5B00B} = {5C88CBE1-B062-4552-8C0D-EEDF60B0A25D}
		{9F059561-E23C-4BD3-9295-9545FF9DE6F8} = {71192FA4-8046-4CB3-8A2C-4ED9FAE441C5}
		{5C88CBE1-B062-4552-8C0D-EEDF60B0A25D} = {71192FA4-8046-4CB3-8A2C-4ED9FAE441C5}
		{78D7F7DC-33C4-4CF6-9976-9B3B227D993D} = {5C88CBE1-B062-4552-8C0D-EEDF60B0A25D}
		{D7C427FF-A85A-4965-A595-8B9FB3051CBC} = {71192FA4-8046-4CB3-8A2C-4ED9FAE441C5}
		{1E179E43-3B81-47A2-974D-A0DE8733E057} = {71192FA4-8046-4CB3-8A2C-4ED9FAE441C5}
		{A5DF5EB2-97FD-4531-8571-935A9D1E3F0D} = {71192FA4-8046-4CB3-8A2C-4ED9FAE441C5}
		{8C11AFBA-5937-4B2B-A686-C1BFED362C4A} = {71192FA4-8046-4CB3-8A2C-4ED9FAE441C5}
		{8A964108-B109-4578-A47A-046BA430E62E} = {71192FA4-8046-4CB3-8A2C-4ED9FAE441C5}
		{C08BFC43-9B17-4899-8DA5-A21B49F269BE} = {71192FA4-8046-4CB3-8A2C-4ED9FAE441C5}
		{A4C73A9D-AC1A-41E3-8508-1BDB5E0BCEAE} = {71192FA4-8046-4CB3-8A2C-4ED9FAE441C5}
	EndGlobalSection
	GlobalSection(ExtensibilityGlobals) = postSolution
		SolutionGuid = {91126452-C0CD-47F1-A98A-5301B593EB56}
	EndGlobalSection
EndGlobal
