
Microsoft Visual Studio Solution File, Format Version 12.00
# Visual Studio Version 17
VisualStudioVersion = 17.9.34728.123
MinimumVisualStudioVersion = 10.0.40219.1
Project("{FAE04EC0-301F-11D3-BF4B-00C04F79EFBC}") = "MatterSphereIntegration", "Integration\MatterSphereIntegration.csproj", "{5954721B-9E31-4F23-A5C9-23C9EC54AEED}"
EndProject
Project("{FAE04EC0-301F-11D3-BF4B-00C04F79EFBC}") = "Gateway", "Gateway\Gateway.csproj", "{3907E891-86AD-4884-A0A3-6B8D414B68B6}"
EndProject
Project("{FAE04EC0-301F-11D3-BF4B-00C04F79EFBC}") = "MatterSphereIntegrationTests", "MatterSphereIntegrationTests\MatterSphereIntegrationTests.csproj", "{F7948D04-7C4F-4136-B335-F1512334483A}"
EndProject
Global
	GlobalSection(SolutionConfigurationPlatforms) = preSolution
		Debug|Any CPU = Debug|Any CPU
		Release|Any CPU = Release|Any CPU
	EndGlobalSection
	GlobalSection(ProjectConfigurationPlatforms) = postSolution
		{5954721B-9E31-4F23-A5C9-23C9EC54AEED}.Debug|Any CPU.ActiveCfg = Debug|Any CPU
		{5954721B-9E31-4F23-A5C9-23C9EC54AEED}.Debug|Any CPU.Build.0 = Debug|Any CPU
		{5954721B-9E31-4F23-A5C9-23C9EC54AEED}.Release|Any CPU.ActiveCfg = Release|Any CPU
		{5954721B-9E31-4F23-A5C9-23C9EC54AEED}.Release|Any CPU.Build.0 = Release|Any CPU
		{3907E891-86AD-4884-A0A3-6B8D414B68B6}.Debug|Any CPU.ActiveCfg = Debug|Any CPU
		{3907E891-86AD-4884-A0A3-6B8D414B68B6}.Debug|Any CPU.Build.0 = Debug|Any CPU
		{3907E891-86AD-4884-A0A3-6B8D414B68B6}.Release|Any CPU.ActiveCfg = Release|Any CPU
		{3907E891-86AD-4884-A0A3-6B8D414B68B6}.Release|Any CPU.Build.0 = Release|Any CPU
		{F7948D04-7C4F-4136-B335-F1512334483A}.Debug|Any CPU.ActiveCfg = Debug|Any CPU
		{F7948D04-7C4F-4136-B335-F1512334483A}.Debug|Any CPU.Build.0 = Debug|Any CPU
		{F7948D04-7C4F-4136-B335-F1512334483A}.Release|Any CPU.ActiveCfg = Release|Any CPU
		{F7948D04-7C4F-4136-B335-F1512334483A}.Release|Any CPU.Build.0 = Release|Any CPU
	EndGlobalSection
	GlobalSection(SolutionProperties) = preSolution
		HideSolutionNode = FALSE
	EndGlobalSection
	GlobalSection(ExtensibilityGlobals) = postSolution
		SolutionGuid = {91126452-C0CD-47F1-A98A-5301B593EB56}
	EndGlobalSection
EndGlobal
