
Microsoft Visual Studio Solution File, Format Version 12.00
# Visual Studio Version 17
VisualStudioVersion = 17.10.34928.147
MinimumVisualStudioVersion = 10.0.40219.1
Project("{FAE04EC0-301F-11D3-BF4B-00C04F79EFBC}") = "MSIndex.IndexService", "MSIndex.IndexService\MSIndex.IndexService.csproj", "{8B08E747-09B3-420D-9273-3E4980B8ABEE}"
EndProject
Project("{FAE04EC0-301F-11D3-BF4B-00C04F79EFBC}") = "MSIndex.Controller", "MSIndex.Controller\MSIndex.Controller.csproj", "{92F30D9E-4D8C-4D06-9B21-BB3D42BB5637}"
EndProject
Project("{FAE04EC0-301F-11D3-BF4B-00C04F79EFBC}") = "MSIndex.Common", "MSIndex.Common\MSIndex.Common.csproj", "{E0FBBAD9-9DA6-434B-B2A4-EEB5D6B09480}"
EndProject
Project("{00D1A9C2-B5F0-4AF3-8072-F6C62B433612}") = "MatterSphereDB", "DatabaseProjects\MatterSphereDB\MatterSphereDB.sqlproj", "{C2BB7227-9967-4E35-AF4B-20C848E71404}"
EndProject
Project("{00D1A9C2-B5F0-4AF3-8072-F6C62B433612}") = "CentralDataSource", "DatabaseProjects\CentralDataSource\CentralDataSource.sqlproj", "{727F524E-B33E-46D2-9890-A35AB0C3F7EA}"
EndProject
Project("{FAE04EC0-301F-11D3-BF4B-00C04F79EFBC}") = "MSIndex.Common.Tests", "MSIndex.Common.Tests\MSIndex.Common.Tests.csproj", "{338B295B-4160-4477-929B-5F733F49DB17}"
EndProject
Project("{B7DD6F7E-DEF8-4E67-B5B7-07EF123DB6F0}") = "MSIndexToolInstaller", "MSIndexToolInstaller\MSIndexToolInstaller.wixproj", "{426E1363-64A5-4DD9-8352-24B6030406C6}"
EndProject
Global
	GlobalSection(SolutionConfigurationPlatforms) = preSolution
		Debug|Any CPU = Debug|Any CPU
		Debug|ARM64 = Debug|ARM64
		Debug|x64 = Debug|x64
		Debug|x86 = Debug|x86
		Release|Any CPU = Release|Any CPU
		Release|ARM64 = Release|ARM64
		Release|x64 = Release|x64
		Release|x86 = Release|x86
	EndGlobalSection
	GlobalSection(ProjectConfigurationPlatforms) = postSolution
		{8B08E747-09B3-420D-9273-3E4980B8ABEE}.Debug|Any CPU.ActiveCfg = Debug|Any CPU
		{8B08E747-09B3-420D-9273-3E4980B8ABEE}.Debug|Any CPU.Build.0 = Debug|Any CPU
		{8B08E747-09B3-420D-9273-3E4980B8ABEE}.Debug|ARM64.ActiveCfg = Debug|Any CPU
		{8B08E747-09B3-420D-9273-3E4980B8ABEE}.Debug|ARM64.Build.0 = Debug|Any CPU
		{8B08E747-09B3-420D-9273-3E4980B8ABEE}.Debug|x64.ActiveCfg = Debug|Any CPU
		{8B08E747-09B3-420D-9273-3E4980B8ABEE}.Debug|x64.Build.0 = Debug|Any CPU
		{8B08E747-09B3-420D-9273-3E4980B8ABEE}.Debug|x86.ActiveCfg = Debug|Any CPU
		{8B08E747-09B3-420D-9273-3E4980B8ABEE}.Debug|x86.Build.0 = Debug|Any CPU
		{8B08E747-09B3-420D-9273-3E4980B8ABEE}.Release|Any CPU.ActiveCfg = Release|Any CPU
		{8B08E747-09B3-420D-9273-3E4980B8ABEE}.Release|Any CPU.Build.0 = Release|Any CPU
		{8B08E747-09B3-420D-9273-3E4980B8ABEE}.Release|ARM64.ActiveCfg = Release|Any CPU
		{8B08E747-09B3-420D-9273-3E4980B8ABEE}.Release|ARM64.Build.0 = Release|Any CPU
		{8B08E747-09B3-420D-9273-3E4980B8ABEE}.Release|x64.ActiveCfg = Release|Any CPU
		{8B08E747-09B3-420D-9273-3E4980B8ABEE}.Release|x64.Build.0 = Release|Any CPU
		{8B08E747-09B3-420D-9273-3E4980B8ABEE}.Release|x86.ActiveCfg = Release|Any CPU
		{8B08E747-09B3-420D-9273-3E4980B8ABEE}.Release|x86.Build.0 = Release|Any CPU
		{92F30D9E-4D8C-4D06-9B21-BB3D42BB5637}.Debug|Any CPU.ActiveCfg = Debug|Any CPU
		{92F30D9E-4D8C-4D06-9B21-BB3D42BB5637}.Debug|Any CPU.Build.0 = Debug|Any CPU
		{92F30D9E-4D8C-4D06-9B21-BB3D42BB5637}.Debug|ARM64.ActiveCfg = Debug|Any CPU
		{92F30D9E-4D8C-4D06-9B21-BB3D42BB5637}.Debug|ARM64.Build.0 = Debug|Any CPU
		{92F30D9E-4D8C-4D06-9B21-BB3D42BB5637}.Debug|x64.ActiveCfg = Debug|Any CPU
		{92F30D9E-4D8C-4D06-9B21-BB3D42BB5637}.Debug|x64.Build.0 = Debug|Any CPU
		{92F30D9E-4D8C-4D06-9B21-BB3D42BB5637}.Debug|x86.ActiveCfg = Debug|Any CPU
		{92F30D9E-4D8C-4D06-9B21-BB3D42BB5637}.Debug|x86.Build.0 = Debug|Any CPU
		{92F30D9E-4D8C-4D06-9B21-BB3D42BB5637}.Release|Any CPU.ActiveCfg = Release|Any CPU
		{92F30D9E-4D8C-4D06-9B21-BB3D42BB5637}.Release|Any CPU.Build.0 = Release|Any CPU
		{92F30D9E-4D8C-4D06-9B21-BB3D42BB5637}.Release|ARM64.ActiveCfg = Release|Any CPU
		{92F30D9E-4D8C-4D06-9B21-BB3D42BB5637}.Release|ARM64.Build.0 = Release|Any CPU
		{92F30D9E-4D8C-4D06-9B21-BB3D42BB5637}.Release|x64.ActiveCfg = Release|Any CPU
		{92F30D9E-4D8C-4D06-9B21-BB3D42BB5637}.Release|x64.Build.0 = Release|Any CPU
		{92F30D9E-4D8C-4D06-9B21-BB3D42BB5637}.Release|x86.ActiveCfg = Release|Any CPU
		{92F30D9E-4D8C-4D06-9B21-BB3D42BB5637}.Release|x86.Build.0 = Release|Any CPU
		{E0FBBAD9-9DA6-434B-B2A4-EEB5D6B09480}.Debug|Any CPU.ActiveCfg = Debug|Any CPU
		{E0FBBAD9-9DA6-434B-B2A4-EEB5D6B09480}.Debug|Any CPU.Build.0 = Debug|Any CPU
		{E0FBBAD9-9DA6-434B-B2A4-EEB5D6B09480}.Debug|ARM64.ActiveCfg = Debug|Any CPU
		{E0FBBAD9-9DA6-434B-B2A4-EEB5D6B09480}.Debug|ARM64.Build.0 = Debug|Any CPU
		{E0FBBAD9-9DA6-434B-B2A4-EEB5D6B09480}.Debug|x64.ActiveCfg = Debug|Any CPU
		{E0FBBAD9-9DA6-434B-B2A4-EEB5D6B09480}.Debug|x64.Build.0 = Debug|Any CPU
		{E0FBBAD9-9DA6-434B-B2A4-EEB5D6B09480}.Debug|x86.ActiveCfg = Debug|Any CPU
		{E0FBBAD9-9DA6-434B-B2A4-EEB5D6B09480}.Debug|x86.Build.0 = Debug|Any CPU
		{E0FBBAD9-9DA6-434B-B2A4-EEB5D6B09480}.Release|Any CPU.ActiveCfg = Release|Any CPU
		{E0FBBAD9-9DA6-434B-B2A4-EEB5D6B09480}.Release|Any CPU.Build.0 = Release|Any CPU
		{E0FBBAD9-9DA6-434B-B2A4-EEB5D6B09480}.Release|ARM64.ActiveCfg = Release|Any CPU
		{E0FBBAD9-9DA6-434B-B2A4-EEB5D6B09480}.Release|ARM64.Build.0 = Release|Any CPU
		{E0FBBAD9-9DA6-434B-B2A4-EEB5D6B09480}.Release|x64.ActiveCfg = Release|Any CPU
		{E0FBBAD9-9DA6-434B-B2A4-EEB5D6B09480}.Release|x64.Build.0 = Release|Any CPU
		{E0FBBAD9-9DA6-434B-B2A4-EEB5D6B09480}.Release|x86.ActiveCfg = Release|Any CPU
		{E0FBBAD9-9DA6-434B-B2A4-EEB5D6B09480}.Release|x86.Build.0 = Release|Any CPU
		{C2BB7227-9967-4E35-AF4B-20C848E71404}.Debug|Any CPU.ActiveCfg = Debug|Any CPU
		{C2BB7227-9967-4E35-AF4B-20C848E71404}.Debug|Any CPU.Build.0 = Debug|Any CPU
		{C2BB7227-9967-4E35-AF4B-20C848E71404}.Debug|Any CPU.Deploy.0 = Debug|Any CPU
		{C2BB7227-9967-4E35-AF4B-20C848E71404}.Debug|ARM64.ActiveCfg = Debug|Any CPU
		{C2BB7227-9967-4E35-AF4B-20C848E71404}.Debug|ARM64.Build.0 = Debug|Any CPU
		{C2BB7227-9967-4E35-AF4B-20C848E71404}.Debug|ARM64.Deploy.0 = Debug|Any CPU
		{C2BB7227-9967-4E35-AF4B-20C848E71404}.Debug|x64.ActiveCfg = Debug|Any CPU
		{C2BB7227-9967-4E35-AF4B-20C848E71404}.Debug|x64.Build.0 = Debug|Any CPU
		{C2BB7227-9967-4E35-AF4B-20C848E71404}.Debug|x64.Deploy.0 = Debug|Any CPU
		{C2BB7227-9967-4E35-AF4B-20C848E71404}.Debug|x86.ActiveCfg = Debug|Any CPU
		{C2BB7227-9967-4E35-AF4B-20C848E71404}.Debug|x86.Build.0 = Debug|Any CPU
		{C2BB7227-9967-4E35-AF4B-20C848E71404}.Debug|x86.Deploy.0 = Debug|Any CPU
		{C2BB7227-9967-4E35-AF4B-20C848E71404}.Release|Any CPU.ActiveCfg = Release|Any CPU
		{C2BB7227-9967-4E35-AF4B-20C848E71404}.Release|Any CPU.Build.0 = Release|Any CPU
		{C2BB7227-9967-4E35-AF4B-20C848E71404}.Release|Any CPU.Deploy.0 = Release|Any CPU
		{C2BB7227-9967-4E35-AF4B-20C848E71404}.Release|ARM64.ActiveCfg = Release|Any CPU
		{C2BB7227-9967-4E35-AF4B-20C848E71404}.Release|ARM64.Build.0 = Release|Any CPU
		{C2BB7227-9967-4E35-AF4B-20C848E71404}.Release|ARM64.Deploy.0 = Release|Any CPU
		{C2BB7227-9967-4E35-AF4B-20C848E71404}.Release|x64.ActiveCfg = Release|Any CPU
		{C2BB7227-9967-4E35-AF4B-20C848E71404}.Release|x64.Build.0 = Release|Any CPU
		{C2BB7227-9967-4E35-AF4B-20C848E71404}.Release|x64.Deploy.0 = Release|Any CPU
		{C2BB7227-9967-4E35-AF4B-20C848E71404}.Release|x86.ActiveCfg = Release|Any CPU
		{C2BB7227-9967-4E35-AF4B-20C848E71404}.Release|x86.Build.0 = Release|Any CPU
		{C2BB7227-9967-4E35-AF4B-20C848E71404}.Release|x86.Deploy.0 = Release|Any CPU
		{727F524E-B33E-46D2-9890-A35AB0C3F7EA}.Debug|Any CPU.ActiveCfg = Debug|Any CPU
		{727F524E-B33E-46D2-9890-A35AB0C3F7EA}.Debug|Any CPU.Build.0 = Debug|Any CPU
		{727F524E-B33E-46D2-9890-A35AB0C3F7EA}.Debug|Any CPU.Deploy.0 = Debug|Any CPU
		{727F524E-B33E-46D2-9890-A35AB0C3F7EA}.Debug|ARM64.ActiveCfg = Debug|Any CPU
		{727F524E-B33E-46D2-9890-A35AB0C3F7EA}.Debug|ARM64.Build.0 = Debug|Any CPU
		{727F524E-B33E-46D2-9890-A35AB0C3F7EA}.Debug|ARM64.Deploy.0 = Debug|Any CPU
		{727F524E-B33E-46D2-9890-A35AB0C3F7EA}.Debug|x64.ActiveCfg = Debug|Any CPU
		{727F524E-B33E-46D2-9890-A35AB0C3F7EA}.Debug|x64.Build.0 = Debug|Any CPU
		{727F524E-B33E-46D2-9890-A35AB0C3F7EA}.Debug|x64.Deploy.0 = Debug|Any CPU
		{727F524E-B33E-46D2-9890-A35AB0C3F7EA}.Debug|x86.ActiveCfg = Debug|Any CPU
		{727F524E-B33E-46D2-9890-A35AB0C3F7EA}.Debug|x86.Build.0 = Debug|Any CPU
		{727F524E-B33E-46D2-9890-A35AB0C3F7EA}.Debug|x86.Deploy.0 = Debug|Any CPU
		{727F524E-B33E-46D2-9890-A35AB0C3F7EA}.Release|Any CPU.ActiveCfg = Release|Any CPU
		{727F524E-B33E-46D2-9890-A35AB0C3F7EA}.Release|Any CPU.Build.0 = Release|Any CPU
		{727F524E-B33E-46D2-9890-A35AB0C3F7EA}.Release|Any CPU.Deploy.0 = Release|Any CPU
		{727F524E-B33E-46D2-9890-A35AB0C3F7EA}.Release|ARM64.ActiveCfg = Release|Any CPU
		{727F524E-B33E-46D2-9890-A35AB0C3F7EA}.Release|ARM64.Build.0 = Release|Any CPU
		{727F524E-B33E-46D2-9890-A35AB0C3F7EA}.Release|ARM64.Deploy.0 = Release|Any CPU
		{727F524E-B33E-46D2-9890-A35AB0C3F7EA}.Release|x64.ActiveCfg = Release|Any CPU
		{727F524E-B33E-46D2-9890-A35AB0C3F7EA}.Release|x64.Build.0 = Release|Any CPU
		{727F524E-B33E-46D2-9890-A35AB0C3F7EA}.Release|x64.Deploy.0 = Release|Any CPU
		{727F524E-B33E-46D2-9890-A35AB0C3F7EA}.Release|x86.ActiveCfg = Release|Any CPU
		{727F524E-B33E-46D2-9890-A35AB0C3F7EA}.Release|x86.Build.0 = Release|Any CPU
		{727F524E-B33E-46D2-9890-A35AB0C3F7EA}.Release|x86.Deploy.0 = Release|Any CPU
		{338B295B-4160-4477-929B-5F733F49DB17}.Debug|Any CPU.ActiveCfg = Debug|Any CPU
		{338B295B-4160-4477-929B-5F733F49DB17}.Debug|Any CPU.Build.0 = Debug|Any CPU
		{338B295B-4160-4477-929B-5F733F49DB17}.Debug|ARM64.ActiveCfg = Debug|Any CPU
		{338B295B-4160-4477-929B-5F733F49DB17}.Debug|ARM64.Build.0 = Debug|Any CPU
		{338B295B-4160-4477-929B-5F733F49DB17}.Debug|x64.ActiveCfg = Debug|Any CPU
		{338B295B-4160-4477-929B-5F733F49DB17}.Debug|x64.Build.0 = Debug|Any CPU
		{338B295B-4160-4477-929B-5F733F49DB17}.Debug|x86.ActiveCfg = Debug|Any CPU
		{338B295B-4160-4477-929B-5F733F49DB17}.Debug|x86.Build.0 = Debug|Any CPU
		{338B295B-4160-4477-929B-5F733F49DB17}.Release|Any CPU.ActiveCfg = Release|Any CPU
		{338B295B-4160-4477-929B-5F733F49DB17}.Release|Any CPU.Build.0 = Release|Any CPU
		{338B295B-4160-4477-929B-5F733F49DB17}.Release|ARM64.ActiveCfg = Release|Any CPU
		{338B295B-4160-4477-929B-5F733F49DB17}.Release|ARM64.Build.0 = Release|Any CPU
		{338B295B-4160-4477-929B-5F733F49DB17}.Release|x64.ActiveCfg = Release|Any CPU
		{338B295B-4160-4477-929B-5F733F49DB17}.Release|x64.Build.0 = Release|Any CPU
		{338B295B-4160-4477-929B-5F733F49DB17}.Release|x86.ActiveCfg = Release|Any CPU
		{338B295B-4160-4477-929B-5F733F49DB17}.Release|x86.Build.0 = Release|Any CPU
		{426E1363-64A5-4DD9-8352-24B6030406C6}.Debug|Any CPU.ActiveCfg = Debug|x64
		{426E1363-64A5-4DD9-8352-24B6030406C6}.Debug|Any CPU.Build.0 = Debug|x64
		{426E1363-64A5-4DD9-8352-24B6030406C6}.Debug|ARM64.ActiveCfg = Debug|ARM64
		{426E1363-64A5-4DD9-8352-24B6030406C6}.Debug|ARM64.Build.0 = Debug|ARM64
		{426E1363-64A5-4DD9-8352-24B6030406C6}.Debug|x64.ActiveCfg = Debug|x64
		{426E1363-64A5-4DD9-8352-24B6030406C6}.Debug|x64.Build.0 = Debug|x64
		{426E1363-64A5-4DD9-8352-24B6030406C6}.Debug|x86.ActiveCfg = Debug|x86
		{426E1363-64A5-4DD9-8352-24B6030406C6}.Debug|x86.Build.0 = Debug|x86
		{426E1363-64A5-4DD9-8352-24B6030406C6}.Release|Any CPU.ActiveCfg = Release|x64
		{426E1363-64A5-4DD9-8352-24B6030406C6}.Release|Any CPU.Build.0 = Release|x64
		{426E1363-64A5-4DD9-8352-24B6030406C6}.Release|ARM64.ActiveCfg = Release|ARM64
		{426E1363-64A5-4DD9-8352-24B6030406C6}.Release|ARM64.Build.0 = Release|ARM64
		{426E1363-64A5-4DD9-8352-24B6030406C6}.Release|x64.ActiveCfg = Release|x64
		{426E1363-64A5-4DD9-8352-24B6030406C6}.Release|x64.Build.0 = Release|x64
		{426E1363-64A5-4DD9-8352-24B6030406C6}.Release|x86.ActiveCfg = Release|x86
		{426E1363-64A5-4DD9-8352-24B6030406C6}.Release|x86.Build.0 = Release|x86
	EndGlobalSection
	GlobalSection(SolutionProperties) = preSolution
		HideSolutionNode = FALSE
	EndGlobalSection
	GlobalSection(ExtensibilityGlobals) = postSolution
		SolutionGuid = {EA4306C6-9049-47BC-946E-1F028BF00F28}
	EndGlobalSection
EndGlobal
