
Microsoft Visual Studio Solution File, Format Version 12.00
# Visual Studio Version 17
VisualStudioVersion = 17.9.34728.123
MinimumVisualStudioVersion = 10.0.40219.1
Project("{FAE04EC0-301F-11D3-BF4B-00C04F79EFBC}") = "FWBS.Scanning", "FWBS.Scanning\FWBS.Scanning.csproj", "{1991134C-82D8-44D9-ACCE-0A92161C1EF5}"
EndProject
Project("{FAE04EC0-301F-11D3-BF4B-00C04F79EFBC}") = "Scanning.UnitTest", "Scanning.UnitTest\Scanning.UnitTest.csproj", "{C882F867-C565-43DF-9D7A-DB5F77EB7574}"
EndProject
Global
	GlobalSection(SolutionConfigurationPlatforms) = preSolution
		Debug|Any CPU = Debug|Any CPU
		Release|Any CPU = Release|Any CPU
	EndGlobalSection
	GlobalSection(ProjectConfigurationPlatforms) = postSolution
		{1991134C-82D8-44D9-ACCE-0A92161C1EF5}.Debug|Any CPU.ActiveCfg = Debug|Any CPU
		{1991134C-82D8-44D9-ACCE-0A92161C1EF5}.Debug|Any CPU.Build.0 = Debug|Any CPU
		{1991134C-82D8-44D9-ACCE-0A92161C1EF5}.Release|Any CPU.ActiveCfg = Release|Any CPU
		{1991134C-82D8-44D9-ACCE-0A92161C1EF5}.Release|Any CPU.Build.0 = Release|Any CPU
		{C882F867-C565-43DF-9D7A-DB5F77EB7574}.Debug|Any CPU.ActiveCfg = Debug|Any CPU
		{C882F867-C565-43DF-9D7A-DB5F77EB7574}.Debug|Any CPU.Build.0 = Debug|Any CPU
		{C882F867-C565-43DF-9D7A-DB5F77EB7574}.Release|Any CPU.ActiveCfg = Release|Any CPU
		{C882F867-C565-43DF-9D7A-DB5F77EB7574}.Release|Any CPU.Build.0 = Release|Any CPU
	EndGlobalSection
	GlobalSection(SolutionProperties) = preSolution
		HideSolutionNode = FALSE
	EndGlobalSection
EndGlobal
