
Microsoft Visual Studio Solution File, Format Version 12.00
# Visual Studio Version 17
VisualStudioVersion = 17.9.34728.123
MinimumVisualStudioVersion = 10.0.40219.1
Project("{FAE04EC0-301F-11D3-BF4B-00C04F79EFBC}") = "FWBS.Scanning", "FWBS.Scanning\FWBS.Scanning.csproj", "{1991134C-82D8-44D9-ACCE-0A92161C1EF5}"
	ProjectSection(ProjectDependencies) = postProject
		{15D9EFFA-34D7-437F-8554-31132E9286F0} = {15D9EFFA-34D7-437F-8554-31132E9286F0}
		{78D7F7DC-33C4-4CF6-9976-9B3B227D993D} = {78D7F7DC-33C4-4CF6-9976-9B3B227D993D}
	EndProjectSection
EndProject
Project("{FAE04EC0-301F-11D3-BF4B-00C04F79EFBC}") = "Scanning.UnitTest", "Scanning.UnitTest\Scanning.UnitTest.csproj", "{C882F867-C565-43DF-9D7A-DB5F77EB7574}"
EndProject
Project("{FAE04EC0-301F-11D3-BF4B-00C04F79EFBC}") = "TIFFConversion", "..\..\Core\TIFFConversion\TIFFConversion.csproj", "{15D9EFFA-34D7-437F-8554-31132E9286F0}"
EndProject
Project("{FAE04EC0-301F-11D3-BF4B-00C04F79EFBC}") = "Windows", "..\..\Core\Fwbs.Oms.Windows\Windows.csproj", "{78D7F7DC-33C4-4CF6-9976-9B3B227D993D}"
EndProject
Project("{2150E333-8FDC-42A3-9474-1A3956D46DE8}") = "Core", "Core", "{BF9A9E62-6484-4681-8936-AD351EF87D9A}"
EndProject
Project("{FAE04EC0-301F-11D3-BF4B-00C04F79EFBC}") = "~Infrastructure", "..\..\Core\FWBS.OMS.Infrastructure\~Infrastructure.csproj", "{D7C427FF-A85A-4965-A595-8B9FB3051CBC}"
EndProject
Project("{FAE04EC0-301F-11D3-BF4B-00C04F79EFBC}") = "Business", "..\..\Core\Fwbs.Oms.Library\Business.csproj", "{249BC08D-5364-40CF-983A-8580DDA5B00B}"
EndProject
Project("{FAE04EC0-301F-11D3-BF4B-00C04F79EFBC}") = "Common", "..\..\Core\Fwbs.Common\Common.csproj", "{4998E285-9BBB-4589-BC2D-56649563C765}"
EndProject
Project("{FAE04EC0-301F-11D3-BF4B-00C04F79EFBC}") = "Common.Windows", "..\..\Core\Fwbs.Common.Windows.Controls\Common.Windows.csproj", "{B719E424-AD9C-4F95-A929-FC90EEF825A2}"
EndProject
Project("{FAE04EC0-301F-11D3-BF4B-00C04F79EFBC}") = "Data", "..\..\Core\Fwbs.Oms.Data\Data.csproj", "{A6F114EF-E02E-41F6-B8B5-0FADDB0FE98E}"
EndProject
Project("{FAE04EC0-301F-11D3-BF4B-00C04F79EFBC}") = "Elasticsearch", "..\..\Core\Elasticsearch\Elasticsearch.csproj", "{8C11AFBA-5937-4B2B-A686-C1BFED362C4A}"
EndProject
Project("{FAE04EC0-301F-11D3-BF4B-00C04F79EFBC}") = "DocProps", "..\..\Core\Document Properties\Fwbs.Common.DocumentProperties\DocProps.csproj", "{1E179E43-3B81-47A2-974D-A0DE8733E057}"
EndProject
Project("{FAE04EC0-301F-11D3-BF4B-00C04F79EFBC}") = "DocumentPreviewer", "..\..\Core\Document Previewer\DocumentPreviewer\DocumentPreviewer.csproj", "{C08BFC43-9B17-4899-8DA5-A21B49F269BE}"
EndProject
Project("{FAE04EC0-301F-11D3-BF4B-00C04F79EFBC}") = "FWBS.DocumentPreviewer.Infrastructure", "..\..\Core\Document Previewer\FWBS.DocumentPreviewer.Infrastrucutre\FWBS.DocumentPreviewer.Infrastructure.csproj", "{A4C73A9D-AC1A-41E3-8508-1BDB5E0BCEAE}"
EndProject
Project("{FAE04EC0-301F-11D3-BF4B-00C04F79EFBC}") = "ResourceLookup", "..\..\Core\Fwbs.Oms.ResourceLookup\ResourceLookup.csproj", "{8A964108-B109-4578-A47A-046BA430E62E}"
EndProject
Project("{FAE04EC0-301F-11D3-BF4B-00C04F79EFBC}") = "ExternalAggregatorClient", "..\..\Core\ExternalAggregatorClient\ExternalAggregatorClient.csproj", "{A5DF5EB2-97FD-4531-8571-935A9D1E3F0D}"
EndProject
Global
	GlobalSection(SolutionConfigurationPlatforms) = preSolution
		Debug|Any CPU = Debug|Any CPU
		Release|Any CPU = Release|Any CPU
	EndGlobalSection
	GlobalSection(ProjectConfigurationPlatforms) = postSolution
		{1991134C-82D8-44D9-ACCE-0A92161C1EF5}.Debug|Any CPU.ActiveCfg = Debug|Any CPU
		{1991134C-82D8-44D9-ACCE-0A92161C1EF5}.Debug|Any CPU.Build.0 = Debug|Any CPU
		{1991134C-82D8-44D9-ACCE-0A92161C1EF5}.Release|Any CPU.ActiveCfg = Release|Any CPU
		{1991134C-82D8-44D9-ACCE-0A92161C1EF5}.Release|Any CPU.Build.0 = Release|Any CPU
		{C882F867-C565-43DF-9D7A-DB5F77EB7574}.Debug|Any CPU.ActiveCfg = Debug|Any CPU
		{C882F867-C565-43DF-9D7A-DB5F77EB7574}.Debug|Any CPU.Build.0 = Debug|Any CPU
		{C882F867-C565-43DF-9D7A-DB5F77EB7574}.Release|Any CPU.ActiveCfg = Release|Any CPU
		{C882F867-C565-43DF-9D7A-DB5F77EB7574}.Release|Any CPU.Build.0 = Release|Any CPU
		{15D9EFFA-34D7-437F-8554-31132E9286F0}.Debug|Any CPU.ActiveCfg = Debug|Any CPU
		{15D9EFFA-34D7-437F-8554-31132E9286F0}.Debug|Any CPU.Build.0 = Debug|Any CPU
		{15D9EFFA-34D7-437F-8554-31132E9286F0}.Release|Any CPU.ActiveCfg = Release|Any CPU
		{15D9EFFA-34D7-437F-8554-31132E9286F0}.Release|Any CPU.Build.0 = Release|Any CPU
		{78D7F7DC-33C4-4CF6-9976-9B3B227D993D}.Debug|Any CPU.ActiveCfg = Debug|Any CPU
		{78D7F7DC-33C4-4CF6-9976-9B3B227D993D}.Debug|Any CPU.Build.0 = Debug|Any CPU
		{78D7F7DC-33C4-4CF6-9976-9B3B227D993D}.Release|Any CPU.ActiveCfg = Release|Any CPU
		{78D7F7DC-33C4-4CF6-9976-9B3B227D993D}.Release|Any CPU.Build.0 = Release|Any CPU
		{D7C427FF-A85A-4965-A595-8B9FB3051CBC}.Debug|Any CPU.ActiveCfg = Debug|Any CPU
		{D7C427FF-A85A-4965-A595-8B9FB3051CBC}.Debug|Any CPU.Build.0 = Debug|Any CPU
		{D7C427FF-A85A-4965-A595-8B9FB3051CBC}.Release|Any CPU.ActiveCfg = Release|Any CPU
		{D7C427FF-A85A-4965-A595-8B9FB3051CBC}.Release|Any CPU.Build.0 = Release|Any CPU
		{249BC08D-5364-40CF-983A-8580DDA5B00B}.Debug|Any CPU.ActiveCfg = Debug|Any CPU
		{249BC08D-5364-40CF-983A-8580DDA5B00B}.Debug|Any CPU.Build.0 = Debug|Any CPU
		{249BC08D-5364-40CF-983A-8580DDA5B00B}.Release|Any CPU.ActiveCfg = Release|Any CPU
		{249BC08D-5364-40CF-983A-8580DDA5B00B}.Release|Any CPU.Build.0 = Release|Any CPU
		{4998E285-9BBB-4589-BC2D-56649563C765}.Debug|Any CPU.ActiveCfg = Debug|Any CPU
		{4998E285-9BBB-4589-BC2D-56649563C765}.Debug|Any CPU.Build.0 = Debug|Any CPU
		{4998E285-9BBB-4589-BC2D-56649563C765}.Release|Any CPU.ActiveCfg = Release|Any CPU
		{4998E285-9BBB-4589-BC2D-56649563C765}.Release|Any CPU.Build.0 = Release|Any CPU
		{B719E424-AD9C-4F95-A929-FC90EEF825A2}.Debug|Any CPU.ActiveCfg = Debug|Any CPU
		{B719E424-AD9C-4F95-A929-FC90EEF825A2}.Debug|Any CPU.Build.0 = Debug|Any CPU
		{B719E424-AD9C-4F95-A929-FC90EEF825A2}.Release|Any CPU.ActiveCfg = Release|Any CPU
		{B719E424-AD9C-4F95-A929-FC90EEF825A2}.Release|Any CPU.Build.0 = Release|Any CPU
		{A6F114EF-E02E-41F6-B8B5-0FADDB0FE98E}.Debug|Any CPU.ActiveCfg = Debug|Any CPU
		{A6F114EF-E02E-41F6-B8B5-0FADDB0FE98E}.Debug|Any CPU.Build.0 = Debug|Any CPU
		{A6F114EF-E02E-41F6-B8B5-0FADDB0FE98E}.Release|Any CPU.ActiveCfg = Release|Any CPU
		{A6F114EF-E02E-41F6-B8B5-0FADDB0FE98E}.Release|Any CPU.Build.0 = Release|Any CPU
		{8C11AFBA-5937-4B2B-A686-C1BFED362C4A}.Debug|Any CPU.ActiveCfg = Debug|Any CPU
		{8C11AFBA-5937-4B2B-A686-C1BFED362C4A}.Debug|Any CPU.Build.0 = Debug|Any CPU
		{8C11AFBA-5937-4B2B-A686-C1BFED362C4A}.Release|Any CPU.ActiveCfg = Release|Any CPU
		{8C11AFBA-5937-4B2B-A686-C1BFED362C4A}.Release|Any CPU.Build.0 = Release|Any CPU
		{1E179E43-3B81-47A2-974D-A0DE8733E057}.Debug|Any CPU.ActiveCfg = Debug|Any CPU
		{1E179E43-3B81-47A2-974D-A0DE8733E057}.Debug|Any CPU.Build.0 = Debug|Any CPU
		{1E179E43-3B81-47A2-974D-A0DE8733E057}.Release|Any CPU.ActiveCfg = Release|Any CPU
		{1E179E43-3B81-47A2-974D-A0DE8733E057}.Release|Any CPU.Build.0 = Release|Any CPU
		{C08BFC43-9B17-4899-8DA5-A21B49F269BE}.Debug|Any CPU.ActiveCfg = Debug|Any CPU
		{C08BFC43-9B17-4899-8DA5-A21B49F269BE}.Debug|Any CPU.Build.0 = Debug|Any CPU
		{C08BFC43-9B17-4899-8DA5-A21B49F269BE}.Release|Any CPU.ActiveCfg = Release|Any CPU
		{C08BFC43-9B17-4899-8DA5-A21B49F269BE}.Release|Any CPU.Build.0 = Release|Any CPU
		{A4C73A9D-AC1A-41E3-8508-1BDB5E0BCEAE}.Debug|Any CPU.ActiveCfg = Debug|Any CPU
		{A4C73A9D-AC1A-41E3-8508-1BDB5E0BCEAE}.Debug|Any CPU.Build.0 = Debug|Any CPU
		{A4C73A9D-AC1A-41E3-8508-1BDB5E0BCEAE}.Release|Any CPU.ActiveCfg = Release|Any CPU
		{A4C73A9D-AC1A-41E3-8508-1BDB5E0BCEAE}.Release|Any CPU.Build.0 = Release|Any CPU
		{8A964108-B109-4578-A47A-046BA430E62E}.Debug|Any CPU.ActiveCfg = Debug|Any CPU
		{8A964108-B109-4578-A47A-046BA430E62E}.Debug|Any CPU.Build.0 = Debug|Any CPU
		{8A964108-B109-4578-A47A-046BA430E62E}.Release|Any CPU.ActiveCfg = Release|Any CPU
		{8A964108-B109-4578-A47A-046BA430E62E}.Release|Any CPU.Build.0 = Release|Any CPU
		{A5DF5EB2-97FD-4531-8571-935A9D1E3F0D}.Debug|Any CPU.ActiveCfg = Debug|Any CPU
		{A5DF5EB2-97FD-4531-8571-935A9D1E3F0D}.Debug|Any CPU.Build.0 = Debug|Any CPU
		{A5DF5EB2-97FD-4531-8571-935A9D1E3F0D}.Release|Any CPU.ActiveCfg = Release|Any CPU
		{A5DF5EB2-97FD-4531-8571-935A9D1E3F0D}.Release|Any CPU.Build.0 = Release|Any CPU
	EndGlobalSection
	GlobalSection(SolutionProperties) = preSolution
		HideSolutionNode = FALSE
	EndGlobalSection
	GlobalSection(NestedProjects) = preSolution
		{15D9EFFA-34D7-437F-8554-31132E9286F0} = {BF9A9E62-6484-4681-8936-AD351EF87D9A}
		{78D7F7DC-33C4-4CF6-9976-9B3B227D993D} = {BF9A9E62-6484-4681-8936-AD351EF87D9A}
		{D7C427FF-A85A-4965-A595-8B9FB3051CBC} = {BF9A9E62-6484-4681-8936-AD351EF87D9A}
		{249BC08D-5364-40CF-983A-8580DDA5B00B} = {BF9A9E62-6484-4681-8936-AD351EF87D9A}
		{4998E285-9BBB-4589-BC2D-56649563C765} = {BF9A9E62-6484-4681-8936-AD351EF87D9A}
		{B719E424-AD9C-4F95-A929-FC90EEF825A2} = {BF9A9E62-6484-4681-8936-AD351EF87D9A}
		{A6F114EF-E02E-41F6-B8B5-0FADDB0FE98E} = {BF9A9E62-6484-4681-8936-AD351EF87D9A}
		{8C11AFBA-5937-4B2B-A686-C1BFED362C4A} = {BF9A9E62-6484-4681-8936-AD351EF87D9A}
		{1E179E43-3B81-47A2-974D-A0DE8733E057} = {BF9A9E62-6484-4681-8936-AD351EF87D9A}
		{C08BFC43-9B17-4899-8DA5-A21B49F269BE} = {BF9A9E62-6484-4681-8936-AD351EF87D9A}
		{A4C73A9D-AC1A-41E3-8508-1BDB5E0BCEAE} = {BF9A9E62-6484-4681-8936-AD351EF87D9A}
		{8A964108-B109-4578-A47A-046BA430E62E} = {BF9A9E62-6484-4681-8936-AD351EF87D9A}
		{A5DF5EB2-97FD-4531-8571-935A9D1E3F0D} = {BF9A9E62-6484-4681-8936-AD351EF87D9A}
	EndGlobalSection
	GlobalSection(ExtensibilityGlobals) = postSolution
		SolutionGuid = {8C4FAF16-4BB4-4E62-A754-A6F3C61E5B20}
	EndGlobalSection
EndGlobal
