
Microsoft Visual Studio Solution File, Format Version 12.00
# Visual Studio Version 17
VisualStudioVersion = 17.9.34728.123
MinimumVisualStudioVersion = 10.0.40219.1
Project("{FAE04EC0-301F-11D3-BF4B-00C04F79EFBC}") = "FWBS.WF.OMS.ActivityLibrary", "FWBS.WF.OMS.ActivityLibrary\FWBS.WF.OMS.ActivityLibrary.csproj", "{249951D1-728F-4D05-9028-3AD705244643}"
	ProjectSection(ProjectDependencies) = postProject
		{249BC08D-5364-40CF-983A-8580DDA5B00B} = {249BC08D-5364-40CF-983A-8580DDA5B00B}
	EndProjectSection
EndProject
Project("{FAE04EC0-301F-11D3-BF4B-00C04F79EFBC}") = "ActivityLibraryTest", "ActivityLibraryTest\ActivityLibraryTest.csproj", "{22D5FA73-B95E-43C5-8C83-36C9CA3F89A4}"
EndProject
Project("{2150E333-8FDC-42A3-9474-1A3956D46DE8}") = "Core", "Core", "{C8F8729D-AD43-4B2B-853A-6661610DA4FA}"
EndProject
Project("{FAE04EC0-301F-11D3-BF4B-00C04F79EFBC}") = "Common", "..\Core\Fwbs.Common\Common.csproj", "{4998E285-9BBB-4589-BC2D-56649563C765}"
EndProject
Project("{FAE04EC0-301F-11D3-BF4B-00C04F79EFBC}") = "Business", "..\Core\Fwbs.Oms.Library\Business.csproj", "{249BC08D-5364-40CF-983A-8580DDA5B00B}"
EndProject
Project("{FAE04EC0-301F-11D3-BF4B-00C04F79EFBC}") = "Data", "..\Core\Fwbs.Oms.Data\Data.csproj", "{A6F114EF-E02E-41F6-B8B5-0FADDB0FE98E}"
EndProject
Project("{FAE04EC0-301F-11D3-BF4B-00C04F79EFBC}") = "~Infrastructure", "..\Core\FWBS.OMS.Infrastructure\~Infrastructure.csproj", "{D7C427FF-A85A-4965-A595-8B9FB3051CBC}"
EndProject
Project("{FAE04EC0-301F-11D3-BF4B-00C04F79EFBC}") = "Windows", "..\Core\Fwbs.Oms.Windows\Windows.csproj", "{78D7F7DC-33C4-4CF6-9976-9B3B227D993D}"
EndProject
Project("{FAE04EC0-301F-11D3-BF4B-00C04F79EFBC}") = "ExternalAggregatorClient", "..\Core\ExternalAggregatorClient\ExternalAggregatorClient.csproj", "{A5DF5EB2-97FD-4531-8571-935A9D1E3F0D}"
EndProject
Project("{FAE04EC0-301F-11D3-BF4B-00C04F79EFBC}") = "DocProps", "..\Core\Document Properties\Fwbs.Common.DocumentProperties\DocProps.csproj", "{1E179E43-3B81-47A2-974D-A0DE8733E057}"
EndProject
Project("{FAE04EC0-301F-11D3-BF4B-00C04F79EFBC}") = "FWBS.WF.ActivityLibrary", "..\Addins\Workflow4\FWBS.WF.ActivityLibrary\FWBS.WF.ActivityLibrary.csproj", "{46A5C416-9A05-4B78-A9E3-1900C6397F0C}"
	ProjectSection(ProjectDependencies) = postProject
		{249BC08D-5364-40CF-983A-8580DDA5B00B} = {249BC08D-5364-40CF-983A-8580DDA5B00B}
	EndProjectSection
EndProject
Project("{FAE04EC0-301F-11D3-BF4B-00C04F79EFBC}") = "Common.Windows", "..\Core\Fwbs.Common.Windows.Controls\Common.Windows.csproj", "{B719E424-AD9C-4F95-A929-FC90EEF825A2}"
EndProject
Project("{FAE04EC0-301F-11D3-BF4B-00C04F79EFBC}") = "Elasticsearch", "..\Core\Elasticsearch\Elasticsearch.csproj", "{8C11AFBA-5937-4B2B-A686-C1BFED362C4A}"
EndProject
Project("{FAE04EC0-301F-11D3-BF4B-00C04F79EFBC}") = "DocumentPreviewer", "..\Core\Document Previewer\DocumentPreviewer\DocumentPreviewer.csproj", "{C08BFC43-9B17-4899-8DA5-A21B49F269BE}"
EndProject
Project("{FAE04EC0-301F-11D3-BF4B-00C04F79EFBC}") = "FWBS.DocumentPreviewer.Infrastructure", "..\Core\Document Previewer\FWBS.DocumentPreviewer.Infrastrucutre\FWBS.DocumentPreviewer.Infrastructure.csproj", "{A4C73A9D-AC1A-41E3-8508-1BDB5E0BCEAE}"
EndProject
Project("{FAE04EC0-301F-11D3-BF4B-00C04F79EFBC}") = "FWBS.WF.Packaging", "FWBS.WF.Packaging\FWBS.WF.Packaging.csproj", "{6D9AA4CF-7CC0-4A35-B422-87505E4B5775}"
	ProjectSection(ProjectDependencies) = postProject
		{249BC08D-5364-40CF-983A-8580DDA5B00B} = {249BC08D-5364-40CF-983A-8580DDA5B00B}
		{4998E285-9BBB-4589-BC2D-56649563C765} = {4998E285-9BBB-4589-BC2D-56649563C765}
	EndProjectSection
EndProject
Global
	GlobalSection(SolutionConfigurationPlatforms) = preSolution
		Debug|Any CPU = Debug|Any CPU
		Release|Any CPU = Release|Any CPU
	EndGlobalSection
	GlobalSection(ProjectConfigurationPlatforms) = postSolution
		{249951D1-728F-4D05-9028-3AD705244643}.Debug|Any CPU.ActiveCfg = Debug|Any CPU
		{249951D1-728F-4D05-9028-3AD705244643}.Debug|Any CPU.Build.0 = Debug|Any CPU
		{249951D1-728F-4D05-9028-3AD705244643}.Release|Any CPU.ActiveCfg = Release|Any CPU
		{249951D1-728F-4D05-9028-3AD705244643}.Release|Any CPU.Build.0 = Release|Any CPU
		{22D5FA73-B95E-43C5-8C83-36C9CA3F89A4}.Debug|Any CPU.ActiveCfg = Debug|Any CPU
		{22D5FA73-B95E-43C5-8C83-36C9CA3F89A4}.Debug|Any CPU.Build.0 = Debug|Any CPU
		{22D5FA73-B95E-43C5-8C83-36C9CA3F89A4}.Release|Any CPU.ActiveCfg = Release|Any CPU
		{22D5FA73-B95E-43C5-8C83-36C9CA3F89A4}.Release|Any CPU.Build.0 = Release|Any CPU
		{4998E285-9BBB-4589-BC2D-56649563C765}.Debug|Any CPU.ActiveCfg = Debug|Any CPU
		{4998E285-9BBB-4589-BC2D-56649563C765}.Debug|Any CPU.Build.0 = Debug|Any CPU
		{4998E285-9BBB-4589-BC2D-56649563C765}.Release|Any CPU.ActiveCfg = Release|Any CPU
		{4998E285-9BBB-4589-BC2D-56649563C765}.Release|Any CPU.Build.0 = Release|Any CPU
		{249BC08D-5364-40CF-983A-8580DDA5B00B}.Debug|Any CPU.ActiveCfg = Debug|Any CPU
		{249BC08D-5364-40CF-983A-8580DDA5B00B}.Debug|Any CPU.Build.0 = Debug|Any CPU
		{249BC08D-5364-40CF-983A-8580DDA5B00B}.Release|Any CPU.ActiveCfg = Release|Any CPU
		{249BC08D-5364-40CF-983A-8580DDA5B00B}.Release|Any CPU.Build.0 = Release|Any CPU
		{A6F114EF-E02E-41F6-B8B5-0FADDB0FE98E}.Debug|Any CPU.ActiveCfg = Debug|Any CPU
		{A6F114EF-E02E-41F6-B8B5-0FADDB0FE98E}.Debug|Any CPU.Build.0 = Debug|Any CPU
		{A6F114EF-E02E-41F6-B8B5-0FADDB0FE98E}.Release|Any CPU.ActiveCfg = Release|Any CPU
		{A6F114EF-E02E-41F6-B8B5-0FADDB0FE98E}.Release|Any CPU.Build.0 = Release|Any CPU
		{D7C427FF-A85A-4965-A595-8B9FB3051CBC}.Debug|Any CPU.ActiveCfg = Debug|Any CPU
		{D7C427FF-A85A-4965-A595-8B9FB3051CBC}.Debug|Any CPU.Build.0 = Debug|Any CPU
		{D7C427FF-A85A-4965-A595-8B9FB3051CBC}.Release|Any CPU.ActiveCfg = Release|Any CPU
		{D7C427FF-A85A-4965-A595-8B9FB3051CBC}.Release|Any CPU.Build.0 = Release|Any CPU
		{78D7F7DC-33C4-4CF6-9976-9B3B227D993D}.Debug|Any CPU.ActiveCfg = Debug|Any CPU
		{78D7F7DC-33C4-4CF6-9976-9B3B227D993D}.Debug|Any CPU.Build.0 = Debug|Any CPU
		{78D7F7DC-33C4-4CF6-9976-9B3B227D993D}.Release|Any CPU.ActiveCfg = Release|Any CPU
		{78D7F7DC-33C4-4CF6-9976-9B3B227D993D}.Release|Any CPU.Build.0 = Release|Any CPU
		{A5DF5EB2-97FD-4531-8571-935A9D1E3F0D}.Debug|Any CPU.ActiveCfg = Debug|Any CPU
		{A5DF5EB2-97FD-4531-8571-935A9D1E3F0D}.Debug|Any CPU.Build.0 = Debug|Any CPU
		{A5DF5EB2-97FD-4531-8571-935A9D1E3F0D}.Release|Any CPU.ActiveCfg = Release|Any CPU
		{A5DF5EB2-97FD-4531-8571-935A9D1E3F0D}.Release|Any CPU.Build.0 = Release|Any CPU
		{1E179E43-3B81-47A2-974D-A0DE8733E057}.Debug|Any CPU.ActiveCfg = Debug|Any CPU
		{1E179E43-3B81-47A2-974D-A0DE8733E057}.Debug|Any CPU.Build.0 = Debug|Any CPU
		{1E179E43-3B81-47A2-974D-A0DE8733E057}.Release|Any CPU.ActiveCfg = Release|Any CPU
		{1E179E43-3B81-47A2-974D-A0DE8733E057}.Release|Any CPU.Build.0 = Release|Any CPU
		{46A5C416-9A05-4B78-A9E3-1900C6397F0C}.Debug|Any CPU.ActiveCfg = Debug|Any CPU
		{46A5C416-9A05-4B78-A9E3-1900C6397F0C}.Debug|Any CPU.Build.0 = Debug|Any CPU
		{46A5C416-9A05-4B78-A9E3-1900C6397F0C}.Release|Any CPU.ActiveCfg = Release|Any CPU
		{46A5C416-9A05-4B78-A9E3-1900C6397F0C}.Release|Any CPU.Build.0 = Release|Any CPU
		{B719E424-AD9C-4F95-A929-FC90EEF825A2}.Debug|Any CPU.ActiveCfg = Debug|Any CPU
		{B719E424-AD9C-4F95-A929-FC90EEF825A2}.Debug|Any CPU.Build.0 = Debug|Any CPU
		{B719E424-AD9C-4F95-A929-FC90EEF825A2}.Release|Any CPU.ActiveCfg = Release|Any CPU
		{B719E424-AD9C-4F95-A929-FC90EEF825A2}.Release|Any CPU.Build.0 = Release|Any CPU
		{8C11AFBA-5937-4B2B-A686-C1BFED362C4A}.Debug|Any CPU.ActiveCfg = Debug|Any CPU
		{8C11AFBA-5937-4B2B-A686-C1BFED362C4A}.Debug|Any CPU.Build.0 = Debug|Any CPU
		{8C11AFBA-5937-4B2B-A686-C1BFED362C4A}.Release|Any CPU.ActiveCfg = Release|Any CPU
		{8C11AFBA-5937-4B2B-A686-C1BFED362C4A}.Release|Any CPU.Build.0 = Release|Any CPU
		{C08BFC43-9B17-4899-8DA5-A21B49F269BE}.Debug|Any CPU.ActiveCfg = Debug|Any CPU
		{C08BFC43-9B17-4899-8DA5-A21B49F269BE}.Debug|Any CPU.Build.0 = Debug|Any CPU
		{C08BFC43-9B17-4899-8DA5-A21B49F269BE}.Release|Any CPU.ActiveCfg = Release|Any CPU
		{C08BFC43-9B17-4899-8DA5-A21B49F269BE}.Release|Any CPU.Build.0 = Release|Any CPU
		{A4C73A9D-AC1A-41E3-8508-1BDB5E0BCEAE}.Debug|Any CPU.ActiveCfg = Debug|Any CPU
		{A4C73A9D-AC1A-41E3-8508-1BDB5E0BCEAE}.Debug|Any CPU.Build.0 = Debug|Any CPU
		{A4C73A9D-AC1A-41E3-8508-1BDB5E0BCEAE}.Release|Any CPU.ActiveCfg = Release|Any CPU
		{A4C73A9D-AC1A-41E3-8508-1BDB5E0BCEAE}.Release|Any CPU.Build.0 = Release|Any CPU
		{6D9AA4CF-7CC0-4A35-B422-87505E4B5775}.Debug|Any CPU.ActiveCfg = Debug|Any CPU
		{6D9AA4CF-7CC0-4A35-B422-87505E4B5775}.Debug|Any CPU.Build.0 = Debug|Any CPU
		{6D9AA4CF-7CC0-4A35-B422-87505E4B5775}.Release|Any CPU.ActiveCfg = Release|Any CPU
		{6D9AA4CF-7CC0-4A35-B422-87505E4B5775}.Release|Any CPU.Build.0 = Release|Any CPU
	EndGlobalSection
	GlobalSection(SolutionProperties) = preSolution
		HideSolutionNode = FALSE
	EndGlobalSection
	GlobalSection(NestedProjects) = preSolution
		{4998E285-9BBB-4589-BC2D-56649563C765} = {C8F8729D-AD43-4B2B-853A-6661610DA4FA}
		{249BC08D-5364-40CF-983A-8580DDA5B00B} = {C8F8729D-AD43-4B2B-853A-6661610DA4FA}
		{A6F114EF-E02E-41F6-B8B5-0FADDB0FE98E} = {C8F8729D-AD43-4B2B-853A-6661610DA4FA}
		{D7C427FF-A85A-4965-A595-8B9FB3051CBC} = {C8F8729D-AD43-4B2B-853A-6661610DA4FA}
		{78D7F7DC-33C4-4CF6-9976-9B3B227D993D} = {C8F8729D-AD43-4B2B-853A-6661610DA4FA}
		{A5DF5EB2-97FD-4531-8571-935A9D1E3F0D} = {C8F8729D-AD43-4B2B-853A-6661610DA4FA}
		{1E179E43-3B81-47A2-974D-A0DE8733E057} = {C8F8729D-AD43-4B2B-853A-6661610DA4FA}
		{B719E424-AD9C-4F95-A929-FC90EEF825A2} = {C8F8729D-AD43-4B2B-853A-6661610DA4FA}
		{8C11AFBA-5937-4B2B-A686-C1BFED362C4A} = {C8F8729D-AD43-4B2B-853A-6661610DA4FA}
		{C08BFC43-9B17-4899-8DA5-A21B49F269BE} = {C8F8729D-AD43-4B2B-853A-6661610DA4FA}
		{A4C73A9D-AC1A-41E3-8508-1BDB5E0BCEAE} = {C8F8729D-AD43-4B2B-853A-6661610DA4FA}
	EndGlobalSection
	GlobalSection(ExtensibilityGlobals) = postSolution
		SolutionGuid = {A6EAA2AF-CC63-42CA-BA0E-6B4B7F1D45F0}
	EndGlobalSection
EndGlobal
