Microsoft Visual Studio Solution File, Format Version 12.00
# Visual Studio Version 17
VisualStudioVersion = 17.9.34728.123
MinimumVisualStudioVersion = 10.0.40219.1
Project("{2150E333-8FDC-42A3-9474-1A3956D46DE8}") = "Core", "Core", "{1F8699EF-EA08-4870-84DA-9B769BC43498}"
	ProjectSection(FolderStartupServices) = postProject
		{967B4E0D-AD0C-4609-AB67-0FA40C0206D8} = {967B4E0D-AD0C-4609-AB67-0FA40C0206D8}
	EndProjectSection
EndProject
Project("{2150E333-8FDC-42A3-9474-1A3956D46DE8}") = "GAC Installation", "GAC Installation", "{99CFAFCD-3C08-4B4A-ACDC-091973272DCE}"
	ProjectSection(SolutionItems) = preProject
		Alias.xml = Alias.xml
	EndProjectSection
EndProject
Project("{2150E333-8FDC-42A3-9474-1A3956D46DE8}") = "DocProps", "DocProps", "{24D89175-479B-442F-9A2E-40E3A3008985}"
EndProject
Project("{2150E333-8FDC-42A3-9474-1A3956D46DE8}") = "DocPreview", "DocPreview", "{3560E84D-F3CE-4D79-AE28-EA774E728A62}"
EndProject
Project("{2150E333-8FDC-42A3-9474-1A3956D46DE8}") = "Service Libraries", "Service Libraries", "{158D1317-FC1E-4F9A-AA7D-2BA6C4AC02A3}"
EndProject
Project("{FAE04EC0-301F-11D3-BF4B-00C04F79EFBC}") = "Common", "Fwbs.Common\Common.csproj", "{4998E285-9BBB-4589-BC2D-56649563C765}"
EndProject
Project("{FAE04EC0-301F-11D3-BF4B-00C04F79EFBC}") = "Data", "Fwbs.Oms.Data\Data.csproj", "{A6F114EF-E02E-41F6-B8B5-0FADDB0FE98E}"
EndProject
Project("{FAE04EC0-301F-11D3-BF4B-00C04F79EFBC}") = "Business", "Fwbs.Oms.Library\Business.csproj", "{249BC08D-5364-40CF-983A-8580DDA5B00B}"
EndProject
Project("{FAE04EC0-301F-11D3-BF4B-00C04F79EFBC}") = "Common.Windows", "Fwbs.Common.Windows.Controls\Common.Windows.csproj", "{B719E424-AD9C-4F95-A929-FC90EEF825A2}"
EndProject
Project("{FAE04EC0-301F-11D3-BF4B-00C04F79EFBC}") = "Windows", "Fwbs.Oms.Windows\Windows.csproj", "{78D7F7DC-33C4-4CF6-9976-9B3B227D993D}"
EndProject
Project("{FAE04EC0-301F-11D3-BF4B-00C04F79EFBC}") = "Windows.Reports", "Fwbs.Oms.Windows.Reports\Windows.Reports.csproj", "{2755BC62-2960-477F-B70D-4EBE591A6256}"
EndProject
Project("{FAE04EC0-301F-11D3-BF4B-00C04F79EFBC}") = "AdminKit", "Fwbs.Oms.Windows.Admin\AdminKit.csproj", "{5141AFAA-8BE8-488E-97DF-D866DFAC396A}"
	ProjectSection(ProjectDependencies) = postProject
		{8A721804-5E30-458D-8568-D77C6EC7F9C0} = {8A721804-5E30-458D-8568-D77C6EC7F9C0}
		{8A964108-B109-4578-A47A-046BA430E62E} = {8A964108-B109-4578-A47A-046BA430E62E}
		{A17ADE40-4772-4D22-B566-B614919211D7} = {A17ADE40-4772-4D22-B566-B614919211D7}
		{1E179E43-3B81-47A2-974D-A0DE8733E057} = {1E179E43-3B81-47A2-974D-A0DE8733E057}
		{C08BFC43-9B17-4899-8DA5-A21B49F269BE} = {C08BFC43-9B17-4899-8DA5-A21B49F269BE}
		{E23D2D56-4E1E-44A7-94BC-493CE96B2A73} = {E23D2D56-4E1E-44A7-94BC-493CE96B2A73}
		{4A5A6861-46A6-4CBA-82EE-5207D1C2E9D2} = {4A5A6861-46A6-4CBA-82EE-5207D1C2E9D2}
		{235CCE83-2946-4D4B-9985-2B53FCFC1970} = {235CCE83-2946-4D4B-9985-2B53FCFC1970}
		{8A93C984-125A-4AAE-AEEE-3A81B015E520} = {8A93C984-125A-4AAE-AEEE-3A81B015E520}
		{A8898098-B6A3-4CC1-98AF-FAF713F1E4A6} = {A8898098-B6A3-4CC1-98AF-FAF713F1E4A6}
		{A4C73A9D-AC1A-41E3-8508-1BDB5E0BCEAE} = {A4C73A9D-AC1A-41E3-8508-1BDB5E0BCEAE}
		{A5DF5EB2-97FD-4531-8571-935A9D1E3F0D} = {A5DF5EB2-97FD-4531-8571-935A9D1E3F0D}
		{900A63BD-B627-4AAA-BB38-74A9315D2DD4} = {900A63BD-B627-4AAA-BB38-74A9315D2DD4}
		{D48A11C1-096C-489F-BC6D-0CC1F8047DA7} = {D48A11C1-096C-489F-BC6D-0CC1F8047DA7}
		{3EA4C4C2-EADA-48FD-BD79-83C94BE71392} = {3EA4C4C2-EADA-48FD-BD79-83C94BE71392}
		{87A255CF-5FD3-47D4-A8E9-0680928DC659} = {87A255CF-5FD3-47D4-A8E9-0680928DC659}
	EndProjectSection
EndProject
Project("{FAE04EC0-301F-11D3-BF4B-00C04F79EFBC}") = "AdminKitDesigner", "Fwbs.Oms.Windows.Admin\AdminKitDesigner.csproj", "{A8898098-B6A3-4CC1-98AF-FAF713F1E4A6}"
EndProject
Project("{FAE04EC0-301F-11D3-BF4B-00C04F79EFBC}") = "Utilities", "Fwbs.Oms.Utils\Utilities.csproj", "{8A93C984-125A-4AAE-AEEE-3A81B015E520}"
	ProjectSection(ProjectDependencies) = postProject
		{B719E424-AD9C-4F95-A929-FC90EEF825A2} = {B719E424-AD9C-4F95-A929-FC90EEF825A2}
		{2755BC62-2960-477F-B70D-4EBE591A6256} = {2755BC62-2960-477F-B70D-4EBE591A6256}
		{87A255CF-5FD3-47D4-A8E9-0680928DC659} = {87A255CF-5FD3-47D4-A8E9-0680928DC659}
	EndProjectSection
EndProject
Project("{FAE04EC0-301F-11D3-BF4B-00C04F79EFBC}") = "Windows.Reports.UI", "Windows.Reports.UI\Windows.Reports.UI.csproj", "{87A255CF-5FD3-47D4-A8E9-0680928DC659}"
EndProject
Project("{FAE04EC0-301F-11D3-BF4B-00C04F79EFBC}") = "ResourceLookup", "Fwbs.Oms.ResourceLookup\ResourceLookup.csproj", "{8A964108-B109-4578-A47A-046BA430E62E}"
EndProject
Project("{FAE04EC0-301F-11D3-BF4B-00C04F79EFBC}") = "DialogInterceptor", "Dialog Interceptor\Fwbs.Oms.DialogInterceptor\DialogInterceptor.csproj", "{D48A11C1-096C-489F-BC6D-0CC1F8047DA7}"
	ProjectSection(ProjectDependencies) = postProject
		{6420D699-E0F5-4567-A1E2-A7DDA8A23941} = {6420D699-E0F5-4567-A1E2-A7DDA8A23941}
	EndProjectSection
EndProject
Project("{8BC9CEB8-8B4A-11D0-8D11-00A0C91BC942}") = "OMS.DialogInterceptor.Hook", "Dialog Interceptor\Fwbs.Oms.DialogInterceptor.Hook\Fwbs.Oms.DialogInterceptor.Hook.vcxproj", "{565A5251-376A-40FB-9D4B-E77A8F2E7589}"
EndProject
Project("{FAE04EC0-301F-11D3-BF4B-00C04F79EFBC}") = "DocProps", "Document Properties\Fwbs.Common.DocumentProperties\DocProps.csproj", "{1E179E43-3B81-47A2-974D-A0DE8733E057}"
EndProject
Project("{FAE04EC0-301F-11D3-BF4B-00C04F79EFBC}") = "MsgProperties", "Document Properties\Fwbs.Common.MsgProperties\MsgProperties.csproj", "{235CCE83-2946-4D4B-9985-2B53FCFC1970}"
EndProject
Project("{FAE04EC0-301F-11D3-BF4B-00C04F79EFBC}") = "OleProperties", "Document Properties\Fwbs.Common.OleProperties\OleProperties.csproj", "{E23D2D56-4E1E-44A7-94BC-493CE96B2A73}"
EndProject
Project("{FAE04EC0-301F-11D3-BF4B-00C04F79EFBC}") = "OfficeXpsProperties", "Document Properties\Fwbs.Common.OfficeXpsProperties\OfficeXpsProperties.csproj", "{4A5A6861-46A6-4CBA-82EE-5207D1C2E9D2}"
EndProject
Project("{FAE04EC0-301F-11D3-BF4B-00C04F79EFBC}") = "PackageProperties", "Document Properties\Fwbs.Common.PackageProperties\PackageProperties.csproj", "{900A63BD-B627-4AAA-BB38-74A9315D2DD4}"
EndProject
Project("{FAE04EC0-301F-11D3-BF4B-00C04F79EFBC}") = "JZipPackageProperties", "Document Properties\Fwbs.Common.JZipPackageProperties\JZipPackageProperties.csproj", "{8A721804-5E30-458D-8568-D77C6EC7F9C0}"
EndProject
Project("{FAE04EC0-301F-11D3-BF4B-00C04F79EFBC}") = "DocProps.Test", "Document Properties\Fwbs.Documents.Test\DocProps.Test.csproj", "{BB5A801F-7857-4492-B9AE-F8FEA6B2245A}"
EndProject
Project("{FAE04EC0-301F-11D3-BF4B-00C04F79EFBC}") = "ExternalAggregatorClient", "ExternalAggregatorClient\ExternalAggregatorClient.csproj", "{A5DF5EB2-97FD-4531-8571-935A9D1E3F0D}"
EndProject
Project("{FAE04EC0-301F-11D3-BF4B-00C04F79EFBC}") = "FWBS.Logging", "FWBS.Logging\FWBS.Logging.csproj", "{A17ADE40-4772-4D22-B566-B614919211D7}"
EndProject
Project("{FAE04EC0-301F-11D3-BF4B-00C04F79EFBC}") = "~Infrastructure", "FWBS.OMS.Infrastructure\~Infrastructure.csproj", "{D7C427FF-A85A-4965-A595-8B9FB3051CBC}"
EndProject
Project("{FAE04EC0-301F-11D3-BF4B-00C04F79EFBC}") = "ExternalReports", "Fwbs.Oms.Windows.ReportsExt\ExternalReports.csproj", "{3EA4C4C2-EADA-48FD-BD79-83C94BE71392}"
EndProject
Project("{FAE04EC0-301F-11D3-BF4B-00C04F79EFBC}") = "DocumentPreviewer", "Document Previewer\DocumentPreviewer\DocumentPreviewer.csproj", "{C08BFC43-9B17-4899-8DA5-A21B49F269BE}"
EndProject
Project("{FAE04EC0-301F-11D3-BF4B-00C04F79EFBC}") = "FWBS.DocumentPreviewer.Infrastructure", "Document Previewer\FWBS.DocumentPreviewer.Infrastrucutre\FWBS.DocumentPreviewer.Infrastructure.csproj", "{A4C73A9D-AC1A-41E3-8508-1BDB5E0BCEAE}"
EndProject
Project("{FAE04EC0-301F-11D3-BF4B-00C04F79EFBC}") = "FWBS.DocumentPreviewer.Zip", "Document Previewer\FWBS.DocumentPreviewer.Zip\FWBS.DocumentPreviewer.Zip.csproj", "{C465E049-4ECF-4383-88BE-91F562CF9592}"
EndProject
Project("{FAE04EC0-301F-11D3-BF4B-00C04F79EFBC}") = "FWBS.DocumentPreviewer.Msg", "Document Previewer\FWBS.DocumentPreviewer.Msg\FWBS.DocumentPreviewer.Msg.csproj", "{321C35EC-F344-4A68-8A5A-6D5143502BC8}"
EndProject
Project("{FAE04EC0-301F-11D3-BF4B-00C04F79EFBC}") = "FWBS.DocumentPreviewer.Image", "Document Previewer\FWBS.DocumentPreviewer.Image\FWBS.DocumentPreviewer.Image.csproj", "{9AA91A09-B319-451B-8C06-01577541CA2C}"
EndProject
Project("{FAE04EC0-301F-11D3-BF4B-00C04F79EFBC}") = "FWBS.DocumentPreviewer.Csv", "Document Previewer\FWBS.DocumentPreviewer.Csv\FWBS.DocumentPreviewer.Csv.csproj", "{16520867-F36A-400E-A365-60BADFE40F11}"
EndProject
Project("{FAE04EC0-301F-11D3-BF4B-00C04F79EFBC}") = "FWBS.DocumentPreviewer.Xps", "Document Previewer\FWBS.DocumentPreviewer.Xps\FWBS.DocumentPreviewer.Xps.csproj", "{BFDA6B89-2605-41C0-99C9-98B1609FF687}"
EndProject
Project("{FAE04EC0-301F-11D3-BF4B-00C04F79EFBC}") = "FWBS.Controls.XpsViewer", "Document Previewer\FWBS.Controls.XpsViewer\FWBS.Controls.XpsViewer.csproj", "{8E5C9473-FD79-4BFF-A5C6-E4DC9EE87695}"
EndProject
Project("{FAE04EC0-301F-11D3-BF4B-00C04F79EFBC}") = "FWBS.DocumentPreviewer.Word", "Document Previewer\FWBS.DocumentPreviewer.Word\FWBS.DocumentPreviewer.Word.csproj", "{4F0C435C-166C-4FF2-BE5D-8440600038E0}"
EndProject
Project("{FAE04EC0-301F-11D3-BF4B-00C04F79EFBC}") = "FWBS.DocumentPreviewer.Excel", "Document Previewer\FWBS.DocumentPreviewer.Excel\FWBS.DocumentPreviewer.Excel.csproj", "{BAB9B560-1184-48F6-81A9-D1AA0408B16A}"
EndProject
Project("{FAE04EC0-301F-11D3-BF4B-00C04F79EFBC}") = "PreviewTest", "Document Previewer\PreviewTest\PreviewTest.csproj", "{BE97242C-0182-4C6C-8DF5-EC61225E392C}"
EndProject
Project("{FAE04EC0-301F-11D3-BF4B-00C04F79EFBC}") = "Common.Test", "Common.Test\Common.Test.csproj", "{404C23EF-CF38-4E0E-AB9B-ABBBDF81A1EB}"
EndProject
Project("{FAE04EC0-301F-11D3-BF4B-00C04F79EFBC}") = "PDFConversion", "DocumentPDFConversion\PDFConversion\PDFConversion.csproj", "{382252A0-D37C-4E43-B5E2-E0CADA94693D}"
EndProject
Project("{FAE04EC0-301F-11D3-BF4B-00C04F79EFBC}") = "TIFFConversion", "TIFFConversion\TIFFConversion.csproj", "{15D9EFFA-34D7-437F-8554-31132E9286F0}"
EndProject
Project("{2150E333-8FDC-42A3-9474-1A3956D46DE8}") = "File Conversion", "File Conversion", "{48B3C95D-2328-476C-B29C-44AE39AC5D25}"
EndProject
Project("{FAE04EC0-301F-11D3-BF4B-00C04F79EFBC}") = "Elasticsearch", "Elasticsearch\Elasticsearch.csproj", "{8C11AFBA-5937-4B2B-A686-C1BFED362C4A}"
EndProject
Project("{FAE04EC0-301F-11D3-BF4B-00C04F79EFBC}") = "Elasticsearch.Tests", "Elasticsearch.Tests\Elasticsearch.Tests.csproj", "{8EDF4429-251A-416D-BB68-93F227191BCF}"
EndProject
Project("{FAE04EC0-301F-11D3-BF4B-00C04F79EFBC}") = "UnitTestBase", "UnitTestBase\UnitTestBase.csproj", "{C57FE530-7902-4DB8-9BC4-E2C6C892AB09}"
EndProject
Project("{FAE04EC0-301F-11D3-BF4B-00C04F79EFBC}") = "Common.Windows.Tests", "Common.Windows.Tests\Common.Windows.Tests.csproj", "{B481EB39-A9AF-495E-9843-4A878C76E916}"
EndProject
Project("{FAE04EC0-301F-11D3-BF4B-00C04F79EFBC}") = "Windows.Tests", "Windows.Tests\Windows.Tests.csproj", "{D958B602-B0F7-42A9-9B86-9425A55C17FC}"
EndProject
Project("{FAE04EC0-301F-11D3-BF4B-00C04F79EFBC}") = "OfficeProperties", "OfficeProperties\OfficeProperties.csproj", "{C420D7AC-5F1B-4BCF-8F13-90E091A77276}"
EndProject
Project("{FAE04EC0-301F-11D3-BF4B-00C04F79EFBC}") = "Data.Tests", "Data.Tests\Data.Tests.csproj", "{BC25C514-C037-4EB5-B275-C54F236E6D4A}"
EndProject
Project("{FAE04EC0-301F-11D3-BF4B-00C04F79EFBC}") = "MSCacheMgr", "MSCacheMgr\MSCacheMgr\MSCacheMgr.csproj", "{BE37970E-C313-4619-96CA-541F6A7180C6}"
EndProject
Project("{FAE04EC0-301F-11D3-BF4B-00C04F79EFBC}") = "WindowFinder", "Fwbs.WindowFinder\WindowFinder.csproj", "{6420D699-E0F5-4567-A1E2-A7DDA8A23941}"
EndProject
Project("{FAE04EC0-301F-11D3-BF4B-00C04F79EFBC}") = "Business.Test", "Business.Test\Business.Test.csproj", "{B2E9DA3F-6E54-424B-A91C-83B8BF00271C}"
EndProject
Global
	GlobalSection(SolutionConfigurationPlatforms) = preSolution
		Debug|Any CPU = Debug|Any CPU
		Release|Any CPU = Release|Any CPU
	EndGlobalSection
	GlobalSection(ProjectConfigurationPlatforms) = postSolution
		{4998E285-9BBB-4589-BC2D-56649563C765}.Debug|Any CPU.ActiveCfg = Debug|Any CPU
		{4998E285-9BBB-4589-BC2D-56649563C765}.Debug|Any CPU.Build.0 = Debug|Any CPU
		{4998E285-9BBB-4589-BC2D-56649563C765}.Release|Any CPU.ActiveCfg = Release|Any CPU
		{4998E285-9BBB-4589-BC2D-56649563C765}.Release|Any CPU.Build.0 = Release|Any CPU
		{A6F114EF-E02E-41F6-B8B5-0FADDB0FE98E}.Debug|Any CPU.ActiveCfg = Debug|Any CPU
		{A6F114EF-E02E-41F6-B8B5-0FADDB0FE98E}.Debug|Any CPU.Build.0 = Debug|Any CPU
		{A6F114EF-E02E-41F6-B8B5-0FADDB0FE98E}.Release|Any CPU.ActiveCfg = Release|Any CPU
		{A6F114EF-E02E-41F6-B8B5-0FADDB0FE98E}.Release|Any CPU.Build.0 = Release|Any CPU
		{249BC08D-5364-40CF-983A-8580DDA5B00B}.Debug|Any CPU.ActiveCfg = Debug|Any CPU
		{249BC08D-5364-40CF-983A-8580DDA5B00B}.Debug|Any CPU.Build.0 = Debug|Any CPU
		{249BC08D-5364-40CF-983A-8580DDA5B00B}.Release|Any CPU.ActiveCfg = Release|Any CPU
		{249BC08D-5364-40CF-983A-8580DDA5B00B}.Release|Any CPU.Build.0 = Release|Any CPU
		{B719E424-AD9C-4F95-A929-FC90EEF825A2}.Debug|Any CPU.ActiveCfg = Debug|Any CPU
		{B719E424-AD9C-4F95-A929-FC90EEF825A2}.Debug|Any CPU.Build.0 = Debug|Any CPU
		{B719E424-AD9C-4F95-A929-FC90EEF825A2}.Release|Any CPU.ActiveCfg = Release|Any CPU
		{B719E424-AD9C-4F95-A929-FC90EEF825A2}.Release|Any CPU.Build.0 = Release|Any CPU
		{78D7F7DC-33C4-4CF6-9976-9B3B227D993D}.Debug|Any CPU.ActiveCfg = Debug|Any CPU
		{78D7F7DC-33C4-4CF6-9976-9B3B227D993D}.Debug|Any CPU.Build.0 = Debug|Any CPU
		{78D7F7DC-33C4-4CF6-9976-9B3B227D993D}.Release|Any CPU.ActiveCfg = Release|Any CPU
		{78D7F7DC-33C4-4CF6-9976-9B3B227D993D}.Release|Any CPU.Build.0 = Release|Any CPU
		{2755BC62-2960-477F-B70D-4EBE591A6256}.Debug|Any CPU.ActiveCfg = Debug|Any CPU
		{2755BC62-2960-477F-B70D-4EBE591A6256}.Debug|Any CPU.Build.0 = Debug|Any CPU
		{2755BC62-2960-477F-B70D-4EBE591A6256}.Release|Any CPU.ActiveCfg = Release|Any CPU
		{2755BC62-2960-477F-B70D-4EBE591A6256}.Release|Any CPU.Build.0 = Release|Any CPU
		{5141AFAA-8BE8-488E-97DF-D866DFAC396A}.Debug|Any CPU.ActiveCfg = Debug|Any CPU
		{5141AFAA-8BE8-488E-97DF-D866DFAC396A}.Debug|Any CPU.Build.0 = Debug|Any CPU
		{5141AFAA-8BE8-488E-97DF-D866DFAC396A}.Release|Any CPU.ActiveCfg = Release|Any CPU
		{5141AFAA-8BE8-488E-97DF-D866DFAC396A}.Release|Any CPU.Build.0 = Release|Any CPU
		{A8898098-B6A3-4CC1-98AF-FAF713F1E4A6}.Debug|Any CPU.ActiveCfg = Debug|Any CPU
		{A8898098-B6A3-4CC1-98AF-FAF713F1E4A6}.Debug|Any CPU.Build.0 = Debug|Any CPU
		{A8898098-B6A3-4CC1-98AF-FAF713F1E4A6}.Release|Any CPU.ActiveCfg = Release|Any CPU
		{A8898098-B6A3-4CC1-98AF-FAF713F1E4A6}.Release|Any CPU.Build.0 = Release|Any CPU
		{8A93C984-125A-4AAE-AEEE-3A81B015E520}.Debug|Any CPU.ActiveCfg = Debug|Any CPU
		{8A93C984-125A-4AAE-AEEE-3A81B015E520}.Debug|Any CPU.Build.0 = Debug|Any CPU
		{8A93C984-125A-4AAE-AEEE-3A81B015E520}.Release|Any CPU.ActiveCfg = Release|Any CPU
		{8A93C984-125A-4AAE-AEEE-3A81B015E520}.Release|Any CPU.Build.0 = Release|Any CPU
		{87A255CF-5FD3-47D4-A8E9-0680928DC659}.Debug|Any CPU.ActiveCfg = Debug|Any CPU
		{87A255CF-5FD3-47D4-A8E9-0680928DC659}.Debug|Any CPU.Build.0 = Debug|Any CPU
		{87A255CF-5FD3-47D4-A8E9-0680928DC659}.Release|Any CPU.ActiveCfg = Release|Any CPU
		{87A255CF-5FD3-47D4-A8E9-0680928DC659}.Release|Any CPU.Build.0 = Release|Any CPU
		{8A964108-B109-4578-A47A-046BA430E62E}.Debug|Any CPU.ActiveCfg = Debug|Any CPU
		{8A964108-B109-4578-A47A-046BA430E62E}.Debug|Any CPU.Build.0 = Debug|Any CPU
		{8A964108-B109-4578-A47A-046BA430E62E}.Release|Any CPU.ActiveCfg = Release|Any CPU
		{8A964108-B109-4578-A47A-046BA430E62E}.Release|Any CPU.Build.0 = Release|Any CPU
		{D48A11C1-096C-489F-BC6D-0CC1F8047DA7}.Debug|Any CPU.ActiveCfg = Debug|Any CPU
		{D48A11C1-096C-489F-BC6D-0CC1F8047DA7}.Debug|Any CPU.Build.0 = Debug|Any CPU
		{D48A11C1-096C-489F-BC6D-0CC1F8047DA7}.Release|Any CPU.ActiveCfg = Release|Any CPU
		{D48A11C1-096C-489F-BC6D-0CC1F8047DA7}.Release|Any CPU.Build.0 = Release|Any CPU
		{565A5251-376A-40FB-9D4B-E77A8F2E7589}.Debug|Any CPU.ActiveCfg = Debug|Win32
		{565A5251-376A-40FB-9D4B-E77A8F2E7589}.Debug|Any CPU.Build.0 = Debug|Win32
		{565A5251-376A-40FB-9D4B-E77A8F2E7589}.Release|Any CPU.ActiveCfg = Release|Win32
		{565A5251-376A-40FB-9D4B-E77A8F2E7589}.Release|Any CPU.Build.0 = Release|Win32
		{1E179E43-3B81-47A2-974D-A0DE8733E057}.Debug|Any CPU.ActiveCfg = Debug|Any CPU
		{1E179E43-3B81-47A2-974D-A0DE8733E057}.Debug|Any CPU.Build.0 = Debug|Any CPU
		{1E179E43-3B81-47A2-974D-A0DE8733E057}.Release|Any CPU.ActiveCfg = Release|Any CPU
		{1E179E43-3B81-47A2-974D-A0DE8733E057}.Release|Any CPU.Build.0 = Release|Any CPU
		{235CCE83-2946-4D4B-9985-2B53FCFC1970}.Debug|Any CPU.ActiveCfg = Debug|Any CPU
		{235CCE83-2946-4D4B-9985-2B53FCFC1970}.Debug|Any CPU.Build.0 = Debug|Any CPU
		{235CCE83-2946-4D4B-9985-2B53FCFC1970}.Release|Any CPU.ActiveCfg = Release|Any CPU
		{235CCE83-2946-4D4B-9985-2B53FCFC1970}.Release|Any CPU.Build.0 = Release|Any CPU
		{E23D2D56-4E1E-44A7-94BC-493CE96B2A73}.Debug|Any CPU.ActiveCfg = Debug|Any CPU
		{E23D2D56-4E1E-44A7-94BC-493CE96B2A73}.Debug|Any CPU.Build.0 = Debug|Any CPU
		{E23D2D56-4E1E-44A7-94BC-493CE96B2A73}.Release|Any CPU.ActiveCfg = Release|Any CPU
		{E23D2D56-4E1E-44A7-94BC-493CE96B2A73}.Release|Any CPU.Build.0 = Release|Any CPU
		{4A5A6861-46A6-4CBA-82EE-5207D1C2E9D2}.Debug|Any CPU.ActiveCfg = Debug|Any CPU
		{4A5A6861-46A6-4CBA-82EE-5207D1C2E9D2}.Debug|Any CPU.Build.0 = Debug|Any CPU
		{4A5A6861-46A6-4CBA-82EE-5207D1C2E9D2}.Release|Any CPU.ActiveCfg = Release|Any CPU
		{4A5A6861-46A6-4CBA-82EE-5207D1C2E9D2}.Release|Any CPU.Build.0 = Release|Any CPU
		{900A63BD-B627-4AAA-BB38-74A9315D2DD4}.Debug|Any CPU.ActiveCfg = Debug|Any CPU
		{900A63BD-B627-4AAA-BB38-74A9315D2DD4}.Debug|Any CPU.Build.0 = Debug|Any CPU
		{900A63BD-B627-4AAA-BB38-74A9315D2DD4}.Release|Any CPU.ActiveCfg = Release|Any CPU
		{900A63BD-B627-4AAA-BB38-74A9315D2DD4}.Release|Any CPU.Build.0 = Release|Any CPU
		{8A721804-5E30-458D-8568-D77C6EC7F9C0}.Debug|Any CPU.ActiveCfg = Debug|Any CPU
		{8A721804-5E30-458D-8568-D77C6EC7F9C0}.Debug|Any CPU.Build.0 = Debug|Any CPU
		{8A721804-5E30-458D-8568-D77C6EC7F9C0}.Release|Any CPU.ActiveCfg = Release|Any CPU
		{8A721804-5E30-458D-8568-D77C6EC7F9C0}.Release|Any CPU.Build.0 = Release|Any CPU
		{BB5A801F-7857-4492-B9AE-F8FEA6B2245A}.Debug|Any CPU.ActiveCfg = Debug|Any CPU
		{BB5A801F-7857-4492-B9AE-F8FEA6B2245A}.Debug|Any CPU.Build.0 = Debug|Any CPU
		{BB5A801F-7857-4492-B9AE-F8FEA6B2245A}.Release|Any CPU.ActiveCfg = Release|Any CPU
		{BB5A801F-7857-4492-B9AE-F8FEA6B2245A}.Release|Any CPU.Build.0 = Release|Any CPU
		{A5DF5EB2-97FD-4531-8571-935A9D1E3F0D}.Debug|Any CPU.ActiveCfg = Debug|Any CPU
		{A5DF5EB2-97FD-4531-8571-935A9D1E3F0D}.Debug|Any CPU.Build.0 = Debug|Any CPU
		{A5DF5EB2-97FD-4531-8571-935A9D1E3F0D}.Release|Any CPU.ActiveCfg = Release|Any CPU
		{A5DF5EB2-97FD-4531-8571-935A9D1E3F0D}.Release|Any CPU.Build.0 = Release|Any CPU
		{A17ADE40-4772-4D22-B566-B614919211D7}.Debug|Any CPU.ActiveCfg = Debug|Any CPU
		{A17ADE40-4772-4D22-B566-B614919211D7}.Debug|Any CPU.Build.0 = Debug|Any CPU
		{A17ADE40-4772-4D22-B566-B614919211D7}.Release|Any CPU.ActiveCfg = Release|Any CPU
		{A17ADE40-4772-4D22-B566-B614919211D7}.Release|Any CPU.Build.0 = Release|Any CPU
		{D7C427FF-A85A-4965-A595-8B9FB3051CBC}.Debug|Any CPU.ActiveCfg = Debug|Any CPU
		{D7C427FF-A85A-4965-A595-8B9FB3051CBC}.Debug|Any CPU.Build.0 = Debug|Any CPU
		{D7C427FF-A85A-4965-A595-8B9FB3051CBC}.Release|Any CPU.ActiveCfg = Release|Any CPU
		{D7C427FF-A85A-4965-A595-8B9FB3051CBC}.Release|Any CPU.Build.0 = Release|Any CPU
		{3EA4C4C2-EADA-48FD-BD79-83C94BE71392}.Debug|Any CPU.ActiveCfg = Debug|Any CPU
		{3EA4C4C2-EADA-48FD-BD79-83C94BE71392}.Debug|Any CPU.Build.0 = Debug|Any CPU
		{3EA4C4C2-EADA-48FD-BD79-83C94BE71392}.Release|Any CPU.ActiveCfg = Release|Any CPU
		{3EA4C4C2-EADA-48FD-BD79-83C94BE71392}.Release|Any CPU.Build.0 = Release|Any CPU
		{C08BFC43-9B17-4899-8DA5-A21B49F269BE}.Debug|Any CPU.ActiveCfg = Debug|Any CPU
		{C08BFC43-9B17-4899-8DA5-A21B49F269BE}.Debug|Any CPU.Build.0 = Debug|Any CPU
		{C08BFC43-9B17-4899-8DA5-A21B49F269BE}.Release|Any CPU.ActiveCfg = Release|Any CPU
		{C08BFC43-9B17-4899-8DA5-A21B49F269BE}.Release|Any CPU.Build.0 = Release|Any CPU
		{A4C73A9D-AC1A-41E3-8508-1BDB5E0BCEAE}.Debug|Any CPU.ActiveCfg = Debug|Any CPU
		{A4C73A9D-AC1A-41E3-8508-1BDB5E0BCEAE}.Debug|Any CPU.Build.0 = Debug|Any CPU
		{A4C73A9D-AC1A-41E3-8508-1BDB5E0BCEAE}.Release|Any CPU.ActiveCfg = Release|Any CPU
		{A4C73A9D-AC1A-41E3-8508-1BDB5E0BCEAE}.Release|Any CPU.Build.0 = Release|Any CPU
		{C465E049-4ECF-4383-88BE-91F562CF9592}.Debug|Any CPU.ActiveCfg = Debug|Any CPU
		{C465E049-4ECF-4383-88BE-91F562CF9592}.Debug|Any CPU.Build.0 = Debug|Any CPU
		{C465E049-4ECF-4383-88BE-91F562CF9592}.Release|Any CPU.ActiveCfg = Release|Any CPU
		{C465E049-4ECF-4383-88BE-91F562CF9592}.Release|Any CPU.Build.0 = Release|Any CPU
		{321C35EC-F344-4A68-8A5A-6D5143502BC8}.Debug|Any CPU.ActiveCfg = Debug|Any CPU
		{321C35EC-F344-4A68-8A5A-6D5143502BC8}.Debug|Any CPU.Build.0 = Debug|Any CPU
		{321C35EC-F344-4A68-8A5A-6D5143502BC8}.Release|Any CPU.ActiveCfg = Release|Any CPU
		{321C35EC-F344-4A68-8A5A-6D5143502BC8}.Release|Any CPU.Build.0 = Release|Any CPU
		{9AA91A09-B319-451B-8C06-01577541CA2C}.Debug|Any CPU.ActiveCfg = Debug|Any CPU
		{9AA91A09-B319-451B-8C06-01577541CA2C}.Debug|Any CPU.Build.0 = Debug|Any CPU
		{9AA91A09-B319-451B-8C06-01577541CA2C}.Release|Any CPU.ActiveCfg = Release|Any CPU
		{9AA91A09-B319-451B-8C06-01577541CA2C}.Release|Any CPU.Build.0 = Release|Any CPU
		{16520867-F36A-400E-A365-60BADFE40F11}.Debug|Any CPU.ActiveCfg = Debug|Any CPU
		{16520867-F36A-400E-A365-60BADFE40F11}.Debug|Any CPU.Build.0 = Debug|Any CPU
		{16520867-F36A-400E-A365-60BADFE40F11}.Release|Any CPU.ActiveCfg = Release|Any CPU
		{16520867-F36A-400E-A365-60BADFE40F11}.Release|Any CPU.Build.0 = Release|Any CPU
		{BFDA6B89-2605-41C0-99C9-98B1609FF687}.Debug|Any CPU.ActiveCfg = Debug|Any CPU
		{BFDA6B89-2605-41C0-99C9-98B1609FF687}.Debug|Any CPU.Build.0 = Debug|Any CPU
		{BFDA6B89-2605-41C0-99C9-98B1609FF687}.Release|Any CPU.ActiveCfg = Release|Any CPU
		{BFDA6B89-2605-41C0-99C9-98B1609FF687}.Release|Any CPU.Build.0 = Release|Any CPU
		{8E5C9473-FD79-4BFF-A5C6-E4DC9EE87695}.Debug|Any CPU.ActiveCfg = Debug|Any CPU
		{8E5C9473-FD79-4BFF-A5C6-E4DC9EE87695}.Debug|Any CPU.Build.0 = Debug|Any CPU
		{8E5C9473-FD79-4BFF-A5C6-E4DC9EE87695}.Release|Any CPU.ActiveCfg = Release|Any CPU
		{8E5C9473-FD79-4BFF-A5C6-E4DC9EE87695}.Release|Any CPU.Build.0 = Release|Any CPU
		{4F0C435C-166C-4FF2-BE5D-8440600038E0}.Debug|Any CPU.ActiveCfg = Debug|Any CPU
		{4F0C435C-166C-4FF2-BE5D-8440600038E0}.Debug|Any CPU.Build.0 = Debug|Any CPU
		{4F0C435C-166C-4FF2-BE5D-8440600038E0}.Release|Any CPU.ActiveCfg = Release|Any CPU
		{4F0C435C-166C-4FF2-BE5D-8440600038E0}.Release|Any CPU.Build.0 = Release|Any CPU
		{BAB9B560-1184-48F6-81A9-D1AA0408B16A}.Debug|Any CPU.ActiveCfg = Debug|Any CPU
		{BAB9B560-1184-48F6-81A9-D1AA0408B16A}.Debug|Any CPU.Build.0 = Debug|Any CPU
		{BAB9B560-1184-48F6-81A9-D1AA0408B16A}.Release|Any CPU.ActiveCfg = Release|Any CPU
		{BAB9B560-1184-48F6-81A9-D1AA0408B16A}.Release|Any CPU.Build.0 = Release|Any CPU
		{BE97242C-0182-4C6C-8DF5-EC61225E392C}.Debug|Any CPU.ActiveCfg = Debug|Any CPU
		{BE97242C-0182-4C6C-8DF5-EC61225E392C}.Debug|Any CPU.Build.0 = Debug|Any CPU
		{BE97242C-0182-4C6C-8DF5-EC61225E392C}.Release|Any CPU.ActiveCfg = Release|Any CPU
		{BE97242C-0182-4C6C-8DF5-EC61225E392C}.Release|Any CPU.Build.0 = Release|Any CPU
		{404C23EF-CF38-4E0E-AB9B-ABBBDF81A1EB}.Debug|Any CPU.ActiveCfg = Debug|Any CPU
		{404C23EF-CF38-4E0E-AB9B-ABBBDF81A1EB}.Debug|Any CPU.Build.0 = Debug|Any CPU
		{404C23EF-CF38-4E0E-AB9B-ABBBDF81A1EB}.Release|Any CPU.ActiveCfg = Release|Any CPU
		{404C23EF-CF38-4E0E-AB9B-ABBBDF81A1EB}.Release|Any CPU.Build.0 = Release|Any CPU
		{382252A0-D37C-4E43-B5E2-E0CADA94693D}.Debug|Any CPU.ActiveCfg = Debug|Any CPU
		{382252A0-D37C-4E43-B5E2-E0CADA94693D}.Debug|Any CPU.Build.0 = Debug|Any CPU
		{382252A0-D37C-4E43-B5E2-E0CADA94693D}.Release|Any CPU.ActiveCfg = Release|Any CPU
		{382252A0-D37C-4E43-B5E2-E0CADA94693D}.Release|Any CPU.Build.0 = Release|Any CPU
		{15D9EFFA-34D7-437F-8554-31132E9286F0}.Debug|Any CPU.ActiveCfg = Debug|Any CPU
		{15D9EFFA-34D7-437F-8554-31132E9286F0}.Debug|Any CPU.Build.0 = Debug|Any CPU
		{15D9EFFA-34D7-437F-8554-31132E9286F0}.Release|Any CPU.ActiveCfg = Release|Any CPU
		{15D9EFFA-34D7-437F-8554-31132E9286F0}.Release|Any CPU.Build.0 = Release|Any CPU
		{8C11AFBA-5937-4B2B-A686-C1BFED362C4A}.Debug|Any CPU.ActiveCfg = Debug|Any CPU
		{8C11AFBA-5937-4B2B-A686-C1BFED362C4A}.Debug|Any CPU.Build.0 = Debug|Any CPU
		{8C11AFBA-5937-4B2B-A686-C1BFED362C4A}.Release|Any CPU.ActiveCfg = Release|Any CPU
		{8C11AFBA-5937-4B2B-A686-C1BFED362C4A}.Release|Any CPU.Build.0 = Release|Any CPU
		{8EDF4429-251A-416D-BB68-93F227191BCF}.Debug|Any CPU.ActiveCfg = Debug|Any CPU
		{8EDF4429-251A-416D-BB68-93F227191BCF}.Debug|Any CPU.Build.0 = Debug|Any CPU
		{8EDF4429-251A-416D-BB68-93F227191BCF}.Release|Any CPU.ActiveCfg = Release|Any CPU
		{8EDF4429-251A-416D-BB68-93F227191BCF}.Release|Any CPU.Build.0 = Release|Any CPU
		{C57FE530-7902-4DB8-9BC4-E2C6C892AB09}.Debug|Any CPU.ActiveCfg = Debug|Any CPU
		{C57FE530-7902-4DB8-9BC4-E2C6C892AB09}.Debug|Any CPU.Build.0 = Debug|Any CPU
		{C57FE530-7902-4DB8-9BC4-E2C6C892AB09}.Release|Any CPU.ActiveCfg = Release|Any CPU
		{C57FE530-7902-4DB8-9BC4-E2C6C892AB09}.Release|Any CPU.Build.0 = Release|Any CPU
		{B481EB39-A9AF-495E-9843-4A878C76E916}.Debug|Any CPU.ActiveCfg = Debug|Any CPU
		{B481EB39-A9AF-495E-9843-4A878C76E916}.Debug|Any CPU.Build.0 = Debug|Any CPU
		{B481EB39-A9AF-495E-9843-4A878C76E916}.Release|Any CPU.ActiveCfg = Release|Any CPU
		{B481EB39-A9AF-495E-9843-4A878C76E916}.Release|Any CPU.Build.0 = Release|Any CPU
		{D958B602-B0F7-42A9-9B86-9425A55C17FC}.Debug|Any CPU.ActiveCfg = Debug|Any CPU
		{D958B602-B0F7-42A9-9B86-9425A55C17FC}.Release|Any CPU.ActiveCfg = Release|Any CPU
		{C420D7AC-5F1B-4BCF-8F13-90E091A77276}.Debug|Any CPU.ActiveCfg = Debug|Any CPU
		{C420D7AC-5F1B-4BCF-8F13-90E091A77276}.Debug|Any CPU.Build.0 = Debug|Any CPU
		{C420D7AC-5F1B-4BCF-8F13-90E091A77276}.Release|Any CPU.ActiveCfg = Release|Any CPU
		{C420D7AC-5F1B-4BCF-8F13-90E091A77276}.Release|Any CPU.Build.0 = Release|Any CPU
		{BC25C514-C037-4EB5-B275-C54F236E6D4A}.Debug|Any CPU.ActiveCfg = Debug|Any CPU
		{BC25C514-C037-4EB5-B275-C54F236E6D4A}.Debug|Any CPU.Build.0 = Debug|Any CPU
		{BC25C514-C037-4EB5-B275-C54F236E6D4A}.Release|Any CPU.ActiveCfg = Release|Any CPU
		{BC25C514-C037-4EB5-B275-C54F236E6D4A}.Release|Any CPU.Build.0 = Release|Any CPU
		{BE37970E-C313-4619-96CA-541F6A7180C6}.Debug|Any CPU.ActiveCfg = Debug|Any CPU
		{BE37970E-C313-4619-96CA-541F6A7180C6}.Debug|Any CPU.Build.0 = Debug|Any CPU
		{BE37970E-C313-4619-96CA-541F6A7180C6}.Release|Any CPU.ActiveCfg = Release|Any CPU
		{BE37970E-C313-4619-96CA-541F6A7180C6}.Release|Any CPU.Build.0 = Release|Any CPU
		{6420D699-E0F5-4567-A1E2-A7DDA8A23941}.Debug|Any CPU.ActiveCfg = Debug|Any CPU
		{6420D699-E0F5-4567-A1E2-A7DDA8A23941}.Debug|Any CPU.Build.0 = Debug|Any CPU
		{6420D699-E0F5-4567-A1E2-A7DDA8A23941}.Release|Any CPU.ActiveCfg = Release|Any CPU
		{6420D699-E0F5-4567-A1E2-A7DDA8A23941}.Release|Any CPU.Build.0 = Release|Any CPU
		{B2E9DA3F-6E54-424B-A91C-83B8BF00271C}.Debug|Any CPU.ActiveCfg = Debug|Any CPU
		{B2E9DA3F-6E54-424B-A91C-83B8BF00271C}.Debug|Any CPU.Build.0 = Debug|Any CPU
		{B2E9DA3F-6E54-424B-A91C-83B8BF00271C}.Release|Any CPU.ActiveCfg = Release|Any CPU
		{B2E9DA3F-6E54-424B-A91C-83B8BF00271C}.Release|Any CPU.Build.0 = Release|Any CPU
	EndGlobalSection
	GlobalSection(SolutionProperties) = preSolution
		HideSolutionNode = FALSE
	EndGlobalSection
	GlobalSection(NestedProjects) = preSolution
		{4998E285-9BBB-4589-BC2D-56649563C765} = {1F8699EF-EA08-4870-84DA-9B769BC43498}
		{A6F114EF-E02E-41F6-B8B5-0FADDB0FE98E} = {1F8699EF-EA08-4870-84DA-9B769BC43498}
		{249BC08D-5364-40CF-983A-8580DDA5B00B} = {1F8699EF-EA08-4870-84DA-9B769BC43498}
		{B719E424-AD9C-4F95-A929-FC90EEF825A2} = {1F8699EF-EA08-4870-84DA-9B769BC43498}
		{78D7F7DC-33C4-4CF6-9976-9B3B227D993D} = {1F8699EF-EA08-4870-84DA-9B769BC43498}
		{2755BC62-2960-477F-B70D-4EBE591A6256} = {1F8699EF-EA08-4870-84DA-9B769BC43498}
		{5141AFAA-8BE8-488E-97DF-D866DFAC396A} = {1F8699EF-EA08-4870-84DA-9B769BC43498}
		{A8898098-B6A3-4CC1-98AF-FAF713F1E4A6} = {1F8699EF-EA08-4870-84DA-9B769BC43498}
		{8A93C984-125A-4AAE-AEEE-3A81B015E520} = {1F8699EF-EA08-4870-84DA-9B769BC43498}
		{87A255CF-5FD3-47D4-A8E9-0680928DC659} = {1F8699EF-EA08-4870-84DA-9B769BC43498}
		{8A964108-B109-4578-A47A-046BA430E62E} = {1F8699EF-EA08-4870-84DA-9B769BC43498}
		{D48A11C1-096C-489F-BC6D-0CC1F8047DA7} = {1F8699EF-EA08-4870-84DA-9B769BC43498}
		{565A5251-376A-40FB-9D4B-E77A8F2E7589} = {1F8699EF-EA08-4870-84DA-9B769BC43498}
		{1E179E43-3B81-47A2-974D-A0DE8733E057} = {24D89175-479B-442F-9A2E-40E3A3008985}
		{235CCE83-2946-4D4B-9985-2B53FCFC1970} = {24D89175-479B-442F-9A2E-40E3A3008985}
		{E23D2D56-4E1E-44A7-94BC-493CE96B2A73} = {24D89175-479B-442F-9A2E-40E3A3008985}
		{4A5A6861-46A6-4CBA-82EE-5207D1C2E9D2} = {24D89175-479B-442F-9A2E-40E3A3008985}
		{900A63BD-B627-4AAA-BB38-74A9315D2DD4} = {24D89175-479B-442F-9A2E-40E3A3008985}
		{8A721804-5E30-458D-8568-D77C6EC7F9C0} = {24D89175-479B-442F-9A2E-40E3A3008985}
		{BB5A801F-7857-4492-B9AE-F8FEA6B2245A} = {24D89175-479B-442F-9A2E-40E3A3008985}
		{A5DF5EB2-97FD-4531-8571-935A9D1E3F0D} = {158D1317-FC1E-4F9A-AA7D-2BA6C4AC02A3}
		{A17ADE40-4772-4D22-B566-B614919211D7} = {1F8699EF-EA08-4870-84DA-9B769BC43498}
		{D7C427FF-A85A-4965-A595-8B9FB3051CBC} = {1F8699EF-EA08-4870-84DA-9B769BC43498}
		{3EA4C4C2-EADA-48FD-BD79-83C94BE71392} = {1F8699EF-EA08-4870-84DA-9B769BC43498}
		{C08BFC43-9B17-4899-8DA5-A21B49F269BE} = {3560E84D-F3CE-4D79-AE28-EA774E728A62}
		{A4C73A9D-AC1A-41E3-8508-1BDB5E0BCEAE} = {3560E84D-F3CE-4D79-AE28-EA774E728A62}
		{C465E049-4ECF-4383-88BE-91F562CF9592} = {3560E84D-F3CE-4D79-AE28-EA774E728A62}
		{321C35EC-F344-4A68-8A5A-6D5143502BC8} = {3560E84D-F3CE-4D79-AE28-EA774E728A62}
		{9AA91A09-B319-451B-8C06-01577541CA2C} = {3560E84D-F3CE-4D79-AE28-EA774E728A62}
		{16520867-F36A-400E-A365-60BADFE40F11} = {3560E84D-F3CE-4D79-AE28-EA774E728A62}
		{BFDA6B89-2605-41C0-99C9-98B1609FF687} = {3560E84D-F3CE-4D79-AE28-EA774E728A62}
		{8E5C9473-FD79-4BFF-A5C6-E4DC9EE87695} = {3560E84D-F3CE-4D79-AE28-EA774E728A62}
		{4F0C435C-166C-4FF2-BE5D-8440600038E0} = {3560E84D-F3CE-4D79-AE28-EA774E728A62}
		{BAB9B560-1184-48F6-81A9-D1AA0408B16A} = {3560E84D-F3CE-4D79-AE28-EA774E728A62}
		{BE97242C-0182-4C6C-8DF5-EC61225E392C} = {3560E84D-F3CE-4D79-AE28-EA774E728A62}
		{404C23EF-CF38-4E0E-AB9B-ABBBDF81A1EB} = {1F8699EF-EA08-4870-84DA-9B769BC43498}
		{382252A0-D37C-4E43-B5E2-E0CADA94693D} = {48B3C95D-2328-476C-B29C-44AE39AC5D25}
		{15D9EFFA-34D7-437F-8554-31132E9286F0} = {48B3C95D-2328-476C-B29C-44AE39AC5D25}
		{8C11AFBA-5937-4B2B-A686-C1BFED362C4A} = {1F8699EF-EA08-4870-84DA-9B769BC43498}
		{8EDF4429-251A-416D-BB68-93F227191BCF} = {1F8699EF-EA08-4870-84DA-9B769BC43498}
		{C57FE530-7902-4DB8-9BC4-E2C6C892AB09} = {1F8699EF-EA08-4870-84DA-9B769BC43498}
		{B481EB39-A9AF-495E-9843-4A878C76E916} = {1F8699EF-EA08-4870-84DA-9B769BC43498}
		{D958B602-B0F7-42A9-9B86-9425A55C17FC} = {1F8699EF-EA08-4870-84DA-9B769BC43498}
		{C420D7AC-5F1B-4BCF-8F13-90E091A77276} = {24D89175-479B-442F-9A2E-40E3A3008985}
		{BC25C514-C037-4EB5-B275-C54F236E6D4A} = {1F8699EF-EA08-4870-84DA-9B769BC43498}
		{6420D699-E0F5-4567-A1E2-A7DDA8A23941} = {1F8699EF-EA08-4870-84DA-9B769BC43498}
		{B2E9DA3F-6E54-424B-A91C-83B8BF00271C} = {1F8699EF-EA08-4870-84DA-9B769BC43498}
	EndGlobalSection
	GlobalSection(ExtensibilityGlobals) = postSolution
		SolutionGuid = {0A424930-41B3-4BB7-A95D-4066688F3E6C}
	EndGlobalSection
EndGlobal
