
Microsoft Visual Studio Solution File, Format Version 12.00
# Visual Studio Version 17
VisualStudioVersion = 17.9.34728.123
MinimumVisualStudioVersion = 10.0.40219.1
Project("{FAE04EC0-301F-11D3-BF4B-00C04F79EFBC}") = "Fwbs.Oms.Laser", "Laserforms\Fwbs.Oms.Laser.csproj", "{84A277A0-EF45-4000-A783-CDFE45A38120}"
	ProjectSection(ProjectDependencies) = postProject
		{ECAD3DC7-6185-4F90-BFD7-23EB022266DF} = {ECAD3DC7-6185-4F90-BFD7-23EB022266DF}
	EndProjectSection
EndProject
Project("{FAE04EC0-301F-11D3-BF4B-00C04F79EFBC}") = "Fwbs.Oms.Oyez", "Oyezforms\Fwbs.Oms.Oyez.csproj", "{ECAD3DC7-6185-4F90-BFD7-23EB022266DF}"
EndProject
Global
	GlobalSection(SolutionConfigurationPlatforms) = preSolution
		Debug|Any CPU = Debug|Any CPU
		Release|Any CPU = Release|Any CPU
	EndGlobalSection
	GlobalSection(ProjectConfigurationPlatforms) = postSolution
		{84A277A0-EF45-4000-A783-CDFE45A38120}.Debug|Any CPU.ActiveCfg = Debug|Any CPU
		{84A277A0-EF45-4000-A783-CDFE45A38120}.Debug|Any CPU.Build.0 = Debug|Any CPU
		{84A277A0-EF45-4000-A783-CDFE45A38120}.Release|Any CPU.ActiveCfg = Release|Any CPU
		{84A277A0-EF45-4000-A783-CDFE45A38120}.Release|Any CPU.Build.0 = Release|Any CPU
		{ECAD3DC7-6185-4F90-BFD7-23EB022266DF}.Debug|Any CPU.ActiveCfg = Debug|Any CPU
		{ECAD3DC7-6185-4F90-BFD7-23EB022266DF}.Debug|Any CPU.Build.0 = Debug|Any CPU
		{ECAD3DC7-6185-4F90-BFD7-23EB022266DF}.Release|Any CPU.ActiveCfg = Release|Any CPU
		{ECAD3DC7-6185-4F90-BFD7-23EB022266DF}.Release|Any CPU.Build.0 = Release|Any CPU
	EndGlobalSection
	GlobalSection(SolutionProperties) = preSolution
		HideSolutionNode = FALSE
	EndGlobalSection
EndGlobal
