
Microsoft Visual Studio Solution File, Format Version 12.00
# Visual Studio 14
VisualStudioVersion = 14.0.25420.1
MinimumVisualStudioVersion = 10.0.40219.1
Project("{FAE04EC0-301F-11D3-BF4B-00C04F79EFBC}") = "QuickClientCreation", "QuickClientCreation\QuickClientCreation.csproj", "{51D101BC-F4CF-47B0-8B97-D88F5D9DEF85}"
EndProject
Global
	GlobalSection(SolutionConfigurationPlatforms) = preSolution
		Debug|Any CPU = Debug|Any CPU
		Release|Any CPU = Release|Any CPU
	EndGlobalSection
	GlobalSection(ProjectConfigurationPlatforms) = postSolution
		{51D101BC-F4CF-47B0-8B97-D88F5D9DEF85}.Debug|Any CPU.ActiveCfg = Debug|Any CPU
		{51D101BC-F4CF-47B0-8B97-D88F5D9DEF85}.Debug|Any CPU.Build.0 = Debug|Any CPU
		{51D101BC-F4CF-47B0-8B97-D88F5D9DEF85}.Release|Any CPU.ActiveCfg = Release|Any CPU
		{51D101BC-F4CF-47B0-8B97-D88F5D9DEF85}.Release|Any CPU.Build.0 = Release|Any CPU
	EndGlobalSection
	GlobalSection(SolutionProperties) = preSolution
		HideSolutionNode = FALSE
	EndGlobalSection
EndGlobal
