Microsoft Visual Studio Solution File, Format Version 12.00
# Visual Studio Version 17
VisualStudioVersion = 17.8.34330.188
MinimumVisualStudioVersion = 10.0.40219.1
Project("{FAE04EC0-301F-11D3-BF4B-00C04F79EFBC}") = "OMSExportCMS", "OMSExportCMS\OMSExportCMS.csproj", "{970CDAFD-01D1-4C77-A6D7-5D8DDFAED268}"
EndProject
Project("{FAE04EC0-301F-11D3-BF4B-00C04F79EFBC}") = "OMSExportBase", "OMSExportBase\OMSExportBase.csproj", "{B4176477-4DBB-4831-B218-12EDAEBE3DFD}"
EndProject
Project("{FAE04EC0-301F-11D3-BF4B-00C04F79EFBC}") = "OMSExportService", "OMSExportService\OMSExportService.csproj", "{CDA1871A-BD64-4CA1-992C-7EB98D61609A}"
	ProjectSection(ProjectDependencies) = postProject
		{256398D8-18C7-4BBB-84A4-1FD6CAA63F12} = {256398D8-18C7-4BBB-84A4-1FD6CAA63F12}
		{86F5B815-A7EA-444B-80D0-EF603AEC88E1} = {86F5B815-A7EA-444B-80D0-EF603AEC88E1}
		{916645A2-2131-4AAA-8CC9-05DA89D5C077} = {916645A2-2131-4AAA-8CC9-05DA89D5C077}
		{970CDAFD-01D1-4C77-A6D7-5D8DDFAED268} = {970CDAFD-01D1-4C77-A6D7-5D8DDFAED268}
		{970CDAFD-01D1-4C77-A6D7-5D8DDFAED278} = {970CDAFD-01D1-4C77-A6D7-5D8DDFAED278}
		{C41B4F7A-21C0-434F-BC27-B900624B3C6F} = {C41B4F7A-21C0-434F-BC27-B900624B3C6F}
		{FE6653C8-BDCA-482A-9A6D-E1357E270857} = {FE6653C8-BDCA-482A-9A6D-E1357E270857}
	EndProjectSection
EndProject
Project("{FAE04EC0-301F-11D3-BF4B-00C04F79EFBC}") = "OMSExportServiceMgr", "OMSExportServiceMgr\OMSExportServiceMgr.csproj", "{4B53A000-3983-4DB0-831A-2A729A8DAE04}"
EndProject
Project("{FAE04EC0-301F-11D3-BF4B-00C04F79EFBC}") = "OMSExportIGO", "OMSExportIGO\OMSExportIGO.csproj", "{970CDAFD-01D1-4C77-A6D7-5D8DDFAED278}"
EndProject
Project("{FAE04EC0-301F-11D3-BF4B-00C04F79EFBC}") = "OMSExportMIL", "OMSExportMIL\OMSExportMIL.csproj", "{C41B4F7A-21C0-434F-BC27-B900624B3C6F}"
	ProjectSection(ProjectDependencies) = postProject
		{B4176477-4DBB-4831-B218-12EDAEBE3DFD} = {B4176477-4DBB-4831-B218-12EDAEBE3DFD}
	EndProjectSection
EndProject
Project("{FAE04EC0-301F-11D3-BF4B-00C04F79EFBC}") = "OMSExportFFF", "OMSExportFFF\OMSExportFFF.csproj", "{86F5B815-A7EA-444B-80D0-EF603AEC88E1}"
EndProject
Project("{FAE04EC0-301F-11D3-BF4B-00C04F79EFBC}") = "OMSExportE3E", "OMSExportE3E\OMSExportE3E.csproj", "{916645A2-2131-4AAA-8CC9-05DA89D5C077}"
EndProject
Project("{FAE04EC0-301F-11D3-BF4B-00C04F79EFBC}") = "OMSExportENT", "OMSExportENT\OMSExportENT\OMSExportENT.csproj", "{FE6653C8-BDCA-482A-9A6D-E1357E270857}"
EndProject
Project("{2150E333-8FDC-42A3-9474-1A3956D46DE8}") = "DatabaseProjects", "DatabaseProjects", "{5513C05B-1A15-4214-AA87-1F0562021D36}"
EndProject
Project("{00D1A9C2-B5F0-4AF3-8072-F6C62B433612}") = "OMSExportE3EMSDB", "DatabaseProjects\OMSExportE3EMSDB\OMSExportE3EMSDB.sqlproj", "{C2BB7227-9967-4E35-AF4B-20C848E71404}"
EndProject
Project("{FAE04EC0-301F-11D3-BF4B-00C04F79EFBC}") = "OMSExportE3E.Tests", "OMSExportE3E.Tests\OMSExportE3E.Tests.csproj", "{EC3B5046-3C74-425D-A94B-CA20C84089C1}"
EndProject
Project("{FAE04EC0-301F-11D3-BF4B-00C04F79EFBC}") = "OMSExportBase.Tests", "OMSExportBase.Tests\OMSExportBase.Tests.csproj", "{3DB83724-352B-4CAB-999C-2C5723048F83}"
EndProject
Project("{FAE04EC0-301F-11D3-BF4B-00C04F79EFBC}") = "OMSExportC3E", "OMSExportC3E\OMSExportC3E.csproj", "{256398D8-18C7-4BBB-84A4-1FD6CAA63F12}"
EndProject
Project("{2150E333-8FDC-42A3-9474-1A3956D46DE8}") = "Core", "Core", "{04C195E9-9BE4-4D11-A3F9-FC096AC0BC3E}"
EndProject
Project("{FAE04EC0-301F-11D3-BF4B-00C04F79EFBC}") = "~Infrastructure", "..\..\Core\FWBS.OMS.Infrastructure\~Infrastructure.csproj", "{D7C427FF-A85A-4965-A595-8B9FB3051CBC}"
EndProject
Project("{FAE04EC0-301F-11D3-BF4B-00C04F79EFBC}") = "Business", "..\..\Core\Fwbs.Oms.Library\Business.csproj", "{249BC08D-5364-40CF-983A-8580DDA5B00B}"
EndProject
Project("{FAE04EC0-301F-11D3-BF4B-00C04F79EFBC}") = "Data", "..\..\Core\Fwbs.Oms.Data\Data.csproj", "{A6F114EF-E02E-41F6-B8B5-0FADDB0FE98E}"
EndProject
Project("{FAE04EC0-301F-11D3-BF4B-00C04F79EFBC}") = "DocProps", "..\..\Core\Document Properties\Fwbs.Common.DocumentProperties\DocProps.csproj", "{1E179E43-3B81-47A2-974D-A0DE8733E057}"
EndProject
Project("{FAE04EC0-301F-11D3-BF4B-00C04F79EFBC}") = "ExternalAggregatorClient", "..\..\Core\ExternalAggregatorClient\ExternalAggregatorClient.csproj", "{A5DF5EB2-97FD-4531-8571-935A9D1E3F0D}"
EndProject
Project("{FAE04EC0-301F-11D3-BF4B-00C04F79EFBC}") = "Common", "..\..\Core\Fwbs.Common\Common.csproj", "{4998E285-9BBB-4589-BC2D-56649563C765}"
EndProject
Project("{FAE04EC0-301F-11D3-BF4B-00C04F79EFBC}") = "OMSDocumentStorer", "OMSDocumentStorer\OMSDocumentStorer.csproj", "{BFE9FADB-6685-453E-AB79-1C7476053260}"
EndProject
Project("{B7DD6F7E-DEF8-4E67-B5B7-07EF123DB6F0}") = "OMSExportInstaller", "OMSExportInstaller\OMSExportInstaller.wixproj", "{5B036653-BA38-4C65-A889-E166AFF24210}"
EndProject
Global
	GlobalSection(SolutionConfigurationPlatforms) = preSolution
		Debug|Any CPU = Debug|Any CPU
		Debug|ARM64 = Debug|ARM64
		Debug|x64 = Debug|x64
		Debug|x86 = Debug|x86
		Release|Any CPU = Release|Any CPU
		Release|ARM64 = Release|ARM64
		Release|x64 = Release|x64
		Release|x86 = Release|x86
	EndGlobalSection
	GlobalSection(ProjectConfigurationPlatforms) = postSolution
		{970CDAFD-01D1-4C77-A6D7-5D8DDFAED268}.Debug|Any CPU.ActiveCfg = Debug|Any CPU
		{970CDAFD-01D1-4C77-A6D7-5D8DDFAED268}.Debug|Any CPU.Build.0 = Debug|Any CPU
		{970CDAFD-01D1-4C77-A6D7-5D8DDFAED268}.Debug|ARM64.ActiveCfg = Debug|Any CPU
		{970CDAFD-01D1-4C77-A6D7-5D8DDFAED268}.Debug|ARM64.Build.0 = Debug|Any CPU
		{970CDAFD-01D1-4C77-A6D7-5D8DDFAED268}.Debug|x64.ActiveCfg = Debug|Any CPU
		{970CDAFD-01D1-4C77-A6D7-5D8DDFAED268}.Debug|x64.Build.0 = Debug|Any CPU
		{970CDAFD-01D1-4C77-A6D7-5D8DDFAED268}.Debug|x86.ActiveCfg = Debug|Any CPU
		{970CDAFD-01D1-4C77-A6D7-5D8DDFAED268}.Debug|x86.Build.0 = Debug|Any CPU
		{970CDAFD-01D1-4C77-A6D7-5D8DDFAED268}.Release|Any CPU.ActiveCfg = Release|Any CPU
		{970CDAFD-01D1-4C77-A6D7-5D8DDFAED268}.Release|Any CPU.Build.0 = Release|Any CPU
		{970CDAFD-01D1-4C77-A6D7-5D8DDFAED268}.Release|ARM64.ActiveCfg = Release|Any CPU
		{970CDAFD-01D1-4C77-A6D7-5D8DDFAED268}.Release|ARM64.Build.0 = Release|Any CPU
		{970CDAFD-01D1-4C77-A6D7-5D8DDFAED268}.Release|x64.ActiveCfg = Release|Any CPU
		{970CDAFD-01D1-4C77-A6D7-5D8DDFAED268}.Release|x64.Build.0 = Release|Any CPU
		{970CDAFD-01D1-4C77-A6D7-5D8DDFAED268}.Release|x86.ActiveCfg = Release|Any CPU
		{970CDAFD-01D1-4C77-A6D7-5D8DDFAED268}.Release|x86.Build.0 = Release|Any CPU
		{B4176477-4DBB-4831-B218-12EDAEBE3DFD}.Debug|Any CPU.ActiveCfg = Debug|Any CPU
		{B4176477-4DBB-4831-B218-12EDAEBE3DFD}.Debug|Any CPU.Build.0 = Debug|Any CPU
		{B4176477-4DBB-4831-B218-12EDAEBE3DFD}.Debug|ARM64.ActiveCfg = Debug|Any CPU
		{B4176477-4DBB-4831-B218-12EDAEBE3DFD}.Debug|ARM64.Build.0 = Debug|Any CPU
		{B4176477-4DBB-4831-B218-12EDAEBE3DFD}.Debug|x64.ActiveCfg = Debug|Any CPU
		{B4176477-4DBB-4831-B218-12EDAEBE3DFD}.Debug|x64.Build.0 = Debug|Any CPU
		{B4176477-4DBB-4831-B218-12EDAEBE3DFD}.Debug|x86.ActiveCfg = Debug|Any CPU
		{B4176477-4DBB-4831-B218-12EDAEBE3DFD}.Debug|x86.Build.0 = Debug|Any CPU
		{B4176477-4DBB-4831-B218-12EDAEBE3DFD}.Release|Any CPU.ActiveCfg = Release|Any CPU
		{B4176477-4DBB-4831-B218-12EDAEBE3DFD}.Release|Any CPU.Build.0 = Release|Any CPU
		{B4176477-4DBB-4831-B218-12EDAEBE3DFD}.Release|ARM64.ActiveCfg = Release|Any CPU
		{B4176477-4DBB-4831-B218-12EDAEBE3DFD}.Release|ARM64.Build.0 = Release|Any CPU
		{B4176477-4DBB-4831-B218-12EDAEBE3DFD}.Release|x64.ActiveCfg = Release|Any CPU
		{B4176477-4DBB-4831-B218-12EDAEBE3DFD}.Release|x64.Build.0 = Release|Any CPU
		{B4176477-4DBB-4831-B218-12EDAEBE3DFD}.Release|x86.ActiveCfg = Release|Any CPU
		{B4176477-4DBB-4831-B218-12EDAEBE3DFD}.Release|x86.Build.0 = Release|Any CPU
		{CDA1871A-BD64-4CA1-992C-7EB98D61609A}.Debug|Any CPU.ActiveCfg = Debug|Any CPU
		{CDA1871A-BD64-4CA1-992C-7EB98D61609A}.Debug|Any CPU.Build.0 = Debug|Any CPU
		{CDA1871A-BD64-4CA1-992C-7EB98D61609A}.Debug|ARM64.ActiveCfg = Debug|Any CPU
		{CDA1871A-BD64-4CA1-992C-7EB98D61609A}.Debug|ARM64.Build.0 = Debug|Any CPU
		{CDA1871A-BD64-4CA1-992C-7EB98D61609A}.Debug|x64.ActiveCfg = Debug|Any CPU
		{CDA1871A-BD64-4CA1-992C-7EB98D61609A}.Debug|x64.Build.0 = Debug|Any CPU
		{CDA1871A-BD64-4CA1-992C-7EB98D61609A}.Debug|x86.ActiveCfg = Debug|Any CPU
		{CDA1871A-BD64-4CA1-992C-7EB98D61609A}.Debug|x86.Build.0 = Debug|Any CPU
		{CDA1871A-BD64-4CA1-992C-7EB98D61609A}.Release|Any CPU.ActiveCfg = Release|Any CPU
		{CDA1871A-BD64-4CA1-992C-7EB98D61609A}.Release|Any CPU.Build.0 = Release|Any CPU
		{CDA1871A-BD64-4CA1-992C-7EB98D61609A}.Release|ARM64.ActiveCfg = Release|Any CPU
		{CDA1871A-BD64-4CA1-992C-7EB98D61609A}.Release|ARM64.Build.0 = Release|Any CPU
		{CDA1871A-BD64-4CA1-992C-7EB98D61609A}.Release|x64.ActiveCfg = Release|Any CPU
		{CDA1871A-BD64-4CA1-992C-7EB98D61609A}.Release|x64.Build.0 = Release|Any CPU
		{CDA1871A-BD64-4CA1-992C-7EB98D61609A}.Release|x86.ActiveCfg = Release|Any CPU
		{CDA1871A-BD64-4CA1-992C-7EB98D61609A}.Release|x86.Build.0 = Release|Any CPU
		{4B53A000-3983-4DB0-831A-2A729A8DAE04}.Debug|Any CPU.ActiveCfg = Debug|Any CPU
		{4B53A000-3983-4DB0-831A-2A729A8DAE04}.Debug|Any CPU.Build.0 = Debug|Any CPU
		{4B53A000-3983-4DB0-831A-2A729A8DAE04}.Debug|ARM64.ActiveCfg = Debug|Any CPU
		{4B53A000-3983-4DB0-831A-2A729A8DAE04}.Debug|ARM64.Build.0 = Debug|Any CPU
		{4B53A000-3983-4DB0-831A-2A729A8DAE04}.Debug|x64.ActiveCfg = Debug|Any CPU
		{4B53A000-3983-4DB0-831A-2A729A8DAE04}.Debug|x64.Build.0 = Debug|Any CPU
		{4B53A000-3983-4DB0-831A-2A729A8DAE04}.Debug|x86.ActiveCfg = Debug|Any CPU
		{4B53A000-3983-4DB0-831A-2A729A8DAE04}.Debug|x86.Build.0 = Debug|Any CPU
		{4B53A000-3983-4DB0-831A-2A729A8DAE04}.Release|Any CPU.ActiveCfg = Release|Any CPU
		{4B53A000-3983-4DB0-831A-2A729A8DAE04}.Release|Any CPU.Build.0 = Release|Any CPU
		{4B53A000-3983-4DB0-831A-2A729A8DAE04}.Release|ARM64.ActiveCfg = Release|Any CPU
		{4B53A000-3983-4DB0-831A-2A729A8DAE04}.Release|ARM64.Build.0 = Release|Any CPU
		{4B53A000-3983-4DB0-831A-2A729A8DAE04}.Release|x64.ActiveCfg = Release|Any CPU
		{4B53A000-3983-4DB0-831A-2A729A8DAE04}.Release|x64.Build.0 = Release|Any CPU
		{4B53A000-3983-4DB0-831A-2A729A8DAE04}.Release|x86.ActiveCfg = Release|Any CPU
		{4B53A000-3983-4DB0-831A-2A729A8DAE04}.Release|x86.Build.0 = Release|Any CPU
		{970CDAFD-01D1-4C77-A6D7-5D8DDFAED278}.Debug|Any CPU.ActiveCfg = Debug|Any CPU
		{970CDAFD-01D1-4C77-A6D7-5D8DDFAED278}.Debug|Any CPU.Build.0 = Debug|Any CPU
		{970CDAFD-01D1-4C77-A6D7-5D8DDFAED278}.Debug|ARM64.ActiveCfg = Debug|Any CPU
		{970CDAFD-01D1-4C77-A6D7-5D8DDFAED278}.Debug|ARM64.Build.0 = Debug|Any CPU
		{970CDAFD-01D1-4C77-A6D7-5D8DDFAED278}.Debug|x64.ActiveCfg = Debug|Any CPU
		{970CDAFD-01D1-4C77-A6D7-5D8DDFAED278}.Debug|x64.Build.0 = Debug|Any CPU
		{970CDAFD-01D1-4C77-A6D7-5D8DDFAED278}.Debug|x86.ActiveCfg = Debug|Any CPU
		{970CDAFD-01D1-4C77-A6D7-5D8DDFAED278}.Debug|x86.Build.0 = Debug|Any CPU
		{970CDAFD-01D1-4C77-A6D7-5D8DDFAED278}.Release|Any CPU.ActiveCfg = Release|Any CPU
		{970CDAFD-01D1-4C77-A6D7-5D8DDFAED278}.Release|Any CPU.Build.0 = Release|Any CPU
		{970CDAFD-01D1-4C77-A6D7-5D8DDFAED278}.Release|ARM64.ActiveCfg = Release|Any CPU
		{970CDAFD-01D1-4C77-A6D7-5D8DDFAED278}.Release|ARM64.Build.0 = Release|Any CPU
		{970CDAFD-01D1-4C77-A6D7-5D8DDFAED278}.Release|x64.ActiveCfg = Release|Any CPU
		{970CDAFD-01D1-4C77-A6D7-5D8DDFAED278}.Release|x64.Build.0 = Release|Any CPU
		{970CDAFD-01D1-4C77-A6D7-5D8DDFAED278}.Release|x86.ActiveCfg = Release|Any CPU
		{970CDAFD-01D1-4C77-A6D7-5D8DDFAED278}.Release|x86.Build.0 = Release|Any CPU
		{C41B4F7A-21C0-434F-BC27-B900624B3C6F}.Debug|Any CPU.ActiveCfg = Debug|Any CPU
		{C41B4F7A-21C0-434F-BC27-B900624B3C6F}.Debug|Any CPU.Build.0 = Debug|Any CPU
		{C41B4F7A-21C0-434F-BC27-B900624B3C6F}.Debug|ARM64.ActiveCfg = Debug|Any CPU
		{C41B4F7A-21C0-434F-BC27-B900624B3C6F}.Debug|ARM64.Build.0 = Debug|Any CPU
		{C41B4F7A-21C0-434F-BC27-B900624B3C6F}.Debug|x64.ActiveCfg = Debug|Any CPU
		{C41B4F7A-21C0-434F-BC27-B900624B3C6F}.Debug|x64.Build.0 = Debug|Any CPU
		{C41B4F7A-21C0-434F-BC27-B900624B3C6F}.Debug|x86.ActiveCfg = Debug|Any CPU
		{C41B4F7A-21C0-434F-BC27-B900624B3C6F}.Debug|x86.Build.0 = Debug|Any CPU
		{C41B4F7A-21C0-434F-BC27-B900624B3C6F}.Release|Any CPU.ActiveCfg = Release|Any CPU
		{C41B4F7A-21C0-434F-BC27-B900624B3C6F}.Release|Any CPU.Build.0 = Release|Any CPU
		{C41B4F7A-21C0-434F-BC27-B900624B3C6F}.Release|ARM64.ActiveCfg = Release|Any CPU
		{C41B4F7A-21C0-434F-BC27-B900624B3C6F}.Release|ARM64.Build.0 = Release|Any CPU
		{C41B4F7A-21C0-434F-BC27-B900624B3C6F}.Release|x64.ActiveCfg = Release|Any CPU
		{C41B4F7A-21C0-434F-BC27-B900624B3C6F}.Release|x64.Build.0 = Release|Any CPU
		{C41B4F7A-21C0-434F-BC27-B900624B3C6F}.Release|x86.ActiveCfg = Release|Any CPU
		{C41B4F7A-21C0-434F-BC27-B900624B3C6F}.Release|x86.Build.0 = Release|Any CPU
		{86F5B815-A7EA-444B-80D0-EF603AEC88E1}.Debug|Any CPU.ActiveCfg = Debug|Any CPU
		{86F5B815-A7EA-444B-80D0-EF603AEC88E1}.Debug|Any CPU.Build.0 = Debug|Any CPU
		{86F5B815-A7EA-444B-80D0-EF603AEC88E1}.Debug|ARM64.ActiveCfg = Debug|Any CPU
		{86F5B815-A7EA-444B-80D0-EF603AEC88E1}.Debug|ARM64.Build.0 = Debug|Any CPU
		{86F5B815-A7EA-444B-80D0-EF603AEC88E1}.Debug|x64.ActiveCfg = Debug|Any CPU
		{86F5B815-A7EA-444B-80D0-EF603AEC88E1}.Debug|x64.Build.0 = Debug|Any CPU
		{86F5B815-A7EA-444B-80D0-EF603AEC88E1}.Debug|x86.ActiveCfg = Debug|Any CPU
		{86F5B815-A7EA-444B-80D0-EF603AEC88E1}.Debug|x86.Build.0 = Debug|Any CPU
		{86F5B815-A7EA-444B-80D0-EF603AEC88E1}.Release|Any CPU.ActiveCfg = Release|Any CPU
		{86F5B815-A7EA-444B-80D0-EF603AEC88E1}.Release|Any CPU.Build.0 = Release|Any CPU
		{86F5B815-A7EA-444B-80D0-EF603AEC88E1}.Release|ARM64.ActiveCfg = Release|Any CPU
		{86F5B815-A7EA-444B-80D0-EF603AEC88E1}.Release|ARM64.Build.0 = Release|Any CPU
		{86F5B815-A7EA-444B-80D0-EF603AEC88E1}.Release|x64.ActiveCfg = Release|Any CPU
		{86F5B815-A7EA-444B-80D0-EF603AEC88E1}.Release|x64.Build.0 = Release|Any CPU
		{86F5B815-A7EA-444B-80D0-EF603AEC88E1}.Release|x86.ActiveCfg = Release|Any CPU
		{86F5B815-A7EA-444B-80D0-EF603AEC88E1}.Release|x86.Build.0 = Release|Any CPU
		{916645A2-2131-4AAA-8CC9-05DA89D5C077}.Debug|Any CPU.ActiveCfg = Debug|Any CPU
		{916645A2-2131-4AAA-8CC9-05DA89D5C077}.Debug|Any CPU.Build.0 = Debug|Any CPU
		{916645A2-2131-4AAA-8CC9-05DA89D5C077}.Debug|ARM64.ActiveCfg = Debug|Any CPU
		{916645A2-2131-4AAA-8CC9-05DA89D5C077}.Debug|ARM64.Build.0 = Debug|Any CPU
		{916645A2-2131-4AAA-8CC9-05DA89D5C077}.Debug|x64.ActiveCfg = Debug|Any CPU
		{916645A2-2131-4AAA-8CC9-05DA89D5C077}.Debug|x64.Build.0 = Debug|Any CPU
		{916645A2-2131-4AAA-8CC9-05DA89D5C077}.Debug|x86.ActiveCfg = Debug|Any CPU
		{916645A2-2131-4AAA-8CC9-05DA89D5C077}.Debug|x86.Build.0 = Debug|Any CPU
		{916645A2-2131-4AAA-8CC9-05DA89D5C077}.Release|Any CPU.ActiveCfg = Release|Any CPU
		{916645A2-2131-4AAA-8CC9-05DA89D5C077}.Release|Any CPU.Build.0 = Release|Any CPU
		{916645A2-2131-4AAA-8CC9-05DA89D5C077}.Release|ARM64.ActiveCfg = Release|Any CPU
		{916645A2-2131-4AAA-8CC9-05DA89D5C077}.Release|ARM64.Build.0 = Release|Any CPU
		{916645A2-2131-4AAA-8CC9-05DA89D5C077}.Release|x64.ActiveCfg = Release|Any CPU
		{916645A2-2131-4AAA-8CC9-05DA89D5C077}.Release|x64.Build.0 = Release|Any CPU
		{916645A2-2131-4AAA-8CC9-05DA89D5C077}.Release|x86.ActiveCfg = Release|Any CPU
		{916645A2-2131-4AAA-8CC9-05DA89D5C077}.Release|x86.Build.0 = Release|Any CPU
		{FE6653C8-BDCA-482A-9A6D-E1357E270857}.Debug|Any CPU.ActiveCfg = Debug|Any CPU
		{FE6653C8-BDCA-482A-9A6D-E1357E270857}.Debug|Any CPU.Build.0 = Debug|Any CPU
		{FE6653C8-BDCA-482A-9A6D-E1357E270857}.Debug|ARM64.ActiveCfg = Debug|Any CPU
		{FE6653C8-BDCA-482A-9A6D-E1357E270857}.Debug|ARM64.Build.0 = Debug|Any CPU
		{FE6653C8-BDCA-482A-9A6D-E1357E270857}.Debug|x64.ActiveCfg = Debug|Any CPU
		{FE6653C8-BDCA-482A-9A6D-E1357E270857}.Debug|x64.Build.0 = Debug|Any CPU
		{FE6653C8-BDCA-482A-9A6D-E1357E270857}.Debug|x86.ActiveCfg = Debug|Any CPU
		{FE6653C8-BDCA-482A-9A6D-E1357E270857}.Debug|x86.Build.0 = Debug|Any CPU
		{FE6653C8-BDCA-482A-9A6D-E1357E270857}.Release|Any CPU.ActiveCfg = Release|Any CPU
		{FE6653C8-BDCA-482A-9A6D-E1357E270857}.Release|Any CPU.Build.0 = Release|Any CPU
		{FE6653C8-BDCA-482A-9A6D-E1357E270857}.Release|ARM64.ActiveCfg = Release|Any CPU
		{FE6653C8-BDCA-482A-9A6D-E1357E270857}.Release|ARM64.Build.0 = Release|Any CPU
		{FE6653C8-BDCA-482A-9A6D-E1357E270857}.Release|x64.ActiveCfg = Release|Any CPU
		{FE6653C8-BDCA-482A-9A6D-E1357E270857}.Release|x64.Build.0 = Release|Any CPU
		{FE6653C8-BDCA-482A-9A6D-E1357E270857}.Release|x86.ActiveCfg = Release|Any CPU
		{FE6653C8-BDCA-482A-9A6D-E1357E270857}.Release|x86.Build.0 = Release|Any CPU
		{C2BB7227-9967-4E35-AF4B-20C848E71404}.Debug|Any CPU.ActiveCfg = Debug|Any CPU
		{C2BB7227-9967-4E35-AF4B-20C848E71404}.Debug|Any CPU.Build.0 = Debug|Any CPU
		{C2BB7227-9967-4E35-AF4B-20C848E71404}.Debug|Any CPU.Deploy.0 = Debug|Any CPU
		{C2BB7227-9967-4E35-AF4B-20C848E71404}.Debug|ARM64.ActiveCfg = Debug|Any CPU
		{C2BB7227-9967-4E35-AF4B-20C848E71404}.Debug|ARM64.Build.0 = Debug|Any CPU
		{C2BB7227-9967-4E35-AF4B-20C848E71404}.Debug|ARM64.Deploy.0 = Debug|Any CPU
		{C2BB7227-9967-4E35-AF4B-20C848E71404}.Debug|x64.ActiveCfg = Debug|Any CPU
		{C2BB7227-9967-4E35-AF4B-20C848E71404}.Debug|x64.Build.0 = Debug|Any CPU
		{C2BB7227-9967-4E35-AF4B-20C848E71404}.Debug|x64.Deploy.0 = Debug|Any CPU
		{C2BB7227-9967-4E35-AF4B-20C848E71404}.Debug|x86.ActiveCfg = Debug|Any CPU
		{C2BB7227-9967-4E35-AF4B-20C848E71404}.Debug|x86.Build.0 = Debug|Any CPU
		{C2BB7227-9967-4E35-AF4B-20C848E71404}.Debug|x86.Deploy.0 = Debug|Any CPU
		{C2BB7227-9967-4E35-AF4B-20C848E71404}.Release|Any CPU.ActiveCfg = Release|Any CPU
		{C2BB7227-9967-4E35-AF4B-20C848E71404}.Release|Any CPU.Build.0 = Release|Any CPU
		{C2BB7227-9967-4E35-AF4B-20C848E71404}.Release|Any CPU.Deploy.0 = Release|Any CPU
		{C2BB7227-9967-4E35-AF4B-20C848E71404}.Release|ARM64.ActiveCfg = Release|Any CPU
		{C2BB7227-9967-4E35-AF4B-20C848E71404}.Release|ARM64.Build.0 = Release|Any CPU
		{C2BB7227-9967-4E35-AF4B-20C848E71404}.Release|ARM64.Deploy.0 = Release|Any CPU
		{C2BB7227-9967-4E35-AF4B-20C848E71404}.Release|x64.ActiveCfg = Release|Any CPU
		{C2BB7227-9967-4E35-AF4B-20C848E71404}.Release|x64.Build.0 = Release|Any CPU
		{C2BB7227-9967-4E35-AF4B-20C848E71404}.Release|x64.Deploy.0 = Release|Any CPU
		{C2BB7227-9967-4E35-AF4B-20C848E71404}.Release|x86.ActiveCfg = Release|Any CPU
		{C2BB7227-9967-4E35-AF4B-20C848E71404}.Release|x86.Build.0 = Release|Any CPU
		{C2BB7227-9967-4E35-AF4B-20C848E71404}.Release|x86.Deploy.0 = Release|Any CPU
		{EC3B5046-3C74-425D-A94B-CA20C84089C1}.Debug|Any CPU.ActiveCfg = Debug|Any CPU
		{EC3B5046-3C74-425D-A94B-CA20C84089C1}.Debug|Any CPU.Build.0 = Debug|Any CPU
		{EC3B5046-3C74-425D-A94B-CA20C84089C1}.Debug|ARM64.ActiveCfg = Debug|Any CPU
		{EC3B5046-3C74-425D-A94B-CA20C84089C1}.Debug|ARM64.Build.0 = Debug|Any CPU
		{EC3B5046-3C74-425D-A94B-CA20C84089C1}.Debug|x64.ActiveCfg = Debug|Any CPU
		{EC3B5046-3C74-425D-A94B-CA20C84089C1}.Debug|x64.Build.0 = Debug|Any CPU
		{EC3B5046-3C74-425D-A94B-CA20C84089C1}.Debug|x86.ActiveCfg = Debug|Any CPU
		{EC3B5046-3C74-425D-A94B-CA20C84089C1}.Debug|x86.Build.0 = Debug|Any CPU
		{EC3B5046-3C74-425D-A94B-CA20C84089C1}.Release|Any CPU.ActiveCfg = Release|Any CPU
		{EC3B5046-3C74-425D-A94B-CA20C84089C1}.Release|Any CPU.Build.0 = Release|Any CPU
		{EC3B5046-3C74-425D-A94B-CA20C84089C1}.Release|ARM64.ActiveCfg = Release|Any CPU
		{EC3B5046-3C74-425D-A94B-CA20C84089C1}.Release|ARM64.Build.0 = Release|Any CPU
		{EC3B5046-3C74-425D-A94B-CA20C84089C1}.Release|x64.ActiveCfg = Release|Any CPU
		{EC3B5046-3C74-425D-A94B-CA20C84089C1}.Release|x64.Build.0 = Release|Any CPU
		{EC3B5046-3C74-425D-A94B-CA20C84089C1}.Release|x86.ActiveCfg = Release|Any CPU
		{EC3B5046-3C74-425D-A94B-CA20C84089C1}.Release|x86.Build.0 = Release|Any CPU
		{3DB83724-352B-4CAB-999C-2C5723048F83}.Debug|Any CPU.ActiveCfg = Debug|Any CPU
		{3DB83724-352B-4CAB-999C-2C5723048F83}.Debug|Any CPU.Build.0 = Debug|Any CPU
		{3DB83724-352B-4CAB-999C-2C5723048F83}.Debug|ARM64.ActiveCfg = Debug|Any CPU
		{3DB83724-352B-4CAB-999C-2C5723048F83}.Debug|ARM64.Build.0 = Debug|Any CPU
		{3DB83724-352B-4CAB-999C-2C5723048F83}.Debug|x64.ActiveCfg = Debug|Any CPU
		{3DB83724-352B-4CAB-999C-2C5723048F83}.Debug|x64.Build.0 = Debug|Any CPU
		{3DB83724-352B-4CAB-999C-2C5723048F83}.Debug|x86.ActiveCfg = Debug|Any CPU
		{3DB83724-352B-4CAB-999C-2C5723048F83}.Debug|x86.Build.0 = Debug|Any CPU
		{3DB83724-352B-4CAB-999C-2C5723048F83}.Release|Any CPU.ActiveCfg = Release|Any CPU
		{3DB83724-352B-4CAB-999C-2C5723048F83}.Release|Any CPU.Build.0 = Release|Any CPU
		{3DB83724-352B-4CAB-999C-2C5723048F83}.Release|ARM64.ActiveCfg = Release|Any CPU
		{3DB83724-352B-4CAB-999C-2C5723048F83}.Release|ARM64.Build.0 = Release|Any CPU
		{3DB83724-352B-4CAB-999C-2C5723048F83}.Release|x64.ActiveCfg = Release|Any CPU
		{3DB83724-352B-4CAB-999C-2C5723048F83}.Release|x64.Build.0 = Release|Any CPU
		{3DB83724-352B-4CAB-999C-2C5723048F83}.Release|x86.ActiveCfg = Release|Any CPU
		{3DB83724-352B-4CAB-999C-2C5723048F83}.Release|x86.Build.0 = Release|Any CPU
		{256398D8-18C7-4BBB-84A4-1FD6CAA63F12}.Debug|Any CPU.ActiveCfg = Debug|Any CPU
		{256398D8-18C7-4BBB-84A4-1FD6CAA63F12}.Debug|Any CPU.Build.0 = Debug|Any CPU
		{256398D8-18C7-4BBB-84A4-1FD6CAA63F12}.Debug|ARM64.ActiveCfg = Debug|Any CPU
		{256398D8-18C7-4BBB-84A4-1FD6CAA63F12}.Debug|ARM64.Build.0 = Debug|Any CPU
		{256398D8-18C7-4BBB-84A4-1FD6CAA63F12}.Debug|x64.ActiveCfg = Debug|Any CPU
		{256398D8-18C7-4BBB-84A4-1FD6CAA63F12}.Debug|x64.Build.0 = Debug|Any CPU
		{256398D8-18C7-4BBB-84A4-1FD6CAA63F12}.Debug|x86.ActiveCfg = Debug|Any CPU
		{256398D8-18C7-4BBB-84A4-1FD6CAA63F12}.Debug|x86.Build.0 = Debug|Any CPU
		{256398D8-18C7-4BBB-84A4-1FD6CAA63F12}.Release|Any CPU.ActiveCfg = Release|Any CPU
		{256398D8-18C7-4BBB-84A4-1FD6CAA63F12}.Release|Any CPU.Build.0 = Release|Any CPU
		{256398D8-18C7-4BBB-84A4-1FD6CAA63F12}.Release|ARM64.ActiveCfg = Release|Any CPU
		{256398D8-18C7-4BBB-84A4-1FD6CAA63F12}.Release|ARM64.Build.0 = Release|Any CPU
		{256398D8-18C7-4BBB-84A4-1FD6CAA63F12}.Release|x64.ActiveCfg = Release|Any CPU
		{256398D8-18C7-4BBB-84A4-1FD6CAA63F12}.Release|x64.Build.0 = Release|Any CPU
		{256398D8-18C7-4BBB-84A4-1FD6CAA63F12}.Release|x86.ActiveCfg = Release|Any CPU
		{256398D8-18C7-4BBB-84A4-1FD6CAA63F12}.Release|x86.Build.0 = Release|Any CPU
		{D7C427FF-A85A-4965-A595-8B9FB3051CBC}.Debug|Any CPU.ActiveCfg = Debug|Any CPU
		{D7C427FF-A85A-4965-A595-8B9FB3051CBC}.Debug|Any CPU.Build.0 = Debug|Any CPU
		{D7C427FF-A85A-4965-A595-8B9FB3051CBC}.Debug|ARM64.ActiveCfg = Debug|Any CPU
		{D7C427FF-A85A-4965-A595-8B9FB3051CBC}.Debug|ARM64.Build.0 = Debug|Any CPU
		{D7C427FF-A85A-4965-A595-8B9FB3051CBC}.Debug|x64.ActiveCfg = Debug|Any CPU
		{D7C427FF-A85A-4965-A595-8B9FB3051CBC}.Debug|x64.Build.0 = Debug|Any CPU
		{D7C427FF-A85A-4965-A595-8B9FB3051CBC}.Debug|x86.ActiveCfg = Debug|Any CPU
		{D7C427FF-A85A-4965-A595-8B9FB3051CBC}.Debug|x86.Build.0 = Debug|Any CPU
		{D7C427FF-A85A-4965-A595-8B9FB3051CBC}.Release|Any CPU.ActiveCfg = Release|Any CPU
		{D7C427FF-A85A-4965-A595-8B9FB3051CBC}.Release|Any CPU.Build.0 = Release|Any CPU
		{D7C427FF-A85A-4965-A595-8B9FB3051CBC}.Release|ARM64.ActiveCfg = Release|Any CPU
		{D7C427FF-A85A-4965-A595-8B9FB3051CBC}.Release|ARM64.Build.0 = Release|Any CPU
		{D7C427FF-A85A-4965-A595-8B9FB3051CBC}.Release|x64.ActiveCfg = Release|Any CPU
		{D7C427FF-A85A-4965-A595-8B9FB3051CBC}.Release|x64.Build.0 = Release|Any CPU
		{D7C427FF-A85A-4965-A595-8B9FB3051CBC}.Release|x86.ActiveCfg = Release|Any CPU
		{D7C427FF-A85A-4965-A595-8B9FB3051CBC}.Release|x86.Build.0 = Release|Any CPU
		{249BC08D-5364-40CF-983A-8580DDA5B00B}.Debug|Any CPU.ActiveCfg = Debug|Any CPU
		{249BC08D-5364-40CF-983A-8580DDA5B00B}.Debug|Any CPU.Build.0 = Debug|Any CPU
		{249BC08D-5364-40CF-983A-8580DDA5B00B}.Debug|ARM64.ActiveCfg = Debug|Any CPU
		{249BC08D-5364-40CF-983A-8580DDA5B00B}.Debug|ARM64.Build.0 = Debug|Any CPU
		{249BC08D-5364-40CF-983A-8580DDA5B00B}.Debug|x64.ActiveCfg = Debug|Any CPU
		{249BC08D-5364-40CF-983A-8580DDA5B00B}.Debug|x64.Build.0 = Debug|Any CPU
		{249BC08D-5364-40CF-983A-8580DDA5B00B}.Debug|x86.ActiveCfg = Debug|Any CPU
		{249BC08D-5364-40CF-983A-8580DDA5B00B}.Debug|x86.Build.0 = Debug|Any CPU
		{249BC08D-5364-40CF-983A-8580DDA5B00B}.Release|Any CPU.ActiveCfg = Release|Any CPU
		{249BC08D-5364-40CF-983A-8580DDA5B00B}.Release|Any CPU.Build.0 = Release|Any CPU
		{249BC08D-5364-40CF-983A-8580DDA5B00B}.Release|ARM64.ActiveCfg = Release|Any CPU
		{249BC08D-5364-40CF-983A-8580DDA5B00B}.Release|ARM64.Build.0 = Release|Any CPU
		{249BC08D-5364-40CF-983A-8580DDA5B00B}.Release|x64.ActiveCfg = Release|Any CPU
		{249BC08D-5364-40CF-983A-8580DDA5B00B}.Release|x64.Build.0 = Release|Any CPU
		{249BC08D-5364-40CF-983A-8580DDA5B00B}.Release|x86.ActiveCfg = Release|Any CPU
		{249BC08D-5364-40CF-983A-8580DDA5B00B}.Release|x86.Build.0 = Release|Any CPU
		{A6F114EF-E02E-41F6-B8B5-0FADDB0FE98E}.Debug|Any CPU.ActiveCfg = Debug|Any CPU
		{A6F114EF-E02E-41F6-B8B5-0FADDB0FE98E}.Debug|Any CPU.Build.0 = Debug|Any CPU
		{A6F114EF-E02E-41F6-B8B5-0FADDB0FE98E}.Debug|ARM64.ActiveCfg = Debug|Any CPU
		{A6F114EF-E02E-41F6-B8B5-0FADDB0FE98E}.Debug|ARM64.Build.0 = Debug|Any CPU
		{A6F114EF-E02E-41F6-B8B5-0FADDB0FE98E}.Debug|x64.ActiveCfg = Debug|Any CPU
		{A6F114EF-E02E-41F6-B8B5-0FADDB0FE98E}.Debug|x64.Build.0 = Debug|Any CPU
		{A6F114EF-E02E-41F6-B8B5-0FADDB0FE98E}.Debug|x86.ActiveCfg = Debug|Any CPU
		{A6F114EF-E02E-41F6-B8B5-0FADDB0FE98E}.Debug|x86.Build.0 = Debug|Any CPU
		{A6F114EF-E02E-41F6-B8B5-0FADDB0FE98E}.Release|Any CPU.ActiveCfg = Release|Any CPU
		{A6F114EF-E02E-41F6-B8B5-0FADDB0FE98E}.Release|Any CPU.Build.0 = Release|Any CPU
		{A6F114EF-E02E-41F6-B8B5-0FADDB0FE98E}.Release|ARM64.ActiveCfg = Release|Any CPU
		{A6F114EF-E02E-41F6-B8B5-0FADDB0FE98E}.Release|ARM64.Build.0 = Release|Any CPU
		{A6F114EF-E02E-41F6-B8B5-0FADDB0FE98E}.Release|x64.ActiveCfg = Release|Any CPU
		{A6F114EF-E02E-41F6-B8B5-0FADDB0FE98E}.Release|x64.Build.0 = Release|Any CPU
		{A6F114EF-E02E-41F6-B8B5-0FADDB0FE98E}.Release|x86.ActiveCfg = Release|Any CPU
		{A6F114EF-E02E-41F6-B8B5-0FADDB0FE98E}.Release|x86.Build.0 = Release|Any CPU
		{1E179E43-3B81-47A2-974D-A0DE8733E057}.Debug|Any CPU.ActiveCfg = Debug|Any CPU
		{1E179E43-3B81-47A2-974D-A0DE8733E057}.Debug|Any CPU.Build.0 = Debug|Any CPU
		{1E179E43-3B81-47A2-974D-A0DE8733E057}.Debug|ARM64.ActiveCfg = Debug|Any CPU
		{1E179E43-3B81-47A2-974D-A0DE8733E057}.Debug|ARM64.Build.0 = Debug|Any CPU
		{1E179E43-3B81-47A2-974D-A0DE8733E057}.Debug|x64.ActiveCfg = Debug|Any CPU
		{1E179E43-3B81-47A2-974D-A0DE8733E057}.Debug|x64.Build.0 = Debug|Any CPU
		{1E179E43-3B81-47A2-974D-A0DE8733E057}.Debug|x86.ActiveCfg = Debug|Any CPU
		{1E179E43-3B81-47A2-974D-A0DE8733E057}.Debug|x86.Build.0 = Debug|Any CPU
		{1E179E43-3B81-47A2-974D-A0DE8733E057}.Release|Any CPU.ActiveCfg = Release|Any CPU
		{1E179E43-3B81-47A2-974D-A0DE8733E057}.Release|Any CPU.Build.0 = Release|Any CPU
		{1E179E43-3B81-47A2-974D-A0DE8733E057}.Release|ARM64.ActiveCfg = Release|Any CPU
		{1E179E43-3B81-47A2-974D-A0DE8733E057}.Release|ARM64.Build.0 = Release|Any CPU
		{1E179E43-3B81-47A2-974D-A0DE8733E057}.Release|x64.ActiveCfg = Release|Any CPU
		{1E179E43-3B81-47A2-974D-A0DE8733E057}.Release|x64.Build.0 = Release|Any CPU
		{1E179E43-3B81-47A2-974D-A0DE8733E057}.Release|x86.ActiveCfg = Release|Any CPU
		{1E179E43-3B81-47A2-974D-A0DE8733E057}.Release|x86.Build.0 = Release|Any CPU
		{A5DF5EB2-97FD-4531-8571-935A9D1E3F0D}.Debug|Any CPU.ActiveCfg = Debug|Any CPU
		{A5DF5EB2-97FD-4531-8571-935A9D1E3F0D}.Debug|Any CPU.Build.0 = Debug|Any CPU
		{A5DF5EB2-97FD-4531-8571-935A9D1E3F0D}.Debug|ARM64.ActiveCfg = Debug|Any CPU
		{A5DF5EB2-97FD-4531-8571-935A9D1E3F0D}.Debug|ARM64.Build.0 = Debug|Any CPU
		{A5DF5EB2-97FD-4531-8571-935A9D1E3F0D}.Debug|x64.ActiveCfg = Debug|Any CPU
		{A5DF5EB2-97FD-4531-8571-935A9D1E3F0D}.Debug|x64.Build.0 = Debug|Any CPU
		{A5DF5EB2-97FD-4531-8571-935A9D1E3F0D}.Debug|x86.ActiveCfg = Debug|Any CPU
		{A5DF5EB2-97FD-4531-8571-935A9D1E3F0D}.Debug|x86.Build.0 = Debug|Any CPU
		{A5DF5EB2-97FD-4531-8571-935A9D1E3F0D}.Release|Any CPU.ActiveCfg = Release|Any CPU
		{A5DF5EB2-97FD-4531-8571-935A9D1E3F0D}.Release|Any CPU.Build.0 = Release|Any CPU
		{A5DF5EB2-97FD-4531-8571-935A9D1E3F0D}.Release|ARM64.ActiveCfg = Release|Any CPU
		{A5DF5EB2-97FD-4531-8571-935A9D1E3F0D}.Release|ARM64.Build.0 = Release|Any CPU
		{A5DF5EB2-97FD-4531-8571-935A9D1E3F0D}.Release|x64.ActiveCfg = Release|Any CPU
		{A5DF5EB2-97FD-4531-8571-935A9D1E3F0D}.Release|x64.Build.0 = Release|Any CPU
		{A5DF5EB2-97FD-4531-8571-935A9D1E3F0D}.Release|x86.ActiveCfg = Release|Any CPU
		{A5DF5EB2-97FD-4531-8571-935A9D1E3F0D}.Release|x86.Build.0 = Release|Any CPU
		{4998E285-9BBB-4589-BC2D-56649563C765}.Debug|Any CPU.ActiveCfg = Debug|Any CPU
		{4998E285-9BBB-4589-BC2D-56649563C765}.Debug|Any CPU.Build.0 = Debug|Any CPU
		{4998E285-9BBB-4589-BC2D-56649563C765}.Debug|ARM64.ActiveCfg = Debug|Any CPU
		{4998E285-9BBB-4589-BC2D-56649563C765}.Debug|ARM64.Build.0 = Debug|Any CPU
		{4998E285-9BBB-4589-BC2D-56649563C765}.Debug|x64.ActiveCfg = Debug|Any CPU
		{4998E285-9BBB-4589-BC2D-56649563C765}.Debug|x64.Build.0 = Debug|Any CPU
		{4998E285-9BBB-4589-BC2D-56649563C765}.Debug|x86.ActiveCfg = Debug|Any CPU
		{4998E285-9BBB-4589-BC2D-56649563C765}.Debug|x86.Build.0 = Debug|Any CPU
		{4998E285-9BBB-4589-BC2D-56649563C765}.Release|Any CPU.ActiveCfg = Release|Any CPU
		{4998E285-9BBB-4589-BC2D-56649563C765}.Release|Any CPU.Build.0 = Release|Any CPU
		{4998E285-9BBB-4589-BC2D-56649563C765}.Release|ARM64.ActiveCfg = Release|Any CPU
		{4998E285-9BBB-4589-BC2D-56649563C765}.Release|ARM64.Build.0 = Release|Any CPU
		{4998E285-9BBB-4589-BC2D-56649563C765}.Release|x64.ActiveCfg = Release|Any CPU
		{4998E285-9BBB-4589-BC2D-56649563C765}.Release|x64.Build.0 = Release|Any CPU
		{4998E285-9BBB-4589-BC2D-56649563C765}.Release|x86.ActiveCfg = Release|Any CPU
		{4998E285-9BBB-4589-BC2D-56649563C765}.Release|x86.Build.0 = Release|Any CPU
		{BFE9FADB-6685-453E-AB79-1C7476053260}.Debug|Any CPU.ActiveCfg = Debug|Any CPU
		{BFE9FADB-6685-453E-AB79-1C7476053260}.Debug|Any CPU.Build.0 = Debug|Any CPU
		{BFE9FADB-6685-453E-AB79-1C7476053260}.Debug|ARM64.ActiveCfg = Debug|Any CPU
		{BFE9FADB-6685-453E-AB79-1C7476053260}.Debug|ARM64.Build.0 = Debug|Any CPU
		{BFE9FADB-6685-453E-AB79-1C7476053260}.Debug|x64.ActiveCfg = Debug|Any CPU
		{BFE9FADB-6685-453E-AB79-1C7476053260}.Debug|x64.Build.0 = Debug|Any CPU
		{BFE9FADB-6685-453E-AB79-1C7476053260}.Debug|x86.ActiveCfg = Debug|Any CPU
		{BFE9FADB-6685-453E-AB79-1C7476053260}.Debug|x86.Build.0 = Debug|Any CPU
		{BFE9FADB-6685-453E-AB79-1C7476053260}.Release|Any CPU.ActiveCfg = Release|Any CPU
		{BFE9FADB-6685-453E-AB79-1C7476053260}.Release|Any CPU.Build.0 = Release|Any CPU
		{BFE9FADB-6685-453E-AB79-1C7476053260}.Release|ARM64.ActiveCfg = Release|Any CPU
		{BFE9FADB-6685-453E-AB79-1C7476053260}.Release|ARM64.Build.0 = Release|Any CPU
		{BFE9FADB-6685-453E-AB79-1C7476053260}.Release|x64.ActiveCfg = Release|Any CPU
		{BFE9FADB-6685-453E-AB79-1C7476053260}.Release|x64.Build.0 = Release|Any CPU
		{BFE9FADB-6685-453E-AB79-1C7476053260}.Release|x86.ActiveCfg = Release|Any CPU
		{BFE9FADB-6685-453E-AB79-1C7476053260}.Release|x86.Build.0 = Release|Any CPU
		{5B036653-BA38-4C65-A889-E166AFF24210}.Debug|Any CPU.ActiveCfg = Debug|x64
		{5B036653-BA38-4C65-A889-E166AFF24210}.Debug|Any CPU.Build.0 = Debug|x64
		{5B036653-BA38-4C65-A889-E166AFF24210}.Debug|ARM64.ActiveCfg = Debug|ARM64
		{5B036653-BA38-4C65-A889-E166AFF24210}.Debug|ARM64.Build.0 = Debug|ARM64
		{5B036653-BA38-4C65-A889-E166AFF24210}.Debug|x64.ActiveCfg = Debug|x64
		{5B036653-BA38-4C65-A889-E166AFF24210}.Debug|x64.Build.0 = Debug|x64
		{5B036653-BA38-4C65-A889-E166AFF24210}.Debug|x86.ActiveCfg = Debug|x86
		{5B036653-BA38-4C65-A889-E166AFF24210}.Debug|x86.Build.0 = Debug|x86
		{5B036653-BA38-4C65-A889-E166AFF24210}.Release|Any CPU.ActiveCfg = Release|x64
		{5B036653-BA38-4C65-A889-E166AFF24210}.Release|Any CPU.Build.0 = Release|x64
		{5B036653-BA38-4C65-A889-E166AFF24210}.Release|ARM64.ActiveCfg = Release|ARM64
		{5B036653-BA38-4C65-A889-E166AFF24210}.Release|ARM64.Build.0 = Release|ARM64
		{5B036653-BA38-4C65-A889-E166AFF24210}.Release|x64.ActiveCfg = Release|x64
		{5B036653-BA38-4C65-A889-E166AFF24210}.Release|x64.Build.0 = Release|x64
		{5B036653-BA38-4C65-A889-E166AFF24210}.Release|x86.ActiveCfg = Release|x86
		{5B036653-BA38-4C65-A889-E166AFF24210}.Release|x86.Build.0 = Release|x86
	EndGlobalSection
	GlobalSection(SolutionProperties) = preSolution
		HideSolutionNode = FALSE
	EndGlobalSection
	GlobalSection(NestedProjects) = preSolution
		{C2BB7227-9967-4E35-AF4B-20C848E71404} = {5513C05B-1A15-4214-AA87-1F0562021D36}
		{D7C427FF-A85A-4965-A595-8B9FB3051CBC} = {04C195E9-9BE4-4D11-A3F9-FC096AC0BC3E}
		{249BC08D-5364-40CF-983A-8580DDA5B00B} = {04C195E9-9BE4-4D11-A3F9-FC096AC0BC3E}
		{A6F114EF-E02E-41F6-B8B5-0FADDB0FE98E} = {04C195E9-9BE4-4D11-A3F9-FC096AC0BC3E}
		{1E179E43-3B81-47A2-974D-A0DE8733E057} = {04C195E9-9BE4-4D11-A3F9-FC096AC0BC3E}
		{A5DF5EB2-97FD-4531-8571-935A9D1E3F0D} = {04C195E9-9BE4-4D11-A3F9-FC096AC0BC3E}
		{4998E285-9BBB-4589-BC2D-56649563C765} = {04C195E9-9BE4-4D11-A3F9-FC096AC0BC3E}
	EndGlobalSection
	GlobalSection(ExtensibilityGlobals) = postSolution
		SolutionGuid = {7DB544C1-D258-4034-9C0F-68B532408530}
	EndGlobalSection
EndGlobal
