
Microsoft Visual Studio Solution File, Format Version 12.00
# Visual Studio Version 17
VisualStudioVersion = 17.8.34330.188
MinimumVisualStudioVersion = 10.0.40219.1
Project("{FAE04EC0-301F-11D3-BF4B-00C04F79EFBC}") = "Test App", "TestApp\Test App.csproj", "{FC2F7D9E-7541-4068-9F9F-8C2C56D2E4D2}"
	ProjectSection(ProjectDependencies) = postProject
		{B11763B6-2D03-40CC-A8BE-9C9D54B83B67} = {B11763B6-2D03-40CC-A8BE-9C9D54B83B67}
	EndProjectSection
EndProject
Project("{FAE04EC0-301F-11D3-BF4B-00C04F79EFBC}") = "MatterSphereBundlerWCFService", "MatterSphereBundlerWCFService\MatterSphereBundlerWCFService.csproj", "{B11763B6-2D03-40CC-A8BE-9C9D54B83B67}"
EndProject
Project("{FAE04EC0-301F-11D3-BF4B-00C04F79EFBC}") = "BundlerConsoleHost", "BundlerConsoleHost\BundlerConsoleHost.csproj", "{6A8EDB51-A22B-4B2D-A0DA-DC3083435920}"
EndProject
Project("{FAE04EC0-301F-11D3-BF4B-00C04F79EFBC}") = "MatterSphereBundlerWindowsService", "MatterSphereBundlerWindowsService\MatterSphereBundlerWindowsService.csproj", "{E2035AE2-8148-433C-BFCB-E7D443E9C0A6}"
EndProject
Project("{FAE04EC0-301F-11D3-BF4B-00C04F79EFBC}") = "FWBS.OMS.Services.Bundler", "FWBS.OMS.Services.Bundler\FWBS.OMS.Services.Bundler.csproj", "{710D9EEB-359F-42D4-926C-7264A5C5B982}"
	ProjectSection(ProjectDependencies) = postProject
		{B11763B6-2D03-40CC-A8BE-9C9D54B83B67} = {B11763B6-2D03-40CC-A8BE-9C9D54B83B67}
	EndProjectSection
EndProject
Project("{FAE04EC0-301F-11D3-BF4B-00C04F79EFBC}") = "MatterSphereBundlerLibrary", "MatterSphereBundlerLibrary\MatterSphereBundlerLibrary.csproj", "{886C60D2-DFE5-4826-9FE9-5A298233145F}"
EndProject
Project("{FAE04EC0-301F-11D3-BF4B-00C04F79EFBC}") = "Business", "..\..\Core\Fwbs.Oms.Library\Business.csproj", "{249BC08D-5364-40CF-983A-8580DDA5B00B}"
EndProject
Project("{FAE04EC0-301F-11D3-BF4B-00C04F79EFBC}") = "PDFConversion", "..\..\Core\DocumentPDFConversion\PDFConversion\PDFConversion.csproj", "{382252A0-D37C-4E43-B5E2-E0CADA94693D}"
EndProject
Project("{FAE04EC0-301F-11D3-BF4B-00C04F79EFBC}") = "Data", "..\..\Core\Fwbs.Oms.Data\Data.csproj", "{A6F114EF-E02E-41F6-B8B5-0FADDB0FE98E}"
EndProject
Project("{2150E333-8FDC-42A3-9474-1A3956D46DE8}") = "Core", "Core", "{1E9B8964-39FE-4FDC-9FE2-1C4BBDB9FE81}"
EndProject
Project("{FAE04EC0-301F-11D3-BF4B-00C04F79EFBC}") = "~Infrastructure", "..\..\Core\FWBS.OMS.Infrastructure\~Infrastructure.csproj", "{D7C427FF-A85A-4965-A595-8B9FB3051CBC}"
EndProject
Project("{FAE04EC0-301F-11D3-BF4B-00C04F79EFBC}") = "ExternalAggregatorClient", "..\..\Core\ExternalAggregatorClient\ExternalAggregatorClient.csproj", "{A5DF5EB2-97FD-4531-8571-935A9D1E3F0D}"
EndProject
Project("{FAE04EC0-301F-11D3-BF4B-00C04F79EFBC}") = "Common", "..\..\Core\Fwbs.Common\Common.csproj", "{4998E285-9BBB-4589-BC2D-56649563C765}"
EndProject
Project("{FAE04EC0-301F-11D3-BF4B-00C04F79EFBC}") = "DocProps", "..\..\Core\Document Properties\Fwbs.Common.DocumentProperties\DocProps.csproj", "{1E179E43-3B81-47A2-974D-A0DE8733E057}"
EndProject
Project("{B7DD6F7E-DEF8-4E67-B5B7-07EF123DB6F0}") = "MatterSphereBundlerInstaller", "MatterSphereBundlerInstaller\MatterSphereBundlerInstaller.wixproj", "{042B85D7-D75F-4845-AACC-E0CEDB0A6AFD}"
EndProject
Global
	GlobalSection(SolutionConfigurationPlatforms) = preSolution
		Debug|Any CPU = Debug|Any CPU
		Debug|ARM64 = Debug|ARM64
		Debug|x64 = Debug|x64
		Debug|x86 = Debug|x86
		Release|Any CPU = Release|Any CPU
		Release|ARM64 = Release|ARM64
		Release|x64 = Release|x64
		Release|x86 = Release|x86
	EndGlobalSection
	GlobalSection(ProjectConfigurationPlatforms) = postSolution
		{FC2F7D9E-7541-4068-9F9F-8C2C56D2E4D2}.Debug|Any CPU.ActiveCfg = Debug|Any CPU
		{FC2F7D9E-7541-4068-9F9F-8C2C56D2E4D2}.Debug|Any CPU.Build.0 = Debug|Any CPU
		{FC2F7D9E-7541-4068-9F9F-8C2C56D2E4D2}.Debug|ARM64.ActiveCfg = Debug|Any CPU
		{FC2F7D9E-7541-4068-9F9F-8C2C56D2E4D2}.Debug|ARM64.Build.0 = Debug|Any CPU
		{FC2F7D9E-7541-4068-9F9F-8C2C56D2E4D2}.Debug|x64.ActiveCfg = Debug|Any CPU
		{FC2F7D9E-7541-4068-9F9F-8C2C56D2E4D2}.Debug|x64.Build.0 = Debug|Any CPU
		{FC2F7D9E-7541-4068-9F9F-8C2C56D2E4D2}.Debug|x86.ActiveCfg = Debug|Any CPU
		{FC2F7D9E-7541-4068-9F9F-8C2C56D2E4D2}.Debug|x86.Build.0 = Debug|Any CPU
		{FC2F7D9E-7541-4068-9F9F-8C2C56D2E4D2}.Release|Any CPU.ActiveCfg = Release|Any CPU
		{FC2F7D9E-7541-4068-9F9F-8C2C56D2E4D2}.Release|Any CPU.Build.0 = Release|Any CPU
		{FC2F7D9E-7541-4068-9F9F-8C2C56D2E4D2}.Release|ARM64.ActiveCfg = Release|Any CPU
		{FC2F7D9E-7541-4068-9F9F-8C2C56D2E4D2}.Release|ARM64.Build.0 = Release|Any CPU
		{FC2F7D9E-7541-4068-9F9F-8C2C56D2E4D2}.Release|x64.ActiveCfg = Release|Any CPU
		{FC2F7D9E-7541-4068-9F9F-8C2C56D2E4D2}.Release|x64.Build.0 = Release|Any CPU
		{FC2F7D9E-7541-4068-9F9F-8C2C56D2E4D2}.Release|x86.ActiveCfg = Release|Any CPU
		{FC2F7D9E-7541-4068-9F9F-8C2C56D2E4D2}.Release|x86.Build.0 = Release|Any CPU
		{B11763B6-2D03-40CC-A8BE-9C9D54B83B67}.Debug|Any CPU.ActiveCfg = Debug|Any CPU
		{B11763B6-2D03-40CC-A8BE-9C9D54B83B67}.Debug|Any CPU.Build.0 = Debug|Any CPU
		{B11763B6-2D03-40CC-A8BE-9C9D54B83B67}.Debug|ARM64.ActiveCfg = Debug|Any CPU
		{B11763B6-2D03-40CC-A8BE-9C9D54B83B67}.Debug|ARM64.Build.0 = Debug|Any CPU
		{B11763B6-2D03-40CC-A8BE-9C9D54B83B67}.Debug|x64.ActiveCfg = Debug|Any CPU
		{B11763B6-2D03-40CC-A8BE-9C9D54B83B67}.Debug|x64.Build.0 = Debug|Any CPU
		{B11763B6-2D03-40CC-A8BE-9C9D54B83B67}.Debug|x86.ActiveCfg = Debug|Any CPU
		{B11763B6-2D03-40CC-A8BE-9C9D54B83B67}.Debug|x86.Build.0 = Debug|Any CPU
		{B11763B6-2D03-40CC-A8BE-9C9D54B83B67}.Release|Any CPU.ActiveCfg = Release|Any CPU
		{B11763B6-2D03-40CC-A8BE-9C9D54B83B67}.Release|Any CPU.Build.0 = Release|Any CPU
		{B11763B6-2D03-40CC-A8BE-9C9D54B83B67}.Release|ARM64.ActiveCfg = Release|Any CPU
		{B11763B6-2D03-40CC-A8BE-9C9D54B83B67}.Release|ARM64.Build.0 = Release|Any CPU
		{B11763B6-2D03-40CC-A8BE-9C9D54B83B67}.Release|x64.ActiveCfg = Release|Any CPU
		{B11763B6-2D03-40CC-A8BE-9C9D54B83B67}.Release|x64.Build.0 = Release|Any CPU
		{B11763B6-2D03-40CC-A8BE-9C9D54B83B67}.Release|x86.ActiveCfg = Release|Any CPU
		{B11763B6-2D03-40CC-A8BE-9C9D54B83B67}.Release|x86.Build.0 = Release|Any CPU
		{6A8EDB51-A22B-4B2D-A0DA-DC3083435920}.Debug|Any CPU.ActiveCfg = Debug|Any CPU
		{6A8EDB51-A22B-4B2D-A0DA-DC3083435920}.Debug|Any CPU.Build.0 = Debug|Any CPU
		{6A8EDB51-A22B-4B2D-A0DA-DC3083435920}.Debug|ARM64.ActiveCfg = Debug|Any CPU
		{6A8EDB51-A22B-4B2D-A0DA-DC3083435920}.Debug|ARM64.Build.0 = Debug|Any CPU
		{6A8EDB51-A22B-4B2D-A0DA-DC3083435920}.Debug|x64.ActiveCfg = Debug|Any CPU
		{6A8EDB51-A22B-4B2D-A0DA-DC3083435920}.Debug|x64.Build.0 = Debug|Any CPU
		{6A8EDB51-A22B-4B2D-A0DA-DC3083435920}.Debug|x86.ActiveCfg = Debug|Any CPU
		{6A8EDB51-A22B-4B2D-A0DA-DC3083435920}.Debug|x86.Build.0 = Debug|Any CPU
		{6A8EDB51-A22B-4B2D-A0DA-DC3083435920}.Release|Any CPU.ActiveCfg = Release|Any CPU
		{6A8EDB51-A22B-4B2D-A0DA-DC3083435920}.Release|Any CPU.Build.0 = Release|Any CPU
		{6A8EDB51-A22B-4B2D-A0DA-DC3083435920}.Release|ARM64.ActiveCfg = Release|Any CPU
		{6A8EDB51-A22B-4B2D-A0DA-DC3083435920}.Release|ARM64.Build.0 = Release|Any CPU
		{6A8EDB51-A22B-4B2D-A0DA-DC3083435920}.Release|x64.ActiveCfg = Release|Any CPU
		{6A8EDB51-A22B-4B2D-A0DA-DC3083435920}.Release|x64.Build.0 = Release|Any CPU
		{6A8EDB51-A22B-4B2D-A0DA-DC3083435920}.Release|x86.ActiveCfg = Release|Any CPU
		{6A8EDB51-A22B-4B2D-A0DA-DC3083435920}.Release|x86.Build.0 = Release|Any CPU
		{E2035AE2-8148-433C-BFCB-E7D443E9C0A6}.Debug|Any CPU.ActiveCfg = Debug|Any CPU
		{E2035AE2-8148-433C-BFCB-E7D443E9C0A6}.Debug|Any CPU.Build.0 = Debug|Any CPU
		{E2035AE2-8148-433C-BFCB-E7D443E9C0A6}.Debug|ARM64.ActiveCfg = Debug|Any CPU
		{E2035AE2-8148-433C-BFCB-E7D443E9C0A6}.Debug|ARM64.Build.0 = Debug|Any CPU
		{E2035AE2-8148-433C-BFCB-E7D443E9C0A6}.Debug|x64.ActiveCfg = Debug|Any CPU
		{E2035AE2-8148-433C-BFCB-E7D443E9C0A6}.Debug|x64.Build.0 = Debug|Any CPU
		{E2035AE2-8148-433C-BFCB-E7D443E9C0A6}.Debug|x86.ActiveCfg = Debug|Any CPU
		{E2035AE2-8148-433C-BFCB-E7D443E9C0A6}.Debug|x86.Build.0 = Debug|Any CPU
		{E2035AE2-8148-433C-BFCB-E7D443E9C0A6}.Release|Any CPU.ActiveCfg = Release|Any CPU
		{E2035AE2-8148-433C-BFCB-E7D443E9C0A6}.Release|Any CPU.Build.0 = Release|Any CPU
		{E2035AE2-8148-433C-BFCB-E7D443E9C0A6}.Release|ARM64.ActiveCfg = Release|Any CPU
		{E2035AE2-8148-433C-BFCB-E7D443E9C0A6}.Release|ARM64.Build.0 = Release|Any CPU
		{E2035AE2-8148-433C-BFCB-E7D443E9C0A6}.Release|x64.ActiveCfg = Release|Any CPU
		{E2035AE2-8148-433C-BFCB-E7D443E9C0A6}.Release|x64.Build.0 = Release|Any CPU
		{E2035AE2-8148-433C-BFCB-E7D443E9C0A6}.Release|x86.ActiveCfg = Release|Any CPU
		{E2035AE2-8148-433C-BFCB-E7D443E9C0A6}.Release|x86.Build.0 = Release|Any CPU
		{710D9EEB-359F-42D4-926C-7264A5C5B982}.Debug|Any CPU.ActiveCfg = Debug|Any CPU
		{710D9EEB-359F-42D4-926C-7264A5C5B982}.Debug|Any CPU.Build.0 = Debug|Any CPU
		{710D9EEB-359F-42D4-926C-7264A5C5B982}.Debug|ARM64.ActiveCfg = Debug|Any CPU
		{710D9EEB-359F-42D4-926C-7264A5C5B982}.Debug|ARM64.Build.0 = Debug|Any CPU
		{710D9EEB-359F-42D4-926C-7264A5C5B982}.Debug|x64.ActiveCfg = Debug|Any CPU
		{710D9EEB-359F-42D4-926C-7264A5C5B982}.Debug|x64.Build.0 = Debug|Any CPU
		{710D9EEB-359F-42D4-926C-7264A5C5B982}.Debug|x86.ActiveCfg = Debug|Any CPU
		{710D9EEB-359F-42D4-926C-7264A5C5B982}.Debug|x86.Build.0 = Debug|Any CPU
		{710D9EEB-359F-42D4-926C-7264A5C5B982}.Release|Any CPU.ActiveCfg = Release|Any CPU
		{710D9EEB-359F-42D4-926C-7264A5C5B982}.Release|Any CPU.Build.0 = Release|Any CPU
		{710D9EEB-359F-42D4-926C-7264A5C5B982}.Release|ARM64.ActiveCfg = Release|Any CPU
		{710D9EEB-359F-42D4-926C-7264A5C5B982}.Release|ARM64.Build.0 = Release|Any CPU
		{710D9EEB-359F-42D4-926C-7264A5C5B982}.Release|x64.ActiveCfg = Release|Any CPU
		{710D9EEB-359F-42D4-926C-7264A5C5B982}.Release|x64.Build.0 = Release|Any CPU
		{710D9EEB-359F-42D4-926C-7264A5C5B982}.Release|x86.ActiveCfg = Release|Any CPU
		{710D9EEB-359F-42D4-926C-7264A5C5B982}.Release|x86.Build.0 = Release|Any CPU
		{886C60D2-DFE5-4826-9FE9-5A298233145F}.Debug|Any CPU.ActiveCfg = Debug|Any CPU
		{886C60D2-DFE5-4826-9FE9-5A298233145F}.Debug|Any CPU.Build.0 = Debug|Any CPU
		{886C60D2-DFE5-4826-9FE9-5A298233145F}.Debug|ARM64.ActiveCfg = Debug|Any CPU
		{886C60D2-DFE5-4826-9FE9-5A298233145F}.Debug|ARM64.Build.0 = Debug|Any CPU
		{886C60D2-DFE5-4826-9FE9-5A298233145F}.Debug|x64.ActiveCfg = Debug|Any CPU
		{886C60D2-DFE5-4826-9FE9-5A298233145F}.Debug|x64.Build.0 = Debug|Any CPU
		{886C60D2-DFE5-4826-9FE9-5A298233145F}.Debug|x86.ActiveCfg = Debug|Any CPU
		{886C60D2-DFE5-4826-9FE9-5A298233145F}.Debug|x86.Build.0 = Debug|Any CPU
		{886C60D2-DFE5-4826-9FE9-5A298233145F}.Release|Any CPU.ActiveCfg = Release|Any CPU
		{886C60D2-DFE5-4826-9FE9-5A298233145F}.Release|Any CPU.Build.0 = Release|Any CPU
		{886C60D2-DFE5-4826-9FE9-5A298233145F}.Release|ARM64.ActiveCfg = Release|Any CPU
		{886C60D2-DFE5-4826-9FE9-5A298233145F}.Release|ARM64.Build.0 = Release|Any CPU
		{886C60D2-DFE5-4826-9FE9-5A298233145F}.Release|x64.ActiveCfg = Release|Any CPU
		{886C60D2-DFE5-4826-9FE9-5A298233145F}.Release|x64.Build.0 = Release|Any CPU
		{886C60D2-DFE5-4826-9FE9-5A298233145F}.Release|x86.ActiveCfg = Release|Any CPU
		{886C60D2-DFE5-4826-9FE9-5A298233145F}.Release|x86.Build.0 = Release|Any CPU
		{249BC08D-5364-40CF-983A-8580DDA5B00B}.Debug|Any CPU.ActiveCfg = Debug|Any CPU
		{249BC08D-5364-40CF-983A-8580DDA5B00B}.Debug|Any CPU.Build.0 = Debug|Any CPU
		{249BC08D-5364-40CF-983A-8580DDA5B00B}.Debug|ARM64.ActiveCfg = Debug|Any CPU
		{249BC08D-5364-40CF-983A-8580DDA5B00B}.Debug|ARM64.Build.0 = Debug|Any CPU
		{249BC08D-5364-40CF-983A-8580DDA5B00B}.Debug|x64.ActiveCfg = Debug|Any CPU
		{249BC08D-5364-40CF-983A-8580DDA5B00B}.Debug|x64.Build.0 = Debug|Any CPU
		{249BC08D-5364-40CF-983A-8580DDA5B00B}.Debug|x86.ActiveCfg = Debug|Any CPU
		{249BC08D-5364-40CF-983A-8580DDA5B00B}.Debug|x86.Build.0 = Debug|Any CPU
		{249BC08D-5364-40CF-983A-8580DDA5B00B}.Release|Any CPU.ActiveCfg = Release|Any CPU
		{249BC08D-5364-40CF-983A-8580DDA5B00B}.Release|Any CPU.Build.0 = Release|Any CPU
		{249BC08D-5364-40CF-983A-8580DDA5B00B}.Release|ARM64.ActiveCfg = Release|Any CPU
		{249BC08D-5364-40CF-983A-8580DDA5B00B}.Release|ARM64.Build.0 = Release|Any CPU
		{249BC08D-5364-40CF-983A-8580DDA5B00B}.Release|x64.ActiveCfg = Release|Any CPU
		{249BC08D-5364-40CF-983A-8580DDA5B00B}.Release|x64.Build.0 = Release|Any CPU
		{249BC08D-5364-40CF-983A-8580DDA5B00B}.Release|x86.ActiveCfg = Release|Any CPU
		{249BC08D-5364-40CF-983A-8580DDA5B00B}.Release|x86.Build.0 = Release|Any CPU
		{382252A0-D37C-4E43-B5E2-E0CADA94693D}.Debug|Any CPU.ActiveCfg = Debug|Any CPU
		{382252A0-D37C-4E43-B5E2-E0CADA94693D}.Debug|Any CPU.Build.0 = Debug|Any CPU
		{382252A0-D37C-4E43-B5E2-E0CADA94693D}.Debug|ARM64.ActiveCfg = Debug|Any CPU
		{382252A0-D37C-4E43-B5E2-E0CADA94693D}.Debug|ARM64.Build.0 = Debug|Any CPU
		{382252A0-D37C-4E43-B5E2-E0CADA94693D}.Debug|x64.ActiveCfg = Debug|Any CPU
		{382252A0-D37C-4E43-B5E2-E0CADA94693D}.Debug|x64.Build.0 = Debug|Any CPU
		{382252A0-D37C-4E43-B5E2-E0CADA94693D}.Debug|x86.ActiveCfg = Debug|Any CPU
		{382252A0-D37C-4E43-B5E2-E0CADA94693D}.Debug|x86.Build.0 = Debug|Any CPU
		{382252A0-D37C-4E43-B5E2-E0CADA94693D}.Release|Any CPU.ActiveCfg = Release|Any CPU
		{382252A0-D37C-4E43-B5E2-E0CADA94693D}.Release|Any CPU.Build.0 = Release|Any CPU
		{382252A0-D37C-4E43-B5E2-E0CADA94693D}.Release|ARM64.ActiveCfg = Release|Any CPU
		{382252A0-D37C-4E43-B5E2-E0CADA94693D}.Release|ARM64.Build.0 = Release|Any CPU
		{382252A0-D37C-4E43-B5E2-E0CADA94693D}.Release|x64.ActiveCfg = Release|Any CPU
		{382252A0-D37C-4E43-B5E2-E0CADA94693D}.Release|x64.Build.0 = Release|Any CPU
		{382252A0-D37C-4E43-B5E2-E0CADA94693D}.Release|x86.ActiveCfg = Release|Any CPU
		{382252A0-D37C-4E43-B5E2-E0CADA94693D}.Release|x86.Build.0 = Release|Any CPU
		{A6F114EF-E02E-41F6-B8B5-0FADDB0FE98E}.Debug|Any CPU.ActiveCfg = Debug|Any CPU
		{A6F114EF-E02E-41F6-B8B5-0FADDB0FE98E}.Debug|Any CPU.Build.0 = Debug|Any CPU
		{A6F114EF-E02E-41F6-B8B5-0FADDB0FE98E}.Debug|ARM64.ActiveCfg = Debug|Any CPU
		{A6F114EF-E02E-41F6-B8B5-0FADDB0FE98E}.Debug|ARM64.Build.0 = Debug|Any CPU
		{A6F114EF-E02E-41F6-B8B5-0FADDB0FE98E}.Debug|x64.ActiveCfg = Debug|Any CPU
		{A6F114EF-E02E-41F6-B8B5-0FADDB0FE98E}.Debug|x64.Build.0 = Debug|Any CPU
		{A6F114EF-E02E-41F6-B8B5-0FADDB0FE98E}.Debug|x86.ActiveCfg = Debug|Any CPU
		{A6F114EF-E02E-41F6-B8B5-0FADDB0FE98E}.Debug|x86.Build.0 = Debug|Any CPU
		{A6F114EF-E02E-41F6-B8B5-0FADDB0FE98E}.Release|Any CPU.ActiveCfg = Release|Any CPU
		{A6F114EF-E02E-41F6-B8B5-0FADDB0FE98E}.Release|Any CPU.Build.0 = Release|Any CPU
		{A6F114EF-E02E-41F6-B8B5-0FADDB0FE98E}.Release|ARM64.ActiveCfg = Release|Any CPU
		{A6F114EF-E02E-41F6-B8B5-0FADDB0FE98E}.Release|ARM64.Build.0 = Release|Any CPU
		{A6F114EF-E02E-41F6-B8B5-0FADDB0FE98E}.Release|x64.ActiveCfg = Release|Any CPU
		{A6F114EF-E02E-41F6-B8B5-0FADDB0FE98E}.Release|x64.Build.0 = Release|Any CPU
		{A6F114EF-E02E-41F6-B8B5-0FADDB0FE98E}.Release|x86.ActiveCfg = Release|Any CPU
		{A6F114EF-E02E-41F6-B8B5-0FADDB0FE98E}.Release|x86.Build.0 = Release|Any CPU
		{D7C427FF-A85A-4965-A595-8B9FB3051CBC}.Debug|Any CPU.ActiveCfg = Debug|Any CPU
		{D7C427FF-A85A-4965-A595-8B9FB3051CBC}.Debug|Any CPU.Build.0 = Debug|Any CPU
		{D7C427FF-A85A-4965-A595-8B9FB3051CBC}.Debug|ARM64.ActiveCfg = Debug|Any CPU
		{D7C427FF-A85A-4965-A595-8B9FB3051CBC}.Debug|ARM64.Build.0 = Debug|Any CPU
		{D7C427FF-A85A-4965-A595-8B9FB3051CBC}.Debug|x64.ActiveCfg = Debug|Any CPU
		{D7C427FF-A85A-4965-A595-8B9FB3051CBC}.Debug|x64.Build.0 = Debug|Any CPU
		{D7C427FF-A85A-4965-A595-8B9FB3051CBC}.Debug|x86.ActiveCfg = Debug|Any CPU
		{D7C427FF-A85A-4965-A595-8B9FB3051CBC}.Debug|x86.Build.0 = Debug|Any CPU
		{D7C427FF-A85A-4965-A595-8B9FB3051CBC}.Release|Any CPU.ActiveCfg = Release|Any CPU
		{D7C427FF-A85A-4965-A595-8B9FB3051CBC}.Release|Any CPU.Build.0 = Release|Any CPU
		{D7C427FF-A85A-4965-A595-8B9FB3051CBC}.Release|ARM64.ActiveCfg = Release|Any CPU
		{D7C427FF-A85A-4965-A595-8B9FB3051CBC}.Release|ARM64.Build.0 = Release|Any CPU
		{D7C427FF-A85A-4965-A595-8B9FB3051CBC}.Release|x64.ActiveCfg = Release|Any CPU
		{D7C427FF-A85A-4965-A595-8B9FB3051CBC}.Release|x64.Build.0 = Release|Any CPU
		{D7C427FF-A85A-4965-A595-8B9FB3051CBC}.Release|x86.ActiveCfg = Release|Any CPU
		{D7C427FF-A85A-4965-A595-8B9FB3051CBC}.Release|x86.Build.0 = Release|Any CPU
		{A5DF5EB2-97FD-4531-8571-935A9D1E3F0D}.Debug|Any CPU.ActiveCfg = Debug|Any CPU
		{A5DF5EB2-97FD-4531-8571-935A9D1E3F0D}.Debug|Any CPU.Build.0 = Debug|Any CPU
		{A5DF5EB2-97FD-4531-8571-935A9D1E3F0D}.Debug|ARM64.ActiveCfg = Debug|Any CPU
		{A5DF5EB2-97FD-4531-8571-935A9D1E3F0D}.Debug|ARM64.Build.0 = Debug|Any CPU
		{A5DF5EB2-97FD-4531-8571-935A9D1E3F0D}.Debug|x64.ActiveCfg = Debug|Any CPU
		{A5DF5EB2-97FD-4531-8571-935A9D1E3F0D}.Debug|x64.Build.0 = Debug|Any CPU
		{A5DF5EB2-97FD-4531-8571-935A9D1E3F0D}.Debug|x86.ActiveCfg = Debug|Any CPU
		{A5DF5EB2-97FD-4531-8571-935A9D1E3F0D}.Debug|x86.Build.0 = Debug|Any CPU
		{A5DF5EB2-97FD-4531-8571-935A9D1E3F0D}.Release|Any CPU.ActiveCfg = Release|Any CPU
		{A5DF5EB2-97FD-4531-8571-935A9D1E3F0D}.Release|Any CPU.Build.0 = Release|Any CPU
		{A5DF5EB2-97FD-4531-8571-935A9D1E3F0D}.Release|ARM64.ActiveCfg = Release|Any CPU
		{A5DF5EB2-97FD-4531-8571-935A9D1E3F0D}.Release|ARM64.Build.0 = Release|Any CPU
		{A5DF5EB2-97FD-4531-8571-935A9D1E3F0D}.Release|x64.ActiveCfg = Release|Any CPU
		{A5DF5EB2-97FD-4531-8571-935A9D1E3F0D}.Release|x64.Build.0 = Release|Any CPU
		{A5DF5EB2-97FD-4531-8571-935A9D1E3F0D}.Release|x86.ActiveCfg = Release|Any CPU
		{A5DF5EB2-97FD-4531-8571-935A9D1E3F0D}.Release|x86.Build.0 = Release|Any CPU
		{4998E285-9BBB-4589-BC2D-56649563C765}.Debug|Any CPU.ActiveCfg = Debug|Any CPU
		{4998E285-9BBB-4589-BC2D-56649563C765}.Debug|Any CPU.Build.0 = Debug|Any CPU
		{4998E285-9BBB-4589-BC2D-56649563C765}.Debug|ARM64.ActiveCfg = Debug|Any CPU
		{4998E285-9BBB-4589-BC2D-56649563C765}.Debug|ARM64.Build.0 = Debug|Any CPU
		{4998E285-9BBB-4589-BC2D-56649563C765}.Debug|x64.ActiveCfg = Debug|Any CPU
		{4998E285-9BBB-4589-BC2D-56649563C765}.Debug|x64.Build.0 = Debug|Any CPU
		{4998E285-9BBB-4589-BC2D-56649563C765}.Debug|x86.ActiveCfg = Debug|Any CPU
		{4998E285-9BBB-4589-BC2D-56649563C765}.Debug|x86.Build.0 = Debug|Any CPU
		{4998E285-9BBB-4589-BC2D-56649563C765}.Release|Any CPU.ActiveCfg = Release|Any CPU
		{4998E285-9BBB-4589-BC2D-56649563C765}.Release|Any CPU.Build.0 = Release|Any CPU
		{4998E285-9BBB-4589-BC2D-56649563C765}.Release|ARM64.ActiveCfg = Release|Any CPU
		{4998E285-9BBB-4589-BC2D-56649563C765}.Release|ARM64.Build.0 = Release|Any CPU
		{4998E285-9BBB-4589-BC2D-56649563C765}.Release|x64.ActiveCfg = Release|Any CPU
		{4998E285-9BBB-4589-BC2D-56649563C765}.Release|x64.Build.0 = Release|Any CPU
		{4998E285-9BBB-4589-BC2D-56649563C765}.Release|x86.ActiveCfg = Release|Any CPU
		{4998E285-9BBB-4589-BC2D-56649563C765}.Release|x86.Build.0 = Release|Any CPU
		{1E179E43-3B81-47A2-974D-A0DE8733E057}.Debug|Any CPU.ActiveCfg = Debug|Any CPU
		{1E179E43-3B81-47A2-974D-A0DE8733E057}.Debug|Any CPU.Build.0 = Debug|Any CPU
		{1E179E43-3B81-47A2-974D-A0DE8733E057}.Debug|ARM64.ActiveCfg = Debug|Any CPU
		{1E179E43-3B81-47A2-974D-A0DE8733E057}.Debug|ARM64.Build.0 = Debug|Any CPU
		{1E179E43-3B81-47A2-974D-A0DE8733E057}.Debug|x64.ActiveCfg = Debug|Any CPU
		{1E179E43-3B81-47A2-974D-A0DE8733E057}.Debug|x64.Build.0 = Debug|Any CPU
		{1E179E43-3B81-47A2-974D-A0DE8733E057}.Debug|x86.ActiveCfg = Debug|Any CPU
		{1E179E43-3B81-47A2-974D-A0DE8733E057}.Debug|x86.Build.0 = Debug|Any CPU
		{1E179E43-3B81-47A2-974D-A0DE8733E057}.Release|Any CPU.ActiveCfg = Release|Any CPU
		{1E179E43-3B81-47A2-974D-A0DE8733E057}.Release|Any CPU.Build.0 = Release|Any CPU
		{1E179E43-3B81-47A2-974D-A0DE8733E057}.Release|ARM64.ActiveCfg = Release|Any CPU
		{1E179E43-3B81-47A2-974D-A0DE8733E057}.Release|ARM64.Build.0 = Release|Any CPU
		{1E179E43-3B81-47A2-974D-A0DE8733E057}.Release|x64.ActiveCfg = Release|Any CPU
		{1E179E43-3B81-47A2-974D-A0DE8733E057}.Release|x64.Build.0 = Release|Any CPU
		{1E179E43-3B81-47A2-974D-A0DE8733E057}.Release|x86.ActiveCfg = Release|Any CPU
		{1E179E43-3B81-47A2-974D-A0DE8733E057}.Release|x86.Build.0 = Release|Any CPU
		{042B85D7-D75F-4845-AACC-E0CEDB0A6AFD}.Debug|Any CPU.ActiveCfg = Debug|x64
		{042B85D7-D75F-4845-AACC-E0CEDB0A6AFD}.Debug|Any CPU.Build.0 = Debug|x64
		{042B85D7-D75F-4845-AACC-E0CEDB0A6AFD}.Debug|ARM64.ActiveCfg = Debug|ARM64
		{042B85D7-D75F-4845-AACC-E0CEDB0A6AFD}.Debug|ARM64.Build.0 = Debug|ARM64
		{042B85D7-D75F-4845-AACC-E0CEDB0A6AFD}.Debug|x64.ActiveCfg = Debug|x64
		{042B85D7-D75F-4845-AACC-E0CEDB0A6AFD}.Debug|x64.Build.0 = Debug|x64
		{042B85D7-D75F-4845-AACC-E0CEDB0A6AFD}.Debug|x86.ActiveCfg = Debug|x86
		{042B85D7-D75F-4845-AACC-E0CEDB0A6AFD}.Debug|x86.Build.0 = Debug|x86
		{042B85D7-D75F-4845-AACC-E0CEDB0A6AFD}.Release|Any CPU.ActiveCfg = Release|x64
		{042B85D7-D75F-4845-AACC-E0CEDB0A6AFD}.Release|Any CPU.Build.0 = Release|x64
		{042B85D7-D75F-4845-AACC-E0CEDB0A6AFD}.Release|ARM64.ActiveCfg = Release|ARM64
		{042B85D7-D75F-4845-AACC-E0CEDB0A6AFD}.Release|ARM64.Build.0 = Release|ARM64
		{042B85D7-D75F-4845-AACC-E0CEDB0A6AFD}.Release|x64.ActiveCfg = Release|x64
		{042B85D7-D75F-4845-AACC-E0CEDB0A6AFD}.Release|x64.Build.0 = Release|x64
		{042B85D7-D75F-4845-AACC-E0CEDB0A6AFD}.Release|x86.ActiveCfg = Release|x86
		{042B85D7-D75F-4845-AACC-E0CEDB0A6AFD}.Release|x86.Build.0 = Release|x86
	EndGlobalSection
	GlobalSection(SolutionProperties) = preSolution
		HideSolutionNode = FALSE
	EndGlobalSection
	GlobalSection(NestedProjects) = preSolution
		{249BC08D-5364-40CF-983A-8580DDA5B00B} = {1E9B8964-39FE-4FDC-9FE2-1C4BBDB9FE81}
		{382252A0-D37C-4E43-B5E2-E0CADA94693D} = {1E9B8964-39FE-4FDC-9FE2-1C4BBDB9FE81}
		{A6F114EF-E02E-41F6-B8B5-0FADDB0FE98E} = {1E9B8964-39FE-4FDC-9FE2-1C4BBDB9FE81}
		{D7C427FF-A85A-4965-A595-8B9FB3051CBC} = {1E9B8964-39FE-4FDC-9FE2-1C4BBDB9FE81}
		{A5DF5EB2-97FD-4531-8571-935A9D1E3F0D} = {1E9B8964-39FE-4FDC-9FE2-1C4BBDB9FE81}
		{4998E285-9BBB-4589-BC2D-56649563C765} = {1E9B8964-39FE-4FDC-9FE2-1C4BBDB9FE81}
		{1E179E43-3B81-47A2-974D-A0DE8733E057} = {1E9B8964-39FE-4FDC-9FE2-1C4BBDB9FE81}
	EndGlobalSection
EndGlobal
