
Microsoft Visual Studio Solution File, Format Version 12.00
# Visual Studio Version 17
VisualStudioVersion = 17.9.34728.123
MinimumVisualStudioVersion = 10.0.40219.1
Project("{FAE04EC0-301F-11D3-BF4B-00C04F79EFBC}") = "MCEPProfilerEWS", "MCEPProfilerEWS\MCEPProfilerEWS.csproj", "{C0EDAA5B-0667-420D-9801-A2B4237271DF}"
EndProject
Project("{FAE04EC0-301F-11D3-BF4B-00C04F79EFBC}") = "MCEPStorerEWS", "MCEPStorerEWS\MCEPStorerEWS.csproj", "{ACE4BDDB-46C8-42A2-919F-21CD79D7B8EC}"
EndProject
Project("{FAE04EC0-301F-11D3-BF4B-00C04F79EFBC}") = "MCEPControlForm", "MCEPControlForm\MCEPControlForm.csproj", "{20F2D4B1-287C-4C30-93FF-26FDDA45DB7E}"
EndProject
Project("{FAE04EC0-301F-11D3-BF4B-00C04F79EFBC}") = "MCEPGlobalClasses", "MCEPGlobalClasses\MCEPGlobalClasses.csproj", "{A806F39F-5E3C-436B-B99D-4EFAD779EFA7}"
	ProjectSection(ProjectDependencies) = postProject
		{8A721804-5E30-458D-8568-D77C6EC7F9C0} = {8A721804-5E30-458D-8568-D77C6EC7F9C0}
		{1E179E43-3B81-47A2-974D-A0DE8733E057} = {1E179E43-3B81-47A2-974D-A0DE8733E057}
		{E23D2D56-4E1E-44A7-94BC-493CE96B2A73} = {E23D2D56-4E1E-44A7-94BC-493CE96B2A73}
		{4A5A6861-46A6-4CBA-82EE-5207D1C2E9D2} = {4A5A6861-46A6-4CBA-82EE-5207D1C2E9D2}
		{235CCE83-2946-4D4B-9985-2B53FCFC1970} = {235CCE83-2946-4D4B-9985-2B53FCFC1970}
		{900A63BD-B627-4AAA-BB38-74A9315D2DD4} = {900A63BD-B627-4AAA-BB38-74A9315D2DD4}
	EndProjectSection
EndProject
Project("{2150E333-8FDC-42A3-9474-1A3956D46DE8}") = "Core", "Core", "{01A62C3C-028B-49C9-A1CE-479239B73A5F}"
EndProject
Project("{FAE04EC0-301F-11D3-BF4B-00C04F79EFBC}") = "Business", "..\..\Core\Fwbs.Oms.Library\Business.csproj", "{249BC08D-5364-40CF-983A-8580DDA5B00B}"
EndProject
Project("{FAE04EC0-301F-11D3-BF4B-00C04F79EFBC}") = "~Infrastructure", "..\..\Core\FWBS.OMS.Infrastructure\~Infrastructure.csproj", "{D7C427FF-A85A-4965-A595-8B9FB3051CBC}"
EndProject
Project("{FAE04EC0-301F-11D3-BF4B-00C04F79EFBC}") = "Common", "..\..\Core\Fwbs.Common\Common.csproj", "{4998E285-9BBB-4589-BC2D-56649563C765}"
EndProject
Project("{FAE04EC0-301F-11D3-BF4B-00C04F79EFBC}") = "Data", "..\..\Core\Fwbs.Oms.Data\Data.csproj", "{A6F114EF-E02E-41F6-B8B5-0FADDB0FE98E}"
EndProject
Project("{FAE04EC0-301F-11D3-BF4B-00C04F79EFBC}") = "DocProps", "..\..\Core\Document Properties\Fwbs.Common.DocumentProperties\DocProps.csproj", "{1E179E43-3B81-47A2-974D-A0DE8733E057}"
EndProject
Project("{FAE04EC0-301F-11D3-BF4B-00C04F79EFBC}") = "ExternalAggregatorClient", "..\..\Core\ExternalAggregatorClient\ExternalAggregatorClient.csproj", "{A5DF5EB2-97FD-4531-8571-935A9D1E3F0D}"
EndProject
Project("{FAE04EC0-301F-11D3-BF4B-00C04F79EFBC}") = "JZipPackageProperties", "..\..\Core\Document Properties\Fwbs.Common.JZipPackageProperties\JZipPackageProperties.csproj", "{8A721804-5E30-458D-8568-D77C6EC7F9C0}"
EndProject
Project("{FAE04EC0-301F-11D3-BF4B-00C04F79EFBC}") = "MsgProperties", "..\..\Core\Document Properties\Fwbs.Common.MsgProperties\MsgProperties.csproj", "{235CCE83-2946-4D4B-9985-2B53FCFC1970}"
EndProject
Project("{FAE04EC0-301F-11D3-BF4B-00C04F79EFBC}") = "OfficeXpsProperties", "..\..\Core\Document Properties\Fwbs.Common.OfficeXpsProperties\OfficeXpsProperties.csproj", "{4A5A6861-46A6-4CBA-82EE-5207D1C2E9D2}"
EndProject
Project("{FAE04EC0-301F-11D3-BF4B-00C04F79EFBC}") = "OleProperties", "..\..\Core\Document Properties\Fwbs.Common.OleProperties\OleProperties.csproj", "{E23D2D56-4E1E-44A7-94BC-493CE96B2A73}"
EndProject
Project("{FAE04EC0-301F-11D3-BF4B-00C04F79EFBC}") = "PackageProperties", "..\..\Core\Document Properties\Fwbs.Common.PackageProperties\PackageProperties.csproj", "{900A63BD-B627-4AAA-BB38-74A9315D2DD4}"
EndProject
Project("{2150E333-8FDC-42A3-9474-1A3956D46DE8}") = "DocProps", "DocProps", "{63AD12FF-DDA9-4D8D-B0DA-2BCF03130783}"
EndProject
Project("{FAE04EC0-301F-11D3-BF4B-00C04F79EFBC}") = "MCEPMerge", "MCEPMerge\MCEPMerge.csproj", "{7100D9FA-5741-4FED-A7E9-0614A9F0B5A8}"
	ProjectSection(ProjectDependencies) = postProject
		{C0EDAA5B-0667-420D-9801-A2B4237271DF} = {C0EDAA5B-0667-420D-9801-A2B4237271DF}
		{A806F39F-5E3C-436B-B99D-4EFAD779EFA7} = {A806F39F-5E3C-436B-B99D-4EFAD779EFA7}
		{20F2D4B1-287C-4C30-93FF-26FDDA45DB7E} = {20F2D4B1-287C-4C30-93FF-26FDDA45DB7E}
		{ACE4BDDB-46C8-42A2-919F-21CD79D7B8EC} = {ACE4BDDB-46C8-42A2-919F-21CD79D7B8EC}
	EndProjectSection
EndProject
Project("{B7DD6F7E-DEF8-4E67-B5B7-07EF123DB6F0}") = "MCEPInstaller", "MCEPInstaller\MCEPInstaller.wixproj", "{D50BE6FF-407F-43B5-9D35-5FDA0DF80B2A}"
EndProject
Global
	GlobalSection(SolutionConfigurationPlatforms) = preSolution
		Debug|Any CPU = Debug|Any CPU
		Debug|ARM64 = Debug|ARM64
		Debug|x64 = Debug|x64
		Debug|x86 = Debug|x86
		Release|Any CPU = Release|Any CPU
		Release|ARM64 = Release|ARM64
		Release|x64 = Release|x64
		Release|x86 = Release|x86
	EndGlobalSection
	GlobalSection(ProjectConfigurationPlatforms) = postSolution
		{C0EDAA5B-0667-420D-9801-A2B4237271DF}.Debug|Any CPU.ActiveCfg = Debug|Any CPU
		{C0EDAA5B-0667-420D-9801-A2B4237271DF}.Debug|Any CPU.Build.0 = Debug|Any CPU
		{C0EDAA5B-0667-420D-9801-A2B4237271DF}.Debug|ARM64.ActiveCfg = Debug|Any CPU
		{C0EDAA5B-0667-420D-9801-A2B4237271DF}.Debug|ARM64.Build.0 = Debug|Any CPU
		{C0EDAA5B-0667-420D-9801-A2B4237271DF}.Debug|x64.ActiveCfg = Debug|Any CPU
		{C0EDAA5B-0667-420D-9801-A2B4237271DF}.Debug|x64.Build.0 = Debug|Any CPU
		{C0EDAA5B-0667-420D-9801-A2B4237271DF}.Debug|x86.ActiveCfg = Debug|Any CPU
		{C0EDAA5B-0667-420D-9801-A2B4237271DF}.Debug|x86.Build.0 = Debug|Any CPU
		{C0EDAA5B-0667-420D-9801-A2B4237271DF}.Release|Any CPU.ActiveCfg = Release|Any CPU
		{C0EDAA5B-0667-420D-9801-A2B4237271DF}.Release|Any CPU.Build.0 = Release|Any CPU
		{C0EDAA5B-0667-420D-9801-A2B4237271DF}.Release|ARM64.ActiveCfg = Release|Any CPU
		{C0EDAA5B-0667-420D-9801-A2B4237271DF}.Release|ARM64.Build.0 = Release|Any CPU
		{C0EDAA5B-0667-420D-9801-A2B4237271DF}.Release|x64.ActiveCfg = Release|Any CPU
		{C0EDAA5B-0667-420D-9801-A2B4237271DF}.Release|x64.Build.0 = Release|Any CPU
		{C0EDAA5B-0667-420D-9801-A2B4237271DF}.Release|x86.ActiveCfg = Release|Any CPU
		{C0EDAA5B-0667-420D-9801-A2B4237271DF}.Release|x86.Build.0 = Release|Any CPU
		{ACE4BDDB-46C8-42A2-919F-21CD79D7B8EC}.Debug|Any CPU.ActiveCfg = Debug|Any CPU
		{ACE4BDDB-46C8-42A2-919F-21CD79D7B8EC}.Debug|Any CPU.Build.0 = Debug|Any CPU
		{ACE4BDDB-46C8-42A2-919F-21CD79D7B8EC}.Debug|ARM64.ActiveCfg = Debug|Any CPU
		{ACE4BDDB-46C8-42A2-919F-21CD79D7B8EC}.Debug|ARM64.Build.0 = Debug|Any CPU
		{ACE4BDDB-46C8-42A2-919F-21CD79D7B8EC}.Debug|x64.ActiveCfg = Debug|Any CPU
		{ACE4BDDB-46C8-42A2-919F-21CD79D7B8EC}.Debug|x64.Build.0 = Debug|Any CPU
		{ACE4BDDB-46C8-42A2-919F-21CD79D7B8EC}.Debug|x86.ActiveCfg = Debug|Any CPU
		{ACE4BDDB-46C8-42A2-919F-21CD79D7B8EC}.Debug|x86.Build.0 = Debug|Any CPU
		{ACE4BDDB-46C8-42A2-919F-21CD79D7B8EC}.Release|Any CPU.ActiveCfg = Release|Any CPU
		{ACE4BDDB-46C8-42A2-919F-21CD79D7B8EC}.Release|Any CPU.Build.0 = Release|Any CPU
		{ACE4BDDB-46C8-42A2-919F-21CD79D7B8EC}.Release|ARM64.ActiveCfg = Release|Any CPU
		{ACE4BDDB-46C8-42A2-919F-21CD79D7B8EC}.Release|ARM64.Build.0 = Release|Any CPU
		{ACE4BDDB-46C8-42A2-919F-21CD79D7B8EC}.Release|x64.ActiveCfg = Release|Any CPU
		{ACE4BDDB-46C8-42A2-919F-21CD79D7B8EC}.Release|x64.Build.0 = Release|Any CPU
		{ACE4BDDB-46C8-42A2-919F-21CD79D7B8EC}.Release|x86.ActiveCfg = Release|Any CPU
		{ACE4BDDB-46C8-42A2-919F-21CD79D7B8EC}.Release|x86.Build.0 = Release|Any CPU
		{20F2D4B1-287C-4C30-93FF-26FDDA45DB7E}.Debug|Any CPU.ActiveCfg = Debug|Any CPU
		{20F2D4B1-287C-4C30-93FF-26FDDA45DB7E}.Debug|Any CPU.Build.0 = Debug|Any CPU
		{20F2D4B1-287C-4C30-93FF-26FDDA45DB7E}.Debug|ARM64.ActiveCfg = Debug|Any CPU
		{20F2D4B1-287C-4C30-93FF-26FDDA45DB7E}.Debug|ARM64.Build.0 = Debug|Any CPU
		{20F2D4B1-287C-4C30-93FF-26FDDA45DB7E}.Debug|x64.ActiveCfg = Debug|Any CPU
		{20F2D4B1-287C-4C30-93FF-26FDDA45DB7E}.Debug|x64.Build.0 = Debug|Any CPU
		{20F2D4B1-287C-4C30-93FF-26FDDA45DB7E}.Debug|x86.ActiveCfg = Debug|Any CPU
		{20F2D4B1-287C-4C30-93FF-26FDDA45DB7E}.Debug|x86.Build.0 = Debug|Any CPU
		{20F2D4B1-287C-4C30-93FF-26FDDA45DB7E}.Release|Any CPU.ActiveCfg = Release|Any CPU
		{20F2D4B1-287C-4C30-93FF-26FDDA45DB7E}.Release|Any CPU.Build.0 = Release|Any CPU
		{20F2D4B1-287C-4C30-93FF-26FDDA45DB7E}.Release|ARM64.ActiveCfg = Release|Any CPU
		{20F2D4B1-287C-4C30-93FF-26FDDA45DB7E}.Release|ARM64.Build.0 = Release|Any CPU
		{20F2D4B1-287C-4C30-93FF-26FDDA45DB7E}.Release|x64.ActiveCfg = Release|Any CPU
		{20F2D4B1-287C-4C30-93FF-26FDDA45DB7E}.Release|x64.Build.0 = Release|Any CPU
		{20F2D4B1-287C-4C30-93FF-26FDDA45DB7E}.Release|x86.ActiveCfg = Release|Any CPU
		{20F2D4B1-287C-4C30-93FF-26FDDA45DB7E}.Release|x86.Build.0 = Release|Any CPU
		{A806F39F-5E3C-436B-B99D-4EFAD779EFA7}.Debug|Any CPU.ActiveCfg = Debug|Any CPU
		{A806F39F-5E3C-436B-B99D-4EFAD779EFA7}.Debug|Any CPU.Build.0 = Debug|Any CPU
		{A806F39F-5E3C-436B-B99D-4EFAD779EFA7}.Debug|ARM64.ActiveCfg = Debug|Any CPU
		{A806F39F-5E3C-436B-B99D-4EFAD779EFA7}.Debug|ARM64.Build.0 = Debug|Any CPU
		{A806F39F-5E3C-436B-B99D-4EFAD779EFA7}.Debug|x64.ActiveCfg = Debug|Any CPU
		{A806F39F-5E3C-436B-B99D-4EFAD779EFA7}.Debug|x64.Build.0 = Debug|Any CPU
		{A806F39F-5E3C-436B-B99D-4EFAD779EFA7}.Debug|x86.ActiveCfg = Debug|Any CPU
		{A806F39F-5E3C-436B-B99D-4EFAD779EFA7}.Debug|x86.Build.0 = Debug|Any CPU
		{A806F39F-5E3C-436B-B99D-4EFAD779EFA7}.Release|Any CPU.ActiveCfg = Release|Any CPU
		{A806F39F-5E3C-436B-B99D-4EFAD779EFA7}.Release|Any CPU.Build.0 = Release|Any CPU
		{A806F39F-5E3C-436B-B99D-4EFAD779EFA7}.Release|ARM64.ActiveCfg = Release|Any CPU
		{A806F39F-5E3C-436B-B99D-4EFAD779EFA7}.Release|ARM64.Build.0 = Release|Any CPU
		{A806F39F-5E3C-436B-B99D-4EFAD779EFA7}.Release|x64.ActiveCfg = Release|Any CPU
		{A806F39F-5E3C-436B-B99D-4EFAD779EFA7}.Release|x64.Build.0 = Release|Any CPU
		{A806F39F-5E3C-436B-B99D-4EFAD779EFA7}.Release|x86.ActiveCfg = Release|Any CPU
		{A806F39F-5E3C-436B-B99D-4EFAD779EFA7}.Release|x86.Build.0 = Release|Any CPU
		{249BC08D-5364-40CF-983A-8580DDA5B00B}.Debug|Any CPU.ActiveCfg = Debug|Any CPU
		{249BC08D-5364-40CF-983A-8580DDA5B00B}.Debug|Any CPU.Build.0 = Debug|Any CPU
		{249BC08D-5364-40CF-983A-8580DDA5B00B}.Debug|ARM64.ActiveCfg = Debug|Any CPU
		{249BC08D-5364-40CF-983A-8580DDA5B00B}.Debug|ARM64.Build.0 = Debug|Any CPU
		{249BC08D-5364-40CF-983A-8580DDA5B00B}.Debug|x64.ActiveCfg = Debug|Any CPU
		{249BC08D-5364-40CF-983A-8580DDA5B00B}.Debug|x64.Build.0 = Debug|Any CPU
		{249BC08D-5364-40CF-983A-8580DDA5B00B}.Debug|x86.ActiveCfg = Debug|Any CPU
		{249BC08D-5364-40CF-983A-8580DDA5B00B}.Debug|x86.Build.0 = Debug|Any CPU
		{249BC08D-5364-40CF-983A-8580DDA5B00B}.Release|Any CPU.ActiveCfg = Release|Any CPU
		{249BC08D-5364-40CF-983A-8580DDA5B00B}.Release|Any CPU.Build.0 = Release|Any CPU
		{249BC08D-5364-40CF-983A-8580DDA5B00B}.Release|ARM64.ActiveCfg = Release|Any CPU
		{249BC08D-5364-40CF-983A-8580DDA5B00B}.Release|ARM64.Build.0 = Release|Any CPU
		{249BC08D-5364-40CF-983A-8580DDA5B00B}.Release|x64.ActiveCfg = Release|Any CPU
		{249BC08D-5364-40CF-983A-8580DDA5B00B}.Release|x64.Build.0 = Release|Any CPU
		{249BC08D-5364-40CF-983A-8580DDA5B00B}.Release|x86.ActiveCfg = Release|Any CPU
		{249BC08D-5364-40CF-983A-8580DDA5B00B}.Release|x86.Build.0 = Release|Any CPU
		{D7C427FF-A85A-4965-A595-8B9FB3051CBC}.Debug|Any CPU.ActiveCfg = Debug|Any CPU
		{D7C427FF-A85A-4965-A595-8B9FB3051CBC}.Debug|Any CPU.Build.0 = Debug|Any CPU
		{D7C427FF-A85A-4965-A595-8B9FB3051CBC}.Debug|ARM64.ActiveCfg = Debug|Any CPU
		{D7C427FF-A85A-4965-A595-8B9FB3051CBC}.Debug|ARM64.Build.0 = Debug|Any CPU
		{D7C427FF-A85A-4965-A595-8B9FB3051CBC}.Debug|x64.ActiveCfg = Debug|Any CPU
		{D7C427FF-A85A-4965-A595-8B9FB3051CBC}.Debug|x64.Build.0 = Debug|Any CPU
		{D7C427FF-A85A-4965-A595-8B9FB3051CBC}.Debug|x86.ActiveCfg = Debug|Any CPU
		{D7C427FF-A85A-4965-A595-8B9FB3051CBC}.Debug|x86.Build.0 = Debug|Any CPU
		{D7C427FF-A85A-4965-A595-8B9FB3051CBC}.Release|Any CPU.ActiveCfg = Release|Any CPU
		{D7C427FF-A85A-4965-A595-8B9FB3051CBC}.Release|Any CPU.Build.0 = Release|Any CPU
		{D7C427FF-A85A-4965-A595-8B9FB3051CBC}.Release|ARM64.ActiveCfg = Release|Any CPU
		{D7C427FF-A85A-4965-A595-8B9FB3051CBC}.Release|ARM64.Build.0 = Release|Any CPU
		{D7C427FF-A85A-4965-A595-8B9FB3051CBC}.Release|x64.ActiveCfg = Release|Any CPU
		{D7C427FF-A85A-4965-A595-8B9FB3051CBC}.Release|x64.Build.0 = Release|Any CPU
		{D7C427FF-A85A-4965-A595-8B9FB3051CBC}.Release|x86.ActiveCfg = Release|Any CPU
		{D7C427FF-A85A-4965-A595-8B9FB3051CBC}.Release|x86.Build.0 = Release|Any CPU
		{4998E285-9BBB-4589-BC2D-56649563C765}.Debug|Any CPU.ActiveCfg = Debug|Any CPU
		{4998E285-9BBB-4589-BC2D-56649563C765}.Debug|Any CPU.Build.0 = Debug|Any CPU
		{4998E285-9BBB-4589-BC2D-56649563C765}.Debug|ARM64.ActiveCfg = Debug|Any CPU
		{4998E285-9BBB-4589-BC2D-56649563C765}.Debug|ARM64.Build.0 = Debug|Any CPU
		{4998E285-9BBB-4589-BC2D-56649563C765}.Debug|x64.ActiveCfg = Debug|Any CPU
		{4998E285-9BBB-4589-BC2D-56649563C765}.Debug|x64.Build.0 = Debug|Any CPU
		{4998E285-9BBB-4589-BC2D-56649563C765}.Debug|x86.ActiveCfg = Debug|Any CPU
		{4998E285-9BBB-4589-BC2D-56649563C765}.Debug|x86.Build.0 = Debug|Any CPU
		{4998E285-9BBB-4589-BC2D-56649563C765}.Release|Any CPU.ActiveCfg = Release|Any CPU
		{4998E285-9BBB-4589-BC2D-56649563C765}.Release|Any CPU.Build.0 = Release|Any CPU
		{4998E285-9BBB-4589-BC2D-56649563C765}.Release|ARM64.ActiveCfg = Release|Any CPU
		{4998E285-9BBB-4589-BC2D-56649563C765}.Release|ARM64.Build.0 = Release|Any CPU
		{4998E285-9BBB-4589-BC2D-56649563C765}.Release|x64.ActiveCfg = Release|Any CPU
		{4998E285-9BBB-4589-BC2D-56649563C765}.Release|x64.Build.0 = Release|Any CPU
		{4998E285-9BBB-4589-BC2D-56649563C765}.Release|x86.ActiveCfg = Release|Any CPU
		{4998E285-9BBB-4589-BC2D-56649563C765}.Release|x86.Build.0 = Release|Any CPU
		{A6F114EF-E02E-41F6-B8B5-0FADDB0FE98E}.Debug|Any CPU.ActiveCfg = Debug|Any CPU
		{A6F114EF-E02E-41F6-B8B5-0FADDB0FE98E}.Debug|Any CPU.Build.0 = Debug|Any CPU
		{A6F114EF-E02E-41F6-B8B5-0FADDB0FE98E}.Debug|ARM64.ActiveCfg = Debug|Any CPU
		{A6F114EF-E02E-41F6-B8B5-0FADDB0FE98E}.Debug|ARM64.Build.0 = Debug|Any CPU
		{A6F114EF-E02E-41F6-B8B5-0FADDB0FE98E}.Debug|x64.ActiveCfg = Debug|Any CPU
		{A6F114EF-E02E-41F6-B8B5-0FADDB0FE98E}.Debug|x64.Build.0 = Debug|Any CPU
		{A6F114EF-E02E-41F6-B8B5-0FADDB0FE98E}.Debug|x86.ActiveCfg = Debug|Any CPU
		{A6F114EF-E02E-41F6-B8B5-0FADDB0FE98E}.Debug|x86.Build.0 = Debug|Any CPU
		{A6F114EF-E02E-41F6-B8B5-0FADDB0FE98E}.Release|Any CPU.ActiveCfg = Release|Any CPU
		{A6F114EF-E02E-41F6-B8B5-0FADDB0FE98E}.Release|Any CPU.Build.0 = Release|Any CPU
		{A6F114EF-E02E-41F6-B8B5-0FADDB0FE98E}.Release|ARM64.ActiveCfg = Release|Any CPU
		{A6F114EF-E02E-41F6-B8B5-0FADDB0FE98E}.Release|ARM64.Build.0 = Release|Any CPU
		{A6F114EF-E02E-41F6-B8B5-0FADDB0FE98E}.Release|x64.ActiveCfg = Release|Any CPU
		{A6F114EF-E02E-41F6-B8B5-0FADDB0FE98E}.Release|x64.Build.0 = Release|Any CPU
		{A6F114EF-E02E-41F6-B8B5-0FADDB0FE98E}.Release|x86.ActiveCfg = Release|Any CPU
		{A6F114EF-E02E-41F6-B8B5-0FADDB0FE98E}.Release|x86.Build.0 = Release|Any CPU
		{1E179E43-3B81-47A2-974D-A0DE8733E057}.Debug|Any CPU.ActiveCfg = Debug|Any CPU
		{1E179E43-3B81-47A2-974D-A0DE8733E057}.Debug|Any CPU.Build.0 = Debug|Any CPU
		{1E179E43-3B81-47A2-974D-A0DE8733E057}.Debug|ARM64.ActiveCfg = Debug|Any CPU
		{1E179E43-3B81-47A2-974D-A0DE8733E057}.Debug|ARM64.Build.0 = Debug|Any CPU
		{1E179E43-3B81-47A2-974D-A0DE8733E057}.Debug|x64.ActiveCfg = Debug|Any CPU
		{1E179E43-3B81-47A2-974D-A0DE8733E057}.Debug|x64.Build.0 = Debug|Any CPU
		{1E179E43-3B81-47A2-974D-A0DE8733E057}.Debug|x86.ActiveCfg = Debug|Any CPU
		{1E179E43-3B81-47A2-974D-A0DE8733E057}.Debug|x86.Build.0 = Debug|Any CPU
		{1E179E43-3B81-47A2-974D-A0DE8733E057}.Release|Any CPU.ActiveCfg = Release|Any CPU
		{1E179E43-3B81-47A2-974D-A0DE8733E057}.Release|Any CPU.Build.0 = Release|Any CPU
		{1E179E43-3B81-47A2-974D-A0DE8733E057}.Release|ARM64.ActiveCfg = Release|Any CPU
		{1E179E43-3B81-47A2-974D-A0DE8733E057}.Release|ARM64.Build.0 = Release|Any CPU
		{1E179E43-3B81-47A2-974D-A0DE8733E057}.Release|x64.ActiveCfg = Release|Any CPU
		{1E179E43-3B81-47A2-974D-A0DE8733E057}.Release|x64.Build.0 = Release|Any CPU
		{1E179E43-3B81-47A2-974D-A0DE8733E057}.Release|x86.ActiveCfg = Release|Any CPU
		{1E179E43-3B81-47A2-974D-A0DE8733E057}.Release|x86.Build.0 = Release|Any CPU
		{A5DF5EB2-97FD-4531-8571-935A9D1E3F0D}.Debug|Any CPU.ActiveCfg = Debug|Any CPU
		{A5DF5EB2-97FD-4531-8571-935A9D1E3F0D}.Debug|Any CPU.Build.0 = Debug|Any CPU
		{A5DF5EB2-97FD-4531-8571-935A9D1E3F0D}.Debug|ARM64.ActiveCfg = Debug|Any CPU
		{A5DF5EB2-97FD-4531-8571-935A9D1E3F0D}.Debug|ARM64.Build.0 = Debug|Any CPU
		{A5DF5EB2-97FD-4531-8571-935A9D1E3F0D}.Debug|x64.ActiveCfg = Debug|Any CPU
		{A5DF5EB2-97FD-4531-8571-935A9D1E3F0D}.Debug|x64.Build.0 = Debug|Any CPU
		{A5DF5EB2-97FD-4531-8571-935A9D1E3F0D}.Debug|x86.ActiveCfg = Debug|Any CPU
		{A5DF5EB2-97FD-4531-8571-935A9D1E3F0D}.Debug|x86.Build.0 = Debug|Any CPU
		{A5DF5EB2-97FD-4531-8571-935A9D1E3F0D}.Release|Any CPU.ActiveCfg = Release|Any CPU
		{A5DF5EB2-97FD-4531-8571-935A9D1E3F0D}.Release|Any CPU.Build.0 = Release|Any CPU
		{A5DF5EB2-97FD-4531-8571-935A9D1E3F0D}.Release|ARM64.ActiveCfg = Release|Any CPU
		{A5DF5EB2-97FD-4531-8571-935A9D1E3F0D}.Release|ARM64.Build.0 = Release|Any CPU
		{A5DF5EB2-97FD-4531-8571-935A9D1E3F0D}.Release|x64.ActiveCfg = Release|Any CPU
		{A5DF5EB2-97FD-4531-8571-935A9D1E3F0D}.Release|x64.Build.0 = Release|Any CPU
		{A5DF5EB2-97FD-4531-8571-935A9D1E3F0D}.Release|x86.ActiveCfg = Release|Any CPU
		{A5DF5EB2-97FD-4531-8571-935A9D1E3F0D}.Release|x86.Build.0 = Release|Any CPU
		{8A721804-5E30-458D-8568-D77C6EC7F9C0}.Debug|Any CPU.ActiveCfg = Debug|Any CPU
		{8A721804-5E30-458D-8568-D77C6EC7F9C0}.Debug|Any CPU.Build.0 = Debug|Any CPU
		{8A721804-5E30-458D-8568-D77C6EC7F9C0}.Debug|ARM64.ActiveCfg = Debug|Any CPU
		{8A721804-5E30-458D-8568-D77C6EC7F9C0}.Debug|ARM64.Build.0 = Debug|Any CPU
		{8A721804-5E30-458D-8568-D77C6EC7F9C0}.Debug|x64.ActiveCfg = Debug|Any CPU
		{8A721804-5E30-458D-8568-D77C6EC7F9C0}.Debug|x64.Build.0 = Debug|Any CPU
		{8A721804-5E30-458D-8568-D77C6EC7F9C0}.Debug|x86.ActiveCfg = Debug|Any CPU
		{8A721804-5E30-458D-8568-D77C6EC7F9C0}.Debug|x86.Build.0 = Debug|Any CPU
		{8A721804-5E30-458D-8568-D77C6EC7F9C0}.Release|Any CPU.ActiveCfg = Release|Any CPU
		{8A721804-5E30-458D-8568-D77C6EC7F9C0}.Release|Any CPU.Build.0 = Release|Any CPU
		{8A721804-5E30-458D-8568-D77C6EC7F9C0}.Release|ARM64.ActiveCfg = Release|Any CPU
		{8A721804-5E30-458D-8568-D77C6EC7F9C0}.Release|ARM64.Build.0 = Release|Any CPU
		{8A721804-5E30-458D-8568-D77C6EC7F9C0}.Release|x64.ActiveCfg = Release|Any CPU
		{8A721804-5E30-458D-8568-D77C6EC7F9C0}.Release|x64.Build.0 = Release|Any CPU
		{8A721804-5E30-458D-8568-D77C6EC7F9C0}.Release|x86.ActiveCfg = Release|Any CPU
		{8A721804-5E30-458D-8568-D77C6EC7F9C0}.Release|x86.Build.0 = Release|Any CPU
		{235CCE83-2946-4D4B-9985-2B53FCFC1970}.Debug|Any CPU.ActiveCfg = Debug|Any CPU
		{235CCE83-2946-4D4B-9985-2B53FCFC1970}.Debug|Any CPU.Build.0 = Debug|Any CPU
		{235CCE83-2946-4D4B-9985-2B53FCFC1970}.Debug|ARM64.ActiveCfg = Debug|Any CPU
		{235CCE83-2946-4D4B-9985-2B53FCFC1970}.Debug|ARM64.Build.0 = Debug|Any CPU
		{235CCE83-2946-4D4B-9985-2B53FCFC1970}.Debug|x64.ActiveCfg = Debug|Any CPU
		{235CCE83-2946-4D4B-9985-2B53FCFC1970}.Debug|x64.Build.0 = Debug|Any CPU
		{235CCE83-2946-4D4B-9985-2B53FCFC1970}.Debug|x86.ActiveCfg = Debug|Any CPU
		{235CCE83-2946-4D4B-9985-2B53FCFC1970}.Debug|x86.Build.0 = Debug|Any CPU
		{235CCE83-2946-4D4B-9985-2B53FCFC1970}.Release|Any CPU.ActiveCfg = Release|Any CPU
		{235CCE83-2946-4D4B-9985-2B53FCFC1970}.Release|Any CPU.Build.0 = Release|Any CPU
		{235CCE83-2946-4D4B-9985-2B53FCFC1970}.Release|ARM64.ActiveCfg = Release|Any CPU
		{235CCE83-2946-4D4B-9985-2B53FCFC1970}.Release|ARM64.Build.0 = Release|Any CPU
		{235CCE83-2946-4D4B-9985-2B53FCFC1970}.Release|x64.ActiveCfg = Release|Any CPU
		{235CCE83-2946-4D4B-9985-2B53FCFC1970}.Release|x64.Build.0 = Release|Any CPU
		{235CCE83-2946-4D4B-9985-2B53FCFC1970}.Release|x86.ActiveCfg = Release|Any CPU
		{235CCE83-2946-4D4B-9985-2B53FCFC1970}.Release|x86.Build.0 = Release|Any CPU
		{4A5A6861-46A6-4CBA-82EE-5207D1C2E9D2}.Debug|Any CPU.ActiveCfg = Debug|Any CPU
		{4A5A6861-46A6-4CBA-82EE-5207D1C2E9D2}.Debug|Any CPU.Build.0 = Debug|Any CPU
		{4A5A6861-46A6-4CBA-82EE-5207D1C2E9D2}.Debug|ARM64.ActiveCfg = Debug|Any CPU
		{4A5A6861-46A6-4CBA-82EE-5207D1C2E9D2}.Debug|ARM64.Build.0 = Debug|Any CPU
		{4A5A6861-46A6-4CBA-82EE-5207D1C2E9D2}.Debug|x64.ActiveCfg = Debug|Any CPU
		{4A5A6861-46A6-4CBA-82EE-5207D1C2E9D2}.Debug|x64.Build.0 = Debug|Any CPU
		{4A5A6861-46A6-4CBA-82EE-5207D1C2E9D2}.Debug|x86.ActiveCfg = Debug|Any CPU
		{4A5A6861-46A6-4CBA-82EE-5207D1C2E9D2}.Debug|x86.Build.0 = Debug|Any CPU
		{4A5A6861-46A6-4CBA-82EE-5207D1C2E9D2}.Release|Any CPU.ActiveCfg = Release|Any CPU
		{4A5A6861-46A6-4CBA-82EE-5207D1C2E9D2}.Release|Any CPU.Build.0 = Release|Any CPU
		{4A5A6861-46A6-4CBA-82EE-5207D1C2E9D2}.Release|ARM64.ActiveCfg = Release|Any CPU
		{4A5A6861-46A6-4CBA-82EE-5207D1C2E9D2}.Release|ARM64.Build.0 = Release|Any CPU
		{4A5A6861-46A6-4CBA-82EE-5207D1C2E9D2}.Release|x64.ActiveCfg = Release|Any CPU
		{4A5A6861-46A6-4CBA-82EE-5207D1C2E9D2}.Release|x64.Build.0 = Release|Any CPU
		{4A5A6861-46A6-4CBA-82EE-5207D1C2E9D2}.Release|x86.ActiveCfg = Release|Any CPU
		{4A5A6861-46A6-4CBA-82EE-5207D1C2E9D2}.Release|x86.Build.0 = Release|Any CPU
		{E23D2D56-4E1E-44A7-94BC-493CE96B2A73}.Debug|Any CPU.ActiveCfg = Debug|Any CPU
		{E23D2D56-4E1E-44A7-94BC-493CE96B2A73}.Debug|Any CPU.Build.0 = Debug|Any CPU
		{E23D2D56-4E1E-44A7-94BC-493CE96B2A73}.Debug|ARM64.ActiveCfg = Debug|Any CPU
		{E23D2D56-4E1E-44A7-94BC-493CE96B2A73}.Debug|ARM64.Build.0 = Debug|Any CPU
		{E23D2D56-4E1E-44A7-94BC-493CE96B2A73}.Debug|x64.ActiveCfg = Debug|Any CPU
		{E23D2D56-4E1E-44A7-94BC-493CE96B2A73}.Debug|x64.Build.0 = Debug|Any CPU
		{E23D2D56-4E1E-44A7-94BC-493CE96B2A73}.Debug|x86.ActiveCfg = Debug|Any CPU
		{E23D2D56-4E1E-44A7-94BC-493CE96B2A73}.Debug|x86.Build.0 = Debug|Any CPU
		{E23D2D56-4E1E-44A7-94BC-493CE96B2A73}.Release|Any CPU.ActiveCfg = Release|Any CPU
		{E23D2D56-4E1E-44A7-94BC-493CE96B2A73}.Release|Any CPU.Build.0 = Release|Any CPU
		{E23D2D56-4E1E-44A7-94BC-493CE96B2A73}.Release|ARM64.ActiveCfg = Release|Any CPU
		{E23D2D56-4E1E-44A7-94BC-493CE96B2A73}.Release|ARM64.Build.0 = Release|Any CPU
		{E23D2D56-4E1E-44A7-94BC-493CE96B2A73}.Release|x64.ActiveCfg = Release|Any CPU
		{E23D2D56-4E1E-44A7-94BC-493CE96B2A73}.Release|x64.Build.0 = Release|Any CPU
		{E23D2D56-4E1E-44A7-94BC-493CE96B2A73}.Release|x86.ActiveCfg = Release|Any CPU
		{E23D2D56-4E1E-44A7-94BC-493CE96B2A73}.Release|x86.Build.0 = Release|Any CPU
		{900A63BD-B627-4AAA-BB38-74A9315D2DD4}.Debug|Any CPU.ActiveCfg = Debug|Any CPU
		{900A63BD-B627-4AAA-BB38-74A9315D2DD4}.Debug|Any CPU.Build.0 = Debug|Any CPU
		{900A63BD-B627-4AAA-BB38-74A9315D2DD4}.Debug|ARM64.ActiveCfg = Debug|Any CPU
		{900A63BD-B627-4AAA-BB38-74A9315D2DD4}.Debug|ARM64.Build.0 = Debug|Any CPU
		{900A63BD-B627-4AAA-BB38-74A9315D2DD4}.Debug|x64.ActiveCfg = Debug|Any CPU
		{900A63BD-B627-4AAA-BB38-74A9315D2DD4}.Debug|x64.Build.0 = Debug|Any CPU
		{900A63BD-B627-4AAA-BB38-74A9315D2DD4}.Debug|x86.ActiveCfg = Debug|Any CPU
		{900A63BD-B627-4AAA-BB38-74A9315D2DD4}.Debug|x86.Build.0 = Debug|Any CPU
		{900A63BD-B627-4AAA-BB38-74A9315D2DD4}.Release|Any CPU.ActiveCfg = Release|Any CPU
		{900A63BD-B627-4AAA-BB38-74A9315D2DD4}.Release|Any CPU.Build.0 = Release|Any CPU
		{900A63BD-B627-4AAA-BB38-74A9315D2DD4}.Release|ARM64.ActiveCfg = Release|Any CPU
		{900A63BD-B627-4AAA-BB38-74A9315D2DD4}.Release|ARM64.Build.0 = Release|Any CPU
		{900A63BD-B627-4AAA-BB38-74A9315D2DD4}.Release|x64.ActiveCfg = Release|Any CPU
		{900A63BD-B627-4AAA-BB38-74A9315D2DD4}.Release|x64.Build.0 = Release|Any CPU
		{900A63BD-B627-4AAA-BB38-74A9315D2DD4}.Release|x86.ActiveCfg = Release|Any CPU
		{900A63BD-B627-4AAA-BB38-74A9315D2DD4}.Release|x86.Build.0 = Release|Any CPU
		{7100D9FA-5741-4FED-A7E9-0614A9F0B5A8}.Debug|Any CPU.ActiveCfg = Debug|Any CPU
		{7100D9FA-5741-4FED-A7E9-0614A9F0B5A8}.Debug|Any CPU.Build.0 = Debug|Any CPU
		{7100D9FA-5741-4FED-A7E9-0614A9F0B5A8}.Debug|ARM64.ActiveCfg = Debug|Any CPU
		{7100D9FA-5741-4FED-A7E9-0614A9F0B5A8}.Debug|ARM64.Build.0 = Debug|Any CPU
		{7100D9FA-5741-4FED-A7E9-0614A9F0B5A8}.Debug|x64.ActiveCfg = Debug|Any CPU
		{7100D9FA-5741-4FED-A7E9-0614A9F0B5A8}.Debug|x64.Build.0 = Debug|Any CPU
		{7100D9FA-5741-4FED-A7E9-0614A9F0B5A8}.Debug|x86.ActiveCfg = Debug|Any CPU
		{7100D9FA-5741-4FED-A7E9-0614A9F0B5A8}.Debug|x86.Build.0 = Debug|Any CPU
		{7100D9FA-5741-4FED-A7E9-0614A9F0B5A8}.Release|Any CPU.ActiveCfg = Release|Any CPU
		{7100D9FA-5741-4FED-A7E9-0614A9F0B5A8}.Release|Any CPU.Build.0 = Release|Any CPU
		{7100D9FA-5741-4FED-A7E9-0614A9F0B5A8}.Release|ARM64.ActiveCfg = Release|Any CPU
		{7100D9FA-5741-4FED-A7E9-0614A9F0B5A8}.Release|ARM64.Build.0 = Release|Any CPU
		{7100D9FA-5741-4FED-A7E9-0614A9F0B5A8}.Release|x64.ActiveCfg = Release|Any CPU
		{7100D9FA-5741-4FED-A7E9-0614A9F0B5A8}.Release|x64.Build.0 = Release|Any CPU
		{7100D9FA-5741-4FED-A7E9-0614A9F0B5A8}.Release|x86.ActiveCfg = Release|Any CPU
		{7100D9FA-5741-4FED-A7E9-0614A9F0B5A8}.Release|x86.Build.0 = Release|Any CPU
		{D50BE6FF-407F-43B5-9D35-5FDA0DF80B2A}.Debug|Any CPU.ActiveCfg = Debug|x64
		{D50BE6FF-407F-43B5-9D35-5FDA0DF80B2A}.Debug|Any CPU.Build.0 = Debug|x64
		{D50BE6FF-407F-43B5-9D35-5FDA0DF80B2A}.Debug|ARM64.ActiveCfg = Debug|ARM64
		{D50BE6FF-407F-43B5-9D35-5FDA0DF80B2A}.Debug|ARM64.Build.0 = Debug|ARM64
		{D50BE6FF-407F-43B5-9D35-5FDA0DF80B2A}.Debug|x64.ActiveCfg = Debug|x64
		{D50BE6FF-407F-43B5-9D35-5FDA0DF80B2A}.Debug|x64.Build.0 = Debug|x64
		{D50BE6FF-407F-43B5-9D35-5FDA0DF80B2A}.Debug|x86.ActiveCfg = Debug|x86
		{D50BE6FF-407F-43B5-9D35-5FDA0DF80B2A}.Debug|x86.Build.0 = Debug|x86
		{D50BE6FF-407F-43B5-9D35-5FDA0DF80B2A}.Release|Any CPU.ActiveCfg = Release|x64
		{D50BE6FF-407F-43B5-9D35-5FDA0DF80B2A}.Release|Any CPU.Build.0 = Release|x64
		{D50BE6FF-407F-43B5-9D35-5FDA0DF80B2A}.Release|ARM64.ActiveCfg = Release|ARM64
		{D50BE6FF-407F-43B5-9D35-5FDA0DF80B2A}.Release|ARM64.Build.0 = Release|ARM64
		{D50BE6FF-407F-43B5-9D35-5FDA0DF80B2A}.Release|x64.ActiveCfg = Release|x64
		{D50BE6FF-407F-43B5-9D35-5FDA0DF80B2A}.Release|x64.Build.0 = Release|x64
		{D50BE6FF-407F-43B5-9D35-5FDA0DF80B2A}.Release|x86.ActiveCfg = Release|x86
		{D50BE6FF-407F-43B5-9D35-5FDA0DF80B2A}.Release|x86.Build.0 = Release|x86
	EndGlobalSection
	GlobalSection(SolutionProperties) = preSolution
		HideSolutionNode = FALSE
	EndGlobalSection
	GlobalSection(NestedProjects) = preSolution
		{249BC08D-5364-40CF-983A-8580DDA5B00B} = {01A62C3C-028B-49C9-A1CE-479239B73A5F}
		{D7C427FF-A85A-4965-A595-8B9FB3051CBC} = {01A62C3C-028B-49C9-A1CE-479239B73A5F}
		{4998E285-9BBB-4589-BC2D-56649563C765} = {01A62C3C-028B-49C9-A1CE-479239B73A5F}
		{A6F114EF-E02E-41F6-B8B5-0FADDB0FE98E} = {01A62C3C-028B-49C9-A1CE-479239B73A5F}
		{1E179E43-3B81-47A2-974D-A0DE8733E057} = {63AD12FF-DDA9-4D8D-B0DA-2BCF03130783}
		{A5DF5EB2-97FD-4531-8571-935A9D1E3F0D} = {01A62C3C-028B-49C9-A1CE-479239B73A5F}
		{8A721804-5E30-458D-8568-D77C6EC7F9C0} = {63AD12FF-DDA9-4D8D-B0DA-2BCF03130783}
		{235CCE83-2946-4D4B-9985-2B53FCFC1970} = {63AD12FF-DDA9-4D8D-B0DA-2BCF03130783}
		{4A5A6861-46A6-4CBA-82EE-5207D1C2E9D2} = {63AD12FF-DDA9-4D8D-B0DA-2BCF03130783}
		{E23D2D56-4E1E-44A7-94BC-493CE96B2A73} = {63AD12FF-DDA9-4D8D-B0DA-2BCF03130783}
		{900A63BD-B627-4AAA-BB38-74A9315D2DD4} = {63AD12FF-DDA9-4D8D-B0DA-2BCF03130783}
		{63AD12FF-DDA9-4D8D-B0DA-2BCF03130783} = {01A62C3C-028B-49C9-A1CE-479239B73A5F}
	EndGlobalSection
	GlobalSection(ExtensibilityGlobals) = postSolution
		SolutionGuid = {FBF31032-AF1D-489E-ABD4-0A1E6DD4B75A}
	EndGlobalSection
EndGlobal
